
Microsoft Visual Studio Solution File, Format Version 12.00
# Visual Studio Version 17
VisualStudioVersion = 17.3.32825.248
MinimumVisualStudioVersion = 10.0.40219.1
Project("{FAE04EC0-301F-11D3-BF4B-00C04F79EFBC}") = "asciikod", "asciikod.csproj", "{30426EC8-D31D-4C11-810E-7F1AA889D40D}"
EndProject
Global
	GlobalSection(SolutionConfigurationPlatforms) = preSolution
		Debug|Any CPU = Debug|Any CPU
		Release|Any CPU = Release|Any CPU
	EndGlobalSection
	GlobalSection(ProjectConfigurationPlatforms) = postSolution
		{30426EC8-D31D-4C11-810E-7F1AA889D40D}.Debug|Any CPU.ActiveCfg = Debug|Any CPU
		{30426EC8-D31D-4C11-810E-7F1AA889D40D}.Debug|Any CPU.Build.0 = Debug|Any CPU
		{30426EC8-D31D-4C11-810E-7F1AA889D40D}.Release|Any CPU.ActiveCfg = Release|Any CPU
		{30426EC8-D31D-4C11-810E-7F1AA889D40D}.Release|Any CPU.Build.0 = Release|Any CPU
	EndGlobalSection
	GlobalSection(SolutionProperties) = preSolution
		HideSolutionNode = FALSE
	EndGlobalSection
	GlobalSection(ExtensibilityGlobals) = postSolution
		SolutionGuid = {EFADA742-4CC4-4120-9E9B-7B7E422149CB}
	EndGlobalSection
EndGlobal
