
Microsoft Visual Studio Solution File, Format Version 12.00
# Visual Studio Version 17
VisualStudioVersion = 17.3.32825.248
MinimumVisualStudioVersion = 10.0.40219.1
Project("{FAE04EC0-301F-11D3-BF4B-00C04F79EFBC}") = "szetvalogatos.helyben", "szetvalogatos.helyben.csproj", "{A5416A81-B38D-4F0F-AD32-985AC3323691}"
EndProject
Global
	GlobalSection(SolutionConfigurationPlatforms) = preSolution
		Debug|Any CPU = Debug|Any CPU
		Release|Any CPU = Release|Any CPU
	EndGlobalSection
	GlobalSection(ProjectConfigurationPlatforms) = postSolution
		{A5416A81-B38D-4F0F-AD32-985AC3323691}.Debug|Any CPU.ActiveCfg = Debug|Any CPU
		{A5416A81-B38D-4F0F-AD32-985AC3323691}.Debug|Any CPU.Build.0 = Debug|Any CPU
		{A5416A81-B38D-4F0F-AD32-985AC3323691}.Release|Any CPU.ActiveCfg = Release|Any CPU
		{A5416A81-B38D-4F0F-AD32-985AC3323691}.Release|Any CPU.Build.0 = Release|Any CPU
	EndGlobalSection
	GlobalSection(SolutionProperties) = preSolution
		HideSolutionNode = FALSE
	EndGlobalSection
	GlobalSection(ExtensibilityGlobals) = postSolution
		SolutionGuid = {72561C6A-D589-4B03-B90E-247D50A667D2}
	EndGlobalSection
EndGlobal
