
Microsoft Visual Studio Solution File, Format Version 12.00
# Visual Studio Version 17
VisualStudioVersion = 17.3.32825.248
MinimumVisualStudioVersion = 10.0.40219.1
Project("{FAE04EC0-301F-11D3-BF4B-00C04F79EFBC}") = "vektor1", "vektor1\vektor1.csproj", "{EA2D9F9D-A62E-4C35-8E9C-AD7030BE7784}"
EndProject
Global
	GlobalSection(SolutionConfigurationPlatforms) = preSolution
		Debug|Any CPU = Debug|Any CPU
		Release|Any CPU = Release|Any CPU
	EndGlobalSection
	GlobalSection(ProjectConfigurationPlatforms) = postSolution
		{EA2D9F9D-A62E-4C35-8E9C-AD7030BE7784}.Debug|Any CPU.ActiveCfg = Debug|Any CPU
		{EA2D9F9D-A62E-4C35-8E9C-AD7030BE7784}.Debug|Any CPU.Build.0 = Debug|Any CPU
		{EA2D9F9D-A62E-4C35-8E9C-AD7030BE7784}.Release|Any CPU.ActiveCfg = Release|Any CPU
		{EA2D9F9D-A62E-4C35-8E9C-AD7030BE7784}.Release|Any CPU.Build.0 = Release|Any CPU
	EndGlobalSection
	GlobalSection(SolutionProperties) = preSolution
		HideSolutionNode = FALSE
	EndGlobalSection
	GlobalSection(ExtensibilityGlobals) = postSolution
		SolutionGuid = {384E75B4-2121-42C3-A0D1-5532073F5890}
	EndGlobalSection
EndGlobal
