
Microsoft Visual Studio Solution File, Format Version 12.00
# Visual Studio Version 17
VisualStudioVersion = 17.3.32825.248
MinimumVisualStudioVersion = 10.0.40219.1
Project("{FAE04EC0-301F-11D3-BF4B-00C04F79EFBC}") = "tetelek_feladat", "tetelek_feladat\tetelek_feladat.csproj", "{205423F6-55D8-4C6C-B6CA-0D0D5C5DD5AE}"
EndProject
Global
	GlobalSection(SolutionConfigurationPlatforms) = preSolution
		Debug|Any CPU = Debug|Any CPU
		Release|Any CPU = Release|Any CPU
	EndGlobalSection
	GlobalSection(ProjectConfigurationPlatforms) = postSolution
		{205423F6-55D8-4C6C-B6CA-0D0D5C5DD5AE}.Debug|Any CPU.ActiveCfg = Debug|Any CPU
		{205423F6-55D8-4C6C-B6CA-0D0D5C5DD5AE}.Debug|Any CPU.Build.0 = Debug|Any CPU
		{205423F6-55D8-4C6C-B6CA-0D0D5C5DD5AE}.Release|Any CPU.ActiveCfg = Release|Any CPU
		{205423F6-55D8-4C6C-B6CA-0D0D5C5DD5AE}.Release|Any CPU.Build.0 = Release|Any CPU
	EndGlobalSection
	GlobalSection(SolutionProperties) = preSolution
		HideSolutionNode = FALSE
	EndGlobalSection
	GlobalSection(ExtensibilityGlobals) = postSolution
		SolutionGuid = {0798FE1B-61D0-48E1-9E2E-130D2CE5DC33}
	EndGlobalSection
EndGlobal
