
Microsoft Visual Studio Solution File, Format Version 12.00
# Visual Studio Version 17
VisualStudioVersion = 17.3.32825.248
MinimumVisualStudioVersion = 10.0.40219.1
Project("{FAE04EC0-301F-11D3-BF4B-00C04F79EFBC}") = "lista 7", "lista 7.csproj", "{F6750038-86C8-4668-BF28-81F49EEAEDD4}"
EndProject
Global
	GlobalSection(SolutionConfigurationPlatforms) = preSolution
		Debug|Any CPU = Debug|Any CPU
		Release|Any CPU = Release|Any CPU
	EndGlobalSection
	GlobalSection(ProjectConfigurationPlatforms) = postSolution
		{F6750038-86C8-4668-BF28-81F49EEAEDD4}.Debug|Any CPU.ActiveCfg = Debug|Any CPU
		{F6750038-86C8-4668-BF28-81F49EEAEDD4}.Debug|Any CPU.Build.0 = Debug|Any CPU
		{F6750038-86C8-4668-BF28-81F49EEAEDD4}.Release|Any CPU.ActiveCfg = Release|Any CPU
		{F6750038-86C8-4668-BF28-81F49EEAEDD4}.Release|Any CPU.Build.0 = Release|Any CPU
	EndGlobalSection
	GlobalSection(SolutionProperties) = preSolution
		HideSolutionNode = FALSE
	EndGlobalSection
	GlobalSection(ExtensibilityGlobals) = postSolution
		SolutionGuid = {3E125185-C68F-4F54-A6B2-67131FDFEE6A}
	EndGlobalSection
EndGlobal
