
Microsoft Visual Studio Solution File, Format Version 12.00
# Visual Studio Version 17
VisualStudioVersion = 17.3.32825.248
MinimumVisualStudioVersion = 10.0.40219.1
Project("{FAE04EC0-301F-11D3-BF4B-00C04F79EFBC}") = "kivalasztas", "kivalasztas\kivalasztas.csproj", "{91096754-C768-4A3E-9BFE-F1FED26E853B}"
EndProject
Global
	GlobalSection(SolutionConfigurationPlatforms) = preSolution
		Debug|Any CPU = Debug|Any CPU
		Release|Any CPU = Release|Any CPU
	EndGlobalSection
	GlobalSection(ProjectConfigurationPlatforms) = postSolution
		{91096754-C768-4A3E-9BFE-F1FED26E853B}.Debug|Any CPU.ActiveCfg = Debug|Any CPU
		{91096754-C768-4A3E-9BFE-F1FED26E853B}.Debug|Any CPU.Build.0 = Debug|Any CPU
		{91096754-C768-4A3E-9BFE-F1FED26E853B}.Release|Any CPU.ActiveCfg = Release|Any CPU
		{91096754-C768-4A3E-9BFE-F1FED26E853B}.Release|Any CPU.Build.0 = Release|Any CPU
	EndGlobalSection
	GlobalSection(SolutionProperties) = preSolution
		HideSolutionNode = FALSE
	EndGlobalSection
	GlobalSection(ExtensibilityGlobals) = postSolution
		SolutionGuid = {CA8DDFAA-35D7-4EB0-A71A-87B7E94E85B8}
	EndGlobalSection
EndGlobal
