
Microsoft Visual Studio Solution File, Format Version 12.00
# Visual Studio Version 17
VisualStudioVersion = 17.3.32825.248
MinimumVisualStudioVersion = 10.0.40219.1
Project("{FAE04EC0-301F-11D3-BF4B-00C04F79EFBC}") = "streamwriter3", "streamwriter3\streamwriter3.csproj", "{BE10A496-D250-4713-AA18-4D4EAC990953}"
EndProject
Global
	GlobalSection(SolutionConfigurationPlatforms) = preSolution
		Debug|Any CPU = Debug|Any CPU
		Release|Any CPU = Release|Any CPU
	EndGlobalSection
	GlobalSection(ProjectConfigurationPlatforms) = postSolution
		{BE10A496-D250-4713-AA18-4D4EAC990953}.Debug|Any CPU.ActiveCfg = Debug|Any CPU
		{BE10A496-D250-4713-AA18-4D4EAC990953}.Debug|Any CPU.Build.0 = Debug|Any CPU
		{BE10A496-D250-4713-AA18-4D4EAC990953}.Release|Any CPU.ActiveCfg = Release|Any CPU
		{BE10A496-D250-4713-AA18-4D4EAC990953}.Release|Any CPU.Build.0 = Release|Any CPU
	EndGlobalSection
	GlobalSection(SolutionProperties) = preSolution
		HideSolutionNode = FALSE
	EndGlobalSection
	GlobalSection(ExtensibilityGlobals) = postSolution
		SolutionGuid = {BB344B2F-D1F4-4251-B9E5-F24DB4BFCADC}
	EndGlobalSection
EndGlobal
