
Microsoft Visual Studio Solution File, Format Version 12.00
# Visual Studio Version 17
VisualStudioVersion = 17.3.32825.248
MinimumVisualStudioVersion = 10.0.40219.1
Project("{FAE04EC0-301F-11D3-BF4B-00C04F79EFBC}") = "ember", "ember.csproj", "{3B483954-6CC0-4957-A33A-07F64FB5D03A}"
EndProject
Global
	GlobalSection(SolutionConfigurationPlatforms) = preSolution
		Debug|Any CPU = Debug|Any CPU
		Release|Any CPU = Release|Any CPU
	EndGlobalSection
	GlobalSection(ProjectConfigurationPlatforms) = postSolution
		{3B483954-6CC0-4957-A33A-07F64FB5D03A}.Debug|Any CPU.ActiveCfg = Debug|Any CPU
		{3B483954-6CC0-4957-A33A-07F64FB5D03A}.Debug|Any CPU.Build.0 = Debug|Any CPU
		{3B483954-6CC0-4957-A33A-07F64FB5D03A}.Release|Any CPU.ActiveCfg = Release|Any CPU
		{3B483954-6CC0-4957-A33A-07F64FB5D03A}.Release|Any CPU.Build.0 = Release|Any CPU
	EndGlobalSection
	GlobalSection(SolutionProperties) = preSolution
		HideSolutionNode = FALSE
	EndGlobalSection
	GlobalSection(ExtensibilityGlobals) = postSolution
		SolutionGuid = {38DA749B-DCBD-4CA2-A641-2A3FD0C87DC0}
	EndGlobalSection
EndGlobal
