
Microsoft Visual Studio Solution File, Format Version 12.00
# Visual Studio Version 17
VisualStudioVersion = 17.3.32825.248
MinimumVisualStudioVersion = 10.0.40219.1
Project("{FAE04EC0-301F-11D3-BF4B-00C04F79EFBC}") = "streamwriter1", "streamwriter1\streamwriter1.csproj", "{2FE1BD19-E881-4759-A665-6CC22F877EAA}"
EndProject
Global
	GlobalSection(SolutionConfigurationPlatforms) = preSolution
		Debug|Any CPU = Debug|Any CPU
		Release|Any CPU = Release|Any CPU
	EndGlobalSection
	GlobalSection(ProjectConfigurationPlatforms) = postSolution
		{2FE1BD19-E881-4759-A665-6CC22F877EAA}.Debug|Any CPU.ActiveCfg = Debug|Any CPU
		{2FE1BD19-E881-4759-A665-6CC22F877EAA}.Debug|Any CPU.Build.0 = Debug|Any CPU
		{2FE1BD19-E881-4759-A665-6CC22F877EAA}.Release|Any CPU.ActiveCfg = Release|Any CPU
		{2FE1BD19-E881-4759-A665-6CC22F877EAA}.Release|Any CPU.Build.0 = Release|Any CPU
	EndGlobalSection
	GlobalSection(SolutionProperties) = preSolution
		HideSolutionNode = FALSE
	EndGlobalSection
	GlobalSection(ExtensibilityGlobals) = postSolution
		SolutionGuid = {892C9BF2-E14A-41FA-83CA-1489F83AFA68}
	EndGlobalSection
EndGlobal
