
Microsoft Visual Studio Solution File, Format Version 12.00
# Visual Studio Version 17
VisualStudioVersion = 17.3.32825.248
MinimumVisualStudioVersion = 10.0.40219.1
Project("{FAE04EC0-301F-11D3-BF4B-00C04F79EFBC}") = "csere", "csere\csere.csproj", "{93F4FD4A-48AA-443D-B6CB-55E5D6F2C06C}"
EndProject
Global
	GlobalSection(SolutionConfigurationPlatforms) = preSolution
		Debug|Any CPU = Debug|Any CPU
		Release|Any CPU = Release|Any CPU
	EndGlobalSection
	GlobalSection(ProjectConfigurationPlatforms) = postSolution
		{93F4FD4A-48AA-443D-B6CB-55E5D6F2C06C}.Debug|Any CPU.ActiveCfg = Debug|Any CPU
		{93F4FD4A-48AA-443D-B6CB-55E5D6F2C06C}.Debug|Any CPU.Build.0 = Debug|Any CPU
		{93F4FD4A-48AA-443D-B6CB-55E5D6F2C06C}.Release|Any CPU.ActiveCfg = Release|Any CPU
		{93F4FD4A-48AA-443D-B6CB-55E5D6F2C06C}.Release|Any CPU.Build.0 = Release|Any CPU
	EndGlobalSection
	GlobalSection(SolutionProperties) = preSolution
		HideSolutionNode = FALSE
	EndGlobalSection
	GlobalSection(ExtensibilityGlobals) = postSolution
		SolutionGuid = {A0787A76-9633-4E18-83E4-6690661D06C1}
	EndGlobalSection
EndGlobal
