
Microsoft Visual Studio Solution File, Format Version 12.00
# Visual Studio Version 17
VisualStudioVersion = 17.3.32825.248
MinimumVisualStudioVersion = 10.0.40219.1
Project("{FAE04EC0-301F-11D3-BF4B-00C04F79EFBC}") = "iskola", "iskola\iskola.csproj", "{BB463F2B-0499-4D7C-A0B5-D364BB407370}"
EndProject
Global
	GlobalSection(SolutionConfigurationPlatforms) = preSolution
		Debug|Any CPU = Debug|Any CPU
		Release|Any CPU = Release|Any CPU
	EndGlobalSection
	GlobalSection(ProjectConfigurationPlatforms) = postSolution
		{BB463F2B-0499-4D7C-A0B5-D364BB407370}.Debug|Any CPU.ActiveCfg = Debug|Any CPU
		{BB463F2B-0499-4D7C-A0B5-D364BB407370}.Debug|Any CPU.Build.0 = Debug|Any CPU
		{BB463F2B-0499-4D7C-A0B5-D364BB407370}.Release|Any CPU.ActiveCfg = Release|Any CPU
		{BB463F2B-0499-4D7C-A0B5-D364BB407370}.Release|Any CPU.Build.0 = Release|Any CPU
	EndGlobalSection
	GlobalSection(SolutionProperties) = preSolution
		HideSolutionNode = FALSE
	EndGlobalSection
	GlobalSection(ExtensibilityGlobals) = postSolution
		SolutionGuid = {DB69934D-29D7-4C29-824B-ED0A53E90033}
	EndGlobalSection
EndGlobal
