
Microsoft Visual Studio Solution File, Format Version 12.00
# Visual Studio Version 17
VisualStudioVersion = 17.3.32825.248
MinimumVisualStudioVersion = 10.0.40219.1
Project("{FAE04EC0-301F-11D3-BF4B-00C04F79EFBC}") = "proba", "proba\proba.csproj", "{4E072824-949A-4E15-8044-4EBBC867DD51}"
EndProject
Global
	GlobalSection(SolutionConfigurationPlatforms) = preSolution
		Debug|Any CPU = Debug|Any CPU
		Release|Any CPU = Release|Any CPU
	EndGlobalSection
	GlobalSection(ProjectConfigurationPlatforms) = postSolution
		{4E072824-949A-4E15-8044-4EBBC867DD51}.Debug|Any CPU.ActiveCfg = Debug|Any CPU
		{4E072824-949A-4E15-8044-4EBBC867DD51}.Debug|Any CPU.Build.0 = Debug|Any CPU
		{4E072824-949A-4E15-8044-4EBBC867DD51}.Release|Any CPU.ActiveCfg = Release|Any CPU
		{4E072824-949A-4E15-8044-4EBBC867DD51}.Release|Any CPU.Build.0 = Release|Any CPU
	EndGlobalSection
	GlobalSection(SolutionProperties) = preSolution
		HideSolutionNode = FALSE
	EndGlobalSection
	GlobalSection(ExtensibilityGlobals) = postSolution
		SolutionGuid = {27074820-33DC-4CAA-AC48-19108D170AB2}
	EndGlobalSection
EndGlobal
