
Microsoft Visual Studio Solution File, Format Version 12.00
# Visual Studio Version 16
VisualStudioVersion = 16.0.32126.315
MinimumVisualStudioVersion = 10.0.40219.1
Project("{FAE04EC0-301F-11D3-BF4B-00C04F79EFBC}") = "multidimentzios_tomb", "multidimentzios_tomb\multidimentzios_tomb.csproj", "{5ABC9014-834C-45F1-AD3C-3EAF8592068D}"
EndProject
Global
	GlobalSection(SolutionConfigurationPlatforms) = preSolution
		Debug|Any CPU = Debug|Any CPU
		Release|Any CPU = Release|Any CPU
	EndGlobalSection
	GlobalSection(ProjectConfigurationPlatforms) = postSolution
		{5ABC9014-834C-45F1-AD3C-3EAF8592068D}.Debug|Any CPU.ActiveCfg = Debug|Any CPU
		{5ABC9014-834C-45F1-AD3C-3EAF8592068D}.Debug|Any CPU.Build.0 = Debug|Any CPU
		{5ABC9014-834C-45F1-AD3C-3EAF8592068D}.Release|Any CPU.ActiveCfg = Release|Any CPU
		{5ABC9014-834C-45F1-AD3C-3EAF8592068D}.Release|Any CPU.Build.0 = Release|Any CPU
	EndGlobalSection
	GlobalSection(SolutionProperties) = preSolution
		HideSolutionNode = FALSE
	EndGlobalSection
	GlobalSection(ExtensibilityGlobals) = postSolution
		SolutionGuid = {668A4B7C-A4D7-41E6-AFD5-3323195463A8}
	EndGlobalSection
EndGlobal
