
Microsoft Visual Studio Solution File, Format Version 12.00
# Visual Studio Version 17
VisualStudioVersion = 17.3.32825.248
MinimumVisualStudioVersion = 10.0.40219.1
Project("{FAE04EC0-301F-11D3-BF4B-00C04F79EFBC}") = "iskola", "iskola\iskola.csproj", "{09325B27-B8B5-4671-BF66-382F77CF2A30}"
EndProject
Global
	GlobalSection(SolutionConfigurationPlatforms) = preSolution
		Debug|Any CPU = Debug|Any CPU
		Release|Any CPU = Release|Any CPU
	EndGlobalSection
	GlobalSection(ProjectConfigurationPlatforms) = postSolution
		{09325B27-B8B5-4671-BF66-382F77CF2A30}.Debug|Any CPU.ActiveCfg = Debug|Any CPU
		{09325B27-B8B5-4671-BF66-382F77CF2A30}.Debug|Any CPU.Build.0 = Debug|Any CPU
		{09325B27-B8B5-4671-BF66-382F77CF2A30}.Release|Any CPU.ActiveCfg = Release|Any CPU
		{09325B27-B8B5-4671-BF66-382F77CF2A30}.Release|Any CPU.Build.0 = Release|Any CPU
	EndGlobalSection
	GlobalSection(SolutionProperties) = preSolution
		HideSolutionNode = FALSE
	EndGlobalSection
	GlobalSection(ExtensibilityGlobals) = postSolution
		SolutionGuid = {442A322F-43D4-4619-BF3A-89B3B4418E7B}
	EndGlobalSection
EndGlobal
