
Microsoft Visual Studio Solution File, Format Version 12.00
# Visual Studio Version 17
VisualStudioVersion = 17.3.32825.248
MinimumVisualStudioVersion = 10.0.40219.1
Project("{FAE04EC0-301F-11D3-BF4B-00C04F79EFBC}") = "intersectwith", "intersectwith\intersectwith.csproj", "{714B25E9-B6D0-4B22-9374-05783EE824B3}"
EndProject
Global
	GlobalSection(SolutionConfigurationPlatforms) = preSolution
		Debug|Any CPU = Debug|Any CPU
		Release|Any CPU = Release|Any CPU
	EndGlobalSection
	GlobalSection(ProjectConfigurationPlatforms) = postSolution
		{714B25E9-B6D0-4B22-9374-05783EE824B3}.Debug|Any CPU.ActiveCfg = Debug|Any CPU
		{714B25E9-B6D0-4B22-9374-05783EE824B3}.Debug|Any CPU.Build.0 = Debug|Any CPU
		{714B25E9-B6D0-4B22-9374-05783EE824B3}.Release|Any CPU.ActiveCfg = Release|Any CPU
		{714B25E9-B6D0-4B22-9374-05783EE824B3}.Release|Any CPU.Build.0 = Release|Any CPU
	EndGlobalSection
	GlobalSection(SolutionProperties) = preSolution
		HideSolutionNode = FALSE
	EndGlobalSection
	GlobalSection(ExtensibilityGlobals) = postSolution
		SolutionGuid = {1F4D99FC-7003-4D47-A3D6-C431604C093F}
	EndGlobalSection
EndGlobal
