
Microsoft Visual Studio Solution File, Format Version 12.00
# Visual Studio Version 17
VisualStudioVersion = 17.3.32825.248
MinimumVisualStudioVersion = 10.0.40219.1
Project("{FAE04EC0-301F-11D3-BF4B-00C04F79EFBC}") = "rekurzio_faktoriális", "rekurzio_faktoriális\rekurzio_faktoriális.csproj", "{BCFB9871-9BE7-4473-8151-ACD93BE84524}"
EndProject
Global
	GlobalSection(SolutionConfigurationPlatforms) = preSolution
		Debug|Any CPU = Debug|Any CPU
		Release|Any CPU = Release|Any CPU
	EndGlobalSection
	GlobalSection(ProjectConfigurationPlatforms) = postSolution
		{BCFB9871-9BE7-4473-8151-ACD93BE84524}.Debug|Any CPU.ActiveCfg = Debug|Any CPU
		{BCFB9871-9BE7-4473-8151-ACD93BE84524}.Debug|Any CPU.Build.0 = Debug|Any CPU
		{BCFB9871-9BE7-4473-8151-ACD93BE84524}.Release|Any CPU.ActiveCfg = Release|Any CPU
		{BCFB9871-9BE7-4473-8151-ACD93BE84524}.Release|Any CPU.Build.0 = Release|Any CPU
	EndGlobalSection
	GlobalSection(SolutionProperties) = preSolution
		HideSolutionNode = FALSE
	EndGlobalSection
	GlobalSection(ExtensibilityGlobals) = postSolution
		SolutionGuid = {5383CC15-FA6E-45B3-8D91-177DFE8C54AE}
	EndGlobalSection
EndGlobal
