
Microsoft Visual Studio Solution File, Format Version 12.00
# Visual Studio Version 17
VisualStudioVersion = 17.3.32825.248
MinimumVisualStudioVersion = 10.0.40219.1
Project("{FAE04EC0-301F-11D3-BF4B-00C04F79EFBC}") = "Jwgyrendelés", "Jwgyrendelés\Jwgyrendelés.csproj", "{CFF26508-C9B9-4D68-B61D-62FC1C548C61}"
EndProject
Global
	GlobalSection(SolutionConfigurationPlatforms) = preSolution
		Debug|Any CPU = Debug|Any CPU
		Release|Any CPU = Release|Any CPU
	EndGlobalSection
	GlobalSection(ProjectConfigurationPlatforms) = postSolution
		{CFF26508-C9B9-4D68-B61D-62FC1C548C61}.Debug|Any CPU.ActiveCfg = Debug|Any CPU
		{CFF26508-C9B9-4D68-B61D-62FC1C548C61}.Debug|Any CPU.Build.0 = Debug|Any CPU
		{CFF26508-C9B9-4D68-B61D-62FC1C548C61}.Release|Any CPU.ActiveCfg = Release|Any CPU
		{CFF26508-C9B9-4D68-B61D-62FC1C548C61}.Release|Any CPU.Build.0 = Release|Any CPU
	EndGlobalSection
	GlobalSection(SolutionProperties) = preSolution
		HideSolutionNode = FALSE
	EndGlobalSection
	GlobalSection(ExtensibilityGlobals) = postSolution
		SolutionGuid = {4CA4DE64-2F95-475B-A13B-F8632CD4DCBF}
	EndGlobalSection
EndGlobal
