
Microsoft Visual Studio Solution File, Format Version 12.00
# Visual Studio Version 17
VisualStudioVersion = 17.3.32825.248
MinimumVisualStudioVersion = 10.0.40219.1
Project("{FAE04EC0-301F-11D3-BF4B-00C04F79EFBC}") = "eldontes", "eldontes\eldontes.csproj", "{BAC5DBD2-E523-40B0-B180-29CB4D6888E2}"
EndProject
Global
	GlobalSection(SolutionConfigurationPlatforms) = preSolution
		Debug|Any CPU = Debug|Any CPU
		Release|Any CPU = Release|Any CPU
	EndGlobalSection
	GlobalSection(ProjectConfigurationPlatforms) = postSolution
		{BAC5DBD2-E523-40B0-B180-29CB4D6888E2}.Debug|Any CPU.ActiveCfg = Debug|Any CPU
		{BAC5DBD2-E523-40B0-B180-29CB4D6888E2}.Debug|Any CPU.Build.0 = Debug|Any CPU
		{BAC5DBD2-E523-40B0-B180-29CB4D6888E2}.Release|Any CPU.ActiveCfg = Release|Any CPU
		{BAC5DBD2-E523-40B0-B180-29CB4D6888E2}.Release|Any CPU.Build.0 = Release|Any CPU
	EndGlobalSection
	GlobalSection(SolutionProperties) = preSolution
		HideSolutionNode = FALSE
	EndGlobalSection
	GlobalSection(ExtensibilityGlobals) = postSolution
		SolutionGuid = {DDA99014-BCD3-4D62-809D-9FF3FC0A2FD3}
	EndGlobalSection
EndGlobal
