
Microsoft Visual Studio Solution File, Format Version 12.00
# Visual Studio Version 16
VisualStudioVersion = 16.0.32126.315
MinimumVisualStudioVersion = 10.0.40219.1
Project("{FAE04EC0-301F-11D3-BF4B-00C04F79EFBC}") = "streamreader1", "streamreader1\streamreader1.csproj", "{1740F140-F842-4C58-8DA4-7E4FA4BB645F}"
EndProject
Global
	GlobalSection(SolutionConfigurationPlatforms) = preSolution
		Debug|Any CPU = Debug|Any CPU
		Release|Any CPU = Release|Any CPU
	EndGlobalSection
	GlobalSection(ProjectConfigurationPlatforms) = postSolution
		{1740F140-F842-4C58-8DA4-7E4FA4BB645F}.Debug|Any CPU.ActiveCfg = Debug|Any CPU
		{1740F140-F842-4C58-8DA4-7E4FA4BB645F}.Debug|Any CPU.Build.0 = Debug|Any CPU
		{1740F140-F842-4C58-8DA4-7E4FA4BB645F}.Release|Any CPU.ActiveCfg = Release|Any CPU
		{1740F140-F842-4C58-8DA4-7E4FA4BB645F}.Release|Any CPU.Build.0 = Release|Any CPU
	EndGlobalSection
	GlobalSection(SolutionProperties) = preSolution
		HideSolutionNode = FALSE
	EndGlobalSection
	GlobalSection(ExtensibilityGlobals) = postSolution
		SolutionGuid = {4671AFB8-ADA0-415D-9777-2A32D012DF6B}
	EndGlobalSection
EndGlobal
