
Microsoft Visual Studio Solution File, Format Version 12.00
# Visual Studio Version 17
VisualStudioVersion = 17.3.32825.248
MinimumVisualStudioVersion = 10.0.40219.1
Project("{FAE04EC0-301F-11D3-BF4B-00C04F79EFBC}") = "xml_dokumentalashoz", "xml_dokumentalashoz\xml_dokumentalashoz.csproj", "{09FE5BB4-BC99-4799-967A-FE2750C33176}"
EndProject
Global
	GlobalSection(SolutionConfigurationPlatforms) = preSolution
		Debug|Any CPU = Debug|Any CPU
		Release|Any CPU = Release|Any CPU
	EndGlobalSection
	GlobalSection(ProjectConfigurationPlatforms) = postSolution
		{09FE5BB4-BC99-4799-967A-FE2750C33176}.Debug|Any CPU.ActiveCfg = Debug|Any CPU
		{09FE5BB4-BC99-4799-967A-FE2750C33176}.Debug|Any CPU.Build.0 = Debug|Any CPU
		{09FE5BB4-BC99-4799-967A-FE2750C33176}.Release|Any CPU.ActiveCfg = Release|Any CPU
		{09FE5BB4-BC99-4799-967A-FE2750C33176}.Release|Any CPU.Build.0 = Release|Any CPU
	EndGlobalSection
	GlobalSection(SolutionProperties) = preSolution
		HideSolutionNode = FALSE
	EndGlobalSection
	GlobalSection(ExtensibilityGlobals) = postSolution
		SolutionGuid = {D05F03DE-7C23-41D3-983C-974AEB043243}
	EndGlobalSection
EndGlobal
