
Microsoft Visual Studio Solution File, Format Version 12.00
# Visual Studio Version 17
VisualStudioVersion = 17.3.32825.248
MinimumVisualStudioVersion = 10.0.40219.1
Project("{FAE04EC0-301F-11D3-BF4B-00C04F79EFBC}") = "multidimension", "multidimension\multidimension.csproj", "{81454564-DC18-4A9A-A74C-CA9867E841DB}"
EndProject
Global
	GlobalSection(SolutionConfigurationPlatforms) = preSolution
		Debug|Any CPU = Debug|Any CPU
		Release|Any CPU = Release|Any CPU
	EndGlobalSection
	GlobalSection(ProjectConfigurationPlatforms) = postSolution
		{81454564-DC18-4A9A-A74C-CA9867E841DB}.Debug|Any CPU.ActiveCfg = Debug|Any CPU
		{81454564-DC18-4A9A-A74C-CA9867E841DB}.Debug|Any CPU.Build.0 = Debug|Any CPU
		{81454564-DC18-4A9A-A74C-CA9867E841DB}.Release|Any CPU.ActiveCfg = Release|Any CPU
		{81454564-DC18-4A9A-A74C-CA9867E841DB}.Release|Any CPU.Build.0 = Release|Any CPU
	EndGlobalSection
	GlobalSection(SolutionProperties) = preSolution
		HideSolutionNode = FALSE
	EndGlobalSection
	GlobalSection(ExtensibilityGlobals) = postSolution
		SolutionGuid = {30B994BC-5BA3-4386-954D-1CE705C519C1}
	EndGlobalSection
EndGlobal
