
Microsoft Visual Studio Solution File, Format Version 12.00
# Visual Studio Version 17
VisualStudioVersion = 17.3.32825.248
MinimumVisualStudioVersion = 10.0.40219.1
Project("{FAE04EC0-301F-11D3-BF4B-00C04F79EFBC}") = "ConsoleApp4", "ConsoleApp4\ConsoleApp4.csproj", "{426EF6D3-F9E9-4CBF-A97A-66574CE83C74}"
EndProject
Global
	GlobalSection(SolutionConfigurationPlatforms) = preSolution
		Debug|Any CPU = Debug|Any CPU
		Release|Any CPU = Release|Any CPU
	EndGlobalSection
	GlobalSection(ProjectConfigurationPlatforms) = postSolution
		{426EF6D3-F9E9-4CBF-A97A-66574CE83C74}.Debug|Any CPU.ActiveCfg = Debug|Any CPU
		{426EF6D3-F9E9-4CBF-A97A-66574CE83C74}.Debug|Any CPU.Build.0 = Debug|Any CPU
		{426EF6D3-F9E9-4CBF-A97A-66574CE83C74}.Release|Any CPU.ActiveCfg = Release|Any CPU
		{426EF6D3-F9E9-4CBF-A97A-66574CE83C74}.Release|Any CPU.Build.0 = Release|Any CPU
	EndGlobalSection
	GlobalSection(SolutionProperties) = preSolution
		HideSolutionNode = FALSE
	EndGlobalSection
	GlobalSection(ExtensibilityGlobals) = postSolution
		SolutionGuid = {FEEB13A6-8C33-458E-8227-0C29E4E43A1D}
	EndGlobalSection
EndGlobal
