
Microsoft Visual Studio Solution File, Format Version 12.00
# Visual Studio Version 17
VisualStudioVersion = 17.3.32825.248
MinimumVisualStudioVersion = 10.0.40219.1
Project("{FAE04EC0-301F-11D3-BF4B-00C04F79EFBC}") = "short", "short\short.csproj", "{9DBAAE76-FC17-4987-A872-39FA9B1210E3}"
EndProject
Global
	GlobalSection(SolutionConfigurationPlatforms) = preSolution
		Debug|Any CPU = Debug|Any CPU
		Release|Any CPU = Release|Any CPU
	EndGlobalSection
	GlobalSection(ProjectConfigurationPlatforms) = postSolution
		{9DBAAE76-FC17-4987-A872-39FA9B1210E3}.Debug|Any CPU.ActiveCfg = Debug|Any CPU
		{9DBAAE76-FC17-4987-A872-39FA9B1210E3}.Debug|Any CPU.Build.0 = Debug|Any CPU
		{9DBAAE76-FC17-4987-A872-39FA9B1210E3}.Release|Any CPU.ActiveCfg = Release|Any CPU
		{9DBAAE76-FC17-4987-A872-39FA9B1210E3}.Release|Any CPU.Build.0 = Release|Any CPU
	EndGlobalSection
	GlobalSection(SolutionProperties) = preSolution
		HideSolutionNode = FALSE
	EndGlobalSection
	GlobalSection(ExtensibilityGlobals) = postSolution
		SolutionGuid = {8CDA97A3-226D-46E9-BD26-DDB743E5852B}
	EndGlobalSection
EndGlobal
