
Microsoft Visual Studio Solution File, Format Version 12.00
# Visual Studio Version 17
VisualStudioVersion = 17.3.32825.248
MinimumVisualStudioVersion = 10.0.40219.1
Project("{FAE04EC0-301F-11D3-BF4B-00C04F79EFBC}") = "jelszóansdjklé", "jelszóansdjklé\jelszóansdjklé.csproj", "{60B435D5-1830-4FEB-9E9A-643E0A11AA72}"
EndProject
Global
	GlobalSection(SolutionConfigurationPlatforms) = preSolution
		Debug|Any CPU = Debug|Any CPU
		Release|Any CPU = Release|Any CPU
	EndGlobalSection
	GlobalSection(ProjectConfigurationPlatforms) = postSolution
		{60B435D5-1830-4FEB-9E9A-643E0A11AA72}.Debug|Any CPU.ActiveCfg = Debug|Any CPU
		{60B435D5-1830-4FEB-9E9A-643E0A11AA72}.Debug|Any CPU.Build.0 = Debug|Any CPU
		{60B435D5-1830-4FEB-9E9A-643E0A11AA72}.Release|Any CPU.ActiveCfg = Release|Any CPU
		{60B435D5-1830-4FEB-9E9A-643E0A11AA72}.Release|Any CPU.Build.0 = Release|Any CPU
	EndGlobalSection
	GlobalSection(SolutionProperties) = preSolution
		HideSolutionNode = FALSE
	EndGlobalSection
	GlobalSection(ExtensibilityGlobals) = postSolution
		SolutionGuid = {E4D54A24-D0A4-41A7-A72D-3FB54EB6EEB1}
	EndGlobalSection
EndGlobal
