
Microsoft Visual Studio Solution File, Format Version 12.00
# Visual Studio Version 17
VisualStudioVersion = 17.3.32825.248
MinimumVisualStudioVersion = 10.0.40219.1
Project("{FAE04EC0-301F-11D3-BF4B-00C04F79EFBC}") = "HashSet", "HashSet\HashSet.csproj", "{B40CAD3A-0BC5-4BA0-A485-8064A46BAFAC}"
EndProject
Global
	GlobalSection(SolutionConfigurationPlatforms) = preSolution
		Debug|Any CPU = Debug|Any CPU
		Release|Any CPU = Release|Any CPU
	EndGlobalSection
	GlobalSection(ProjectConfigurationPlatforms) = postSolution
		{B40CAD3A-0BC5-4BA0-A485-8064A46BAFAC}.Debug|Any CPU.ActiveCfg = Debug|Any CPU
		{B40CAD3A-0BC5-4BA0-A485-8064A46BAFAC}.Debug|Any CPU.Build.0 = Debug|Any CPU
		{B40CAD3A-0BC5-4BA0-A485-8064A46BAFAC}.Release|Any CPU.ActiveCfg = Release|Any CPU
		{B40CAD3A-0BC5-4BA0-A485-8064A46BAFAC}.Release|Any CPU.Build.0 = Release|Any CPU
	EndGlobalSection
	GlobalSection(SolutionProperties) = preSolution
		HideSolutionNode = FALSE
	EndGlobalSection
	GlobalSection(ExtensibilityGlobals) = postSolution
		SolutionGuid = {95807CD6-A707-49D5-B0AD-45AC0277615A}
	EndGlobalSection
EndGlobal
