
Microsoft Visual Studio Solution File, Format Version 12.00
# Visual Studio Version 17
VisualStudioVersion = 17.3.32825.248
MinimumVisualStudioVersion = 10.0.40219.1
Project("{FAE04EC0-301F-11D3-BF4B-00C04F79EFBC}") = "iskola", "iskola\iskola.csproj", "{7652BE07-07F9-4D48-AE1F-01E908626429}"
EndProject
Global
	GlobalSection(SolutionConfigurationPlatforms) = preSolution
		Debug|Any CPU = Debug|Any CPU
		Release|Any CPU = Release|Any CPU
	EndGlobalSection
	GlobalSection(ProjectConfigurationPlatforms) = postSolution
		{7652BE07-07F9-4D48-AE1F-01E908626429}.Debug|Any CPU.ActiveCfg = Debug|Any CPU
		{7652BE07-07F9-4D48-AE1F-01E908626429}.Debug|Any CPU.Build.0 = Debug|Any CPU
		{7652BE07-07F9-4D48-AE1F-01E908626429}.Release|Any CPU.ActiveCfg = Release|Any CPU
		{7652BE07-07F9-4D48-AE1F-01E908626429}.Release|Any CPU.Build.0 = Release|Any CPU
	EndGlobalSection
	GlobalSection(SolutionProperties) = preSolution
		HideSolutionNode = FALSE
	EndGlobalSection
	GlobalSection(ExtensibilityGlobals) = postSolution
		SolutionGuid = {82A15C24-1BB6-412E-AF12-AA135AEF00A2}
	EndGlobalSection
EndGlobal
