
Microsoft Visual Studio Solution File, Format Version 12.00
# Visual Studio Version 17
VisualStudioVersion = 17.3.32825.248
MinimumVisualStudioVersion = 10.0.40219.1
Project("{FAE04EC0-301F-11D3-BF4B-00C04F79EFBC}") = "sudokuCLI", "sudokuCLI\sudokuCLI.csproj", "{ABEA1512-BD14-4896-A949-203B67F9BBD4}"
EndProject
Global
	GlobalSection(SolutionConfigurationPlatforms) = preSolution
		Debug|Any CPU = Debug|Any CPU
		Release|Any CPU = Release|Any CPU
	EndGlobalSection
	GlobalSection(ProjectConfigurationPlatforms) = postSolution
		{ABEA1512-BD14-4896-A949-203B67F9BBD4}.Debug|Any CPU.ActiveCfg = Debug|Any CPU
		{ABEA1512-BD14-4896-A949-203B67F9BBD4}.Debug|Any CPU.Build.0 = Debug|Any CPU
		{ABEA1512-BD14-4896-A949-203B67F9BBD4}.Release|Any CPU.ActiveCfg = Release|Any CPU
		{ABEA1512-BD14-4896-A949-203B67F9BBD4}.Release|Any CPU.Build.0 = Release|Any CPU
	EndGlobalSection
	GlobalSection(SolutionProperties) = preSolution
		HideSolutionNode = FALSE
	EndGlobalSection
	GlobalSection(ExtensibilityGlobals) = postSolution
		SolutionGuid = {B494D0EF-A1C4-4B6F-8675-C9A9CC50140B}
	EndGlobalSection
EndGlobal
