
Microsoft Visual Studio Solution File, Format Version 12.00
# Visual Studio Version 17
VisualStudioVersion = 17.3.32825.248
MinimumVisualStudioVersion = 10.0.40219.1
Project("{FAE04EC0-301F-11D3-BF4B-00C04F79EFBC}") = "referencia_masolas", "referencia_masolas\referencia_masolas.csproj", "{941C9EFD-FAD3-454D-A520-6A1BAC24B1EB}"
EndProject
Global
	GlobalSection(SolutionConfigurationPlatforms) = preSolution
		Debug|Any CPU = Debug|Any CPU
		Release|Any CPU = Release|Any CPU
	EndGlobalSection
	GlobalSection(ProjectConfigurationPlatforms) = postSolution
		{941C9EFD-FAD3-454D-A520-6A1BAC24B1EB}.Debug|Any CPU.ActiveCfg = Debug|Any CPU
		{941C9EFD-FAD3-454D-A520-6A1BAC24B1EB}.Debug|Any CPU.Build.0 = Debug|Any CPU
		{941C9EFD-FAD3-454D-A520-6A1BAC24B1EB}.Release|Any CPU.ActiveCfg = Release|Any CPU
		{941C9EFD-FAD3-454D-A520-6A1BAC24B1EB}.Release|Any CPU.Build.0 = Release|Any CPU
	EndGlobalSection
	GlobalSection(SolutionProperties) = preSolution
		HideSolutionNode = FALSE
	EndGlobalSection
	GlobalSection(ExtensibilityGlobals) = postSolution
		SolutionGuid = {F4664F14-AC49-4862-A15A-2FC180F622FD}
	EndGlobalSection
EndGlobal
