
Microsoft Visual Studio Solution File, Format Version 12.00
# Visual Studio Version 17
VisualStudioVersion = 17.3.32825.248
MinimumVisualStudioVersion = 10.0.40219.1
Project("{FAE04EC0-301F-11D3-BF4B-00C04F79EFBC}") = "Rendezes_max_kival__2022.XII.08", "Rendezes_max_kival__2022.XII.08.\Rendezes_max_kival__2022.XII.08.csproj", "{C480FF69-8438-4BB9-889E-216604B3649A}"
EndProject
Global
	GlobalSection(SolutionConfigurationPlatforms) = preSolution
		Debug|Any CPU = Debug|Any CPU
		Release|Any CPU = Release|Any CPU
	EndGlobalSection
	GlobalSection(ProjectConfigurationPlatforms) = postSolution
		{C480FF69-8438-4BB9-889E-216604B3649A}.Debug|Any CPU.ActiveCfg = Debug|Any CPU
		{C480FF69-8438-4BB9-889E-216604B3649A}.Debug|Any CPU.Build.0 = Debug|Any CPU
		{C480FF69-8438-4BB9-889E-216604B3649A}.Release|Any CPU.ActiveCfg = Release|Any CPU
		{C480FF69-8438-4BB9-889E-216604B3649A}.Release|Any CPU.Build.0 = Release|Any CPU
	EndGlobalSection
	GlobalSection(SolutionProperties) = preSolution
		HideSolutionNode = FALSE
	EndGlobalSection
	GlobalSection(ExtensibilityGlobals) = postSolution
		SolutionGuid = {A505190C-FBF7-4276-822B-339497953283}
	EndGlobalSection
EndGlobal
