
Microsoft Visual Studio Solution File, Format Version 12.00
# Visual Studio Version 17
VisualStudioVersion = 17.3.32825.248
MinimumVisualStudioVersion = 10.0.40219.1
Project("{FAE04EC0-301F-11D3-BF4B-00C04F79EFBC}") = "lista3", "lista3\lista3.csproj", "{002DFF7E-57B3-45CD-8D9F-836BC88BED8E}"
EndProject
Global
	GlobalSection(SolutionConfigurationPlatforms) = preSolution
		Debug|Any CPU = Debug|Any CPU
		Release|Any CPU = Release|Any CPU
	EndGlobalSection
	GlobalSection(ProjectConfigurationPlatforms) = postSolution
		{002DFF7E-57B3-45CD-8D9F-836BC88BED8E}.Debug|Any CPU.ActiveCfg = Debug|Any CPU
		{002DFF7E-57B3-45CD-8D9F-836BC88BED8E}.Debug|Any CPU.Build.0 = Debug|Any CPU
		{002DFF7E-57B3-45CD-8D9F-836BC88BED8E}.Release|Any CPU.ActiveCfg = Release|Any CPU
		{002DFF7E-57B3-45CD-8D9F-836BC88BED8E}.Release|Any CPU.Build.0 = Release|Any CPU
	EndGlobalSection
	GlobalSection(SolutionProperties) = preSolution
		HideSolutionNode = FALSE
	EndGlobalSection
	GlobalSection(ExtensibilityGlobals) = postSolution
		SolutionGuid = {4771777A-1B19-44B5-9BD2-CE0D35D94617}
	EndGlobalSection
EndGlobal
