
Microsoft Visual Studio Solution File, Format Version 12.00
# Visual Studio Version 16
VisualStudioVersion = 16.0.32126.315
MinimumVisualStudioVersion = 10.0.40219.1
Project("{FAE04EC0-301F-11D3-BF4B-00C04F79EFBC}") = "szetvalogatas_pelda", "szetvalogatas_pelda\szetvalogatas_pelda.csproj", "{22B0550E-9BE2-4C1B-ABE5-6FC2F1D5B344}"
EndProject
Global
	GlobalSection(SolutionConfigurationPlatforms) = preSolution
		Debug|Any CPU = Debug|Any CPU
		Release|Any CPU = Release|Any CPU
	EndGlobalSection
	GlobalSection(ProjectConfigurationPlatforms) = postSolution
		{22B0550E-9BE2-4C1B-ABE5-6FC2F1D5B344}.Debug|Any CPU.ActiveCfg = Debug|Any CPU
		{22B0550E-9BE2-4C1B-ABE5-6FC2F1D5B344}.Debug|Any CPU.Build.0 = Debug|Any CPU
		{22B0550E-9BE2-4C1B-ABE5-6FC2F1D5B344}.Release|Any CPU.ActiveCfg = Release|Any CPU
		{22B0550E-9BE2-4C1B-ABE5-6FC2F1D5B344}.Release|Any CPU.Build.0 = Release|Any CPU
	EndGlobalSection
	GlobalSection(SolutionProperties) = preSolution
		HideSolutionNode = FALSE
	EndGlobalSection
	GlobalSection(ExtensibilityGlobals) = postSolution
		SolutionGuid = {61000E28-E912-4713-B995-31A942A35D9A}
	EndGlobalSection
EndGlobal
