
Microsoft Visual Studio Solution File, Format Version 12.00
# Visual Studio Version 17
VisualStudioVersion = 17.3.32825.248
MinimumVisualStudioVersion = 10.0.40219.1
Project("{FAE04EC0-301F-11D3-BF4B-00C04F79EFBC}") = "eldontes_pelda", "eldontes_pelda\eldontes_pelda.csproj", "{C448CB65-2403-48D3-ACFC-35BBC0080619}"
EndProject
Global
	GlobalSection(SolutionConfigurationPlatforms) = preSolution
		Debug|Any CPU = Debug|Any CPU
		Release|Any CPU = Release|Any CPU
	EndGlobalSection
	GlobalSection(ProjectConfigurationPlatforms) = postSolution
		{C448CB65-2403-48D3-ACFC-35BBC0080619}.Debug|Any CPU.ActiveCfg = Debug|Any CPU
		{C448CB65-2403-48D3-ACFC-35BBC0080619}.Debug|Any CPU.Build.0 = Debug|Any CPU
		{C448CB65-2403-48D3-ACFC-35BBC0080619}.Release|Any CPU.ActiveCfg = Release|Any CPU
		{C448CB65-2403-48D3-ACFC-35BBC0080619}.Release|Any CPU.Build.0 = Release|Any CPU
	EndGlobalSection
	GlobalSection(SolutionProperties) = preSolution
		HideSolutionNode = FALSE
	EndGlobalSection
	GlobalSection(ExtensibilityGlobals) = postSolution
		SolutionGuid = {D45C0527-DA0E-4AE7-8B69-F67C25BEA3E8}
	EndGlobalSection
EndGlobal
