
Microsoft Visual Studio Solution File, Format Version 12.00
# Visual Studio Version 17
VisualStudioVersion = 17.3.32825.248
MinimumVisualStudioVersion = 10.0.40219.1
Project("{FAE04EC0-301F-11D3-BF4B-00C04F79EFBC}") = "lista_remove", "lista_remove\lista_remove.csproj", "{855B46AA-317B-489C-81B9-2EB793A392A0}"
EndProject
Global
	GlobalSection(SolutionConfigurationPlatforms) = preSolution
		Debug|Any CPU = Debug|Any CPU
		Release|Any CPU = Release|Any CPU
	EndGlobalSection
	GlobalSection(ProjectConfigurationPlatforms) = postSolution
		{855B46AA-317B-489C-81B9-2EB793A392A0}.Debug|Any CPU.ActiveCfg = Debug|Any CPU
		{855B46AA-317B-489C-81B9-2EB793A392A0}.Debug|Any CPU.Build.0 = Debug|Any CPU
		{855B46AA-317B-489C-81B9-2EB793A392A0}.Release|Any CPU.ActiveCfg = Release|Any CPU
		{855B46AA-317B-489C-81B9-2EB793A392A0}.Release|Any CPU.Build.0 = Release|Any CPU
	EndGlobalSection
	GlobalSection(SolutionProperties) = preSolution
		HideSolutionNode = FALSE
	EndGlobalSection
	GlobalSection(ExtensibilityGlobals) = postSolution
		SolutionGuid = {74E27C41-7434-4406-9640-BA96CD64A44F}
	EndGlobalSection
EndGlobal
