
Microsoft Visual Studio Solution File, Format Version 12.00
# Visual Studio Version 17
VisualStudioVersion = 17.3.32825.248
MinimumVisualStudioVersion = 10.0.40219.1
Project("{FAE04EC0-301F-11D3-BF4B-00C04F79EFBC}") = "StreamWriterr4", "StreamWriterr4.csproj", "{302AC044-1184-44E0-84B6-48B9405FA068}"
EndProject
Global
	GlobalSection(SolutionConfigurationPlatforms) = preSolution
		Debug|Any CPU = Debug|Any CPU
		Release|Any CPU = Release|Any CPU
	EndGlobalSection
	GlobalSection(ProjectConfigurationPlatforms) = postSolution
		{302AC044-1184-44E0-84B6-48B9405FA068}.Debug|Any CPU.ActiveCfg = Debug|Any CPU
		{302AC044-1184-44E0-84B6-48B9405FA068}.Debug|Any CPU.Build.0 = Debug|Any CPU
		{302AC044-1184-44E0-84B6-48B9405FA068}.Release|Any CPU.ActiveCfg = Release|Any CPU
		{302AC044-1184-44E0-84B6-48B9405FA068}.Release|Any CPU.Build.0 = Release|Any CPU
	EndGlobalSection
	GlobalSection(SolutionProperties) = preSolution
		HideSolutionNode = FALSE
	EndGlobalSection
	GlobalSection(ExtensibilityGlobals) = postSolution
		SolutionGuid = {AD8B471C-6D2B-44FA-8081-77D3D671132F}
	EndGlobalSection
EndGlobal
