
Microsoft Visual Studio Solution File, Format Version 12.00
# Visual Studio Version 17
VisualStudioVersion = 17.3.32825.248
MinimumVisualStudioVersion = 10.0.40219.1
Project("{FAE04EC0-301F-11D3-BF4B-00C04F79EFBC}") = "eldontes", "eldontes\eldontes.csproj", "{4D99AEF0-4F8E-414A-9607-CBB98E3BDC38}"
EndProject
Global
	GlobalSection(SolutionConfigurationPlatforms) = preSolution
		Debug|Any CPU = Debug|Any CPU
		Release|Any CPU = Release|Any CPU
	EndGlobalSection
	GlobalSection(ProjectConfigurationPlatforms) = postSolution
		{4D99AEF0-4F8E-414A-9607-CBB98E3BDC38}.Debug|Any CPU.ActiveCfg = Debug|Any CPU
		{4D99AEF0-4F8E-414A-9607-CBB98E3BDC38}.Debug|Any CPU.Build.0 = Debug|Any CPU
		{4D99AEF0-4F8E-414A-9607-CBB98E3BDC38}.Release|Any CPU.ActiveCfg = Release|Any CPU
		{4D99AEF0-4F8E-414A-9607-CBB98E3BDC38}.Release|Any CPU.Build.0 = Release|Any CPU
	EndGlobalSection
	GlobalSection(SolutionProperties) = preSolution
		HideSolutionNode = FALSE
	EndGlobalSection
	GlobalSection(ExtensibilityGlobals) = postSolution
		SolutionGuid = {8BE506E0-8CF0-4309-93B9-BD15C4638B6B}
	EndGlobalSection
EndGlobal
