
Microsoft Visual Studio Solution File, Format Version 12.00
# Visual Studio Version 17
VisualStudioVersion = 17.3.32825.248
MinimumVisualStudioVersion = 10.0.40219.1
Project("{FAE04EC0-301F-11D3-BF4B-00C04F79EFBC}") = "jegyrendelés", "jegyrendelés\jegyrendelés.csproj", "{7C5C469F-3DB9-4DBB-9C2E-1A59DC4B9D34}"
EndProject
Global
	GlobalSection(SolutionConfigurationPlatforms) = preSolution
		Debug|Any CPU = Debug|Any CPU
		Release|Any CPU = Release|Any CPU
	EndGlobalSection
	GlobalSection(ProjectConfigurationPlatforms) = postSolution
		{7C5C469F-3DB9-4DBB-9C2E-1A59DC4B9D34}.Debug|Any CPU.ActiveCfg = Debug|Any CPU
		{7C5C469F-3DB9-4DBB-9C2E-1A59DC4B9D34}.Debug|Any CPU.Build.0 = Debug|Any CPU
		{7C5C469F-3DB9-4DBB-9C2E-1A59DC4B9D34}.Release|Any CPU.ActiveCfg = Release|Any CPU
		{7C5C469F-3DB9-4DBB-9C2E-1A59DC4B9D34}.Release|Any CPU.Build.0 = Release|Any CPU
	EndGlobalSection
	GlobalSection(SolutionProperties) = preSolution
		HideSolutionNode = FALSE
	EndGlobalSection
	GlobalSection(ExtensibilityGlobals) = postSolution
		SolutionGuid = {EFB03E3C-05B3-4872-9D0D-07D8336B8A53}
	EndGlobalSection
EndGlobal
