
Microsoft Visual Studio Solution File, Format Version 12.00
# Visual Studio Version 17
VisualStudioVersion = 17.3.32825.248
MinimumVisualStudioVersion = 10.0.40219.1
Project("{FAE04EC0-301F-11D3-BF4B-00C04F79EFBC}") = "karacsonyGUI", "karacsonyGUI\karacsonyGUI.csproj", "{0D524CD6-ACDD-4DB1-9727-C7FE33CEFA1B}"
EndProject
Global
	GlobalSection(SolutionConfigurationPlatforms) = preSolution
		Debug|Any CPU = Debug|Any CPU
		Release|Any CPU = Release|Any CPU
	EndGlobalSection
	GlobalSection(ProjectConfigurationPlatforms) = postSolution
		{0D524CD6-ACDD-4DB1-9727-C7FE33CEFA1B}.Debug|Any CPU.ActiveCfg = Debug|Any CPU
		{0D524CD6-ACDD-4DB1-9727-C7FE33CEFA1B}.Debug|Any CPU.Build.0 = Debug|Any CPU
		{0D524CD6-ACDD-4DB1-9727-C7FE33CEFA1B}.Release|Any CPU.ActiveCfg = Release|Any CPU
		{0D524CD6-ACDD-4DB1-9727-C7FE33CEFA1B}.Release|Any CPU.Build.0 = Release|Any CPU
	EndGlobalSection
	GlobalSection(SolutionProperties) = preSolution
		HideSolutionNode = FALSE
	EndGlobalSection
	GlobalSection(ExtensibilityGlobals) = postSolution
		SolutionGuid = {5D5BC6AA-D6C3-4FBA-BD4E-26B89EAB399C}
	EndGlobalSection
EndGlobal
