
Microsoft Visual Studio Solution File, Format Version 12.00
# Visual Studio Version 17
VisualStudioVersion = 17.3.32825.248
MinimumVisualStudioVersion = 10.0.40219.1
Project("{FAE04EC0-301F-11D3-BF4B-00C04F79EFBC}") = "szetvalogatas_helyben", "szetvalogatas_helyben\szetvalogatas_helyben.csproj", "{F8949A79-3084-45A4-A4DF-6D67887AD5C9}"
EndProject
Global
	GlobalSection(SolutionConfigurationPlatforms) = preSolution
		Debug|Any CPU = Debug|Any CPU
		Release|Any CPU = Release|Any CPU
	EndGlobalSection
	GlobalSection(ProjectConfigurationPlatforms) = postSolution
		{F8949A79-3084-45A4-A4DF-6D67887AD5C9}.Debug|Any CPU.ActiveCfg = Debug|Any CPU
		{F8949A79-3084-45A4-A4DF-6D67887AD5C9}.Debug|Any CPU.Build.0 = Debug|Any CPU
		{F8949A79-3084-45A4-A4DF-6D67887AD5C9}.Release|Any CPU.ActiveCfg = Release|Any CPU
		{F8949A79-3084-45A4-A4DF-6D67887AD5C9}.Release|Any CPU.Build.0 = Release|Any CPU
	EndGlobalSection
	GlobalSection(SolutionProperties) = preSolution
		HideSolutionNode = FALSE
	EndGlobalSection
	GlobalSection(ExtensibilityGlobals) = postSolution
		SolutionGuid = {195F9F58-B284-43EB-9E3D-70177DFB8FD3}
	EndGlobalSection
EndGlobal
