
Microsoft Visual Studio Solution File, Format Version 12.00
# Visual Studio Version 17
VisualStudioVersion = 17.3.32825.248
MinimumVisualStudioVersion = 10.0.40219.1
Project("{FAE04EC0-301F-11D3-BF4B-00C04F79EFBC}") = "billentyuzet_kezeles", "billentyuzet_kezeles\billentyuzet_kezeles.csproj", "{9AAF0839-FC9F-4558-BF14-D81E6834EAF7}"
EndProject
Global
	GlobalSection(SolutionConfigurationPlatforms) = preSolution
		Debug|Any CPU = Debug|Any CPU
		Release|Any CPU = Release|Any CPU
	EndGlobalSection
	GlobalSection(ProjectConfigurationPlatforms) = postSolution
		{9AAF0839-FC9F-4558-BF14-D81E6834EAF7}.Debug|Any CPU.ActiveCfg = Debug|Any CPU
		{9AAF0839-FC9F-4558-BF14-D81E6834EAF7}.Debug|Any CPU.Build.0 = Debug|Any CPU
		{9AAF0839-FC9F-4558-BF14-D81E6834EAF7}.Release|Any CPU.ActiveCfg = Release|Any CPU
		{9AAF0839-FC9F-4558-BF14-D81E6834EAF7}.Release|Any CPU.Build.0 = Release|Any CPU
	EndGlobalSection
	GlobalSection(SolutionProperties) = preSolution
		HideSolutionNode = FALSE
	EndGlobalSection
	GlobalSection(ExtensibilityGlobals) = postSolution
		SolutionGuid = {F3F823A1-6BED-4213-96F0-668F48645578}
	EndGlobalSection
EndGlobal
