
Microsoft Visual Studio Solution File, Format Version 12.00
# Visual Studio Version 17
VisualStudioVersion = 17.3.32825.248
MinimumVisualStudioVersion = 10.0.40219.1
Project("{FAE04EC0-301F-11D3-BF4B-00C04F79EFBC}") = "list_indexof", "list_indexof\list_indexof.csproj", "{58CAEB8E-D833-4E07-B7F6-BDB5A6F27ABF}"
EndProject
Global
	GlobalSection(SolutionConfigurationPlatforms) = preSolution
		Debug|Any CPU = Debug|Any CPU
		Release|Any CPU = Release|Any CPU
	EndGlobalSection
	GlobalSection(ProjectConfigurationPlatforms) = postSolution
		{58CAEB8E-D833-4E07-B7F6-BDB5A6F27ABF}.Debug|Any CPU.ActiveCfg = Debug|Any CPU
		{58CAEB8E-D833-4E07-B7F6-BDB5A6F27ABF}.Debug|Any CPU.Build.0 = Debug|Any CPU
		{58CAEB8E-D833-4E07-B7F6-BDB5A6F27ABF}.Release|Any CPU.ActiveCfg = Release|Any CPU
		{58CAEB8E-D833-4E07-B7F6-BDB5A6F27ABF}.Release|Any CPU.Build.0 = Release|Any CPU
	EndGlobalSection
	GlobalSection(SolutionProperties) = preSolution
		HideSolutionNode = FALSE
	EndGlobalSection
	GlobalSection(ExtensibilityGlobals) = postSolution
		SolutionGuid = {14BF6EEF-12E7-4D2A-A7EB-C848107DE07C}
	EndGlobalSection
EndGlobal
