
Microsoft Visual Studio Solution File, Format Version 12.00
# Visual Studio Version 17
VisualStudioVersion = 17.3.32825.248
MinimumVisualStudioVersion = 10.0.40219.1
Project("{FAE04EC0-301F-11D3-BF4B-00C04F79EFBC}") = "sudokiCLI", "sudokiCLI\sudokiCLI.csproj", "{12D8AC54-A577-4796-A899-F652AF4DD16B}"
EndProject
Global
	GlobalSection(SolutionConfigurationPlatforms) = preSolution
		Debug|Any CPU = Debug|Any CPU
		Release|Any CPU = Release|Any CPU
	EndGlobalSection
	GlobalSection(ProjectConfigurationPlatforms) = postSolution
		{12D8AC54-A577-4796-A899-F652AF4DD16B}.Debug|Any CPU.ActiveCfg = Debug|Any CPU
		{12D8AC54-A577-4796-A899-F652AF4DD16B}.Debug|Any CPU.Build.0 = Debug|Any CPU
		{12D8AC54-A577-4796-A899-F652AF4DD16B}.Release|Any CPU.ActiveCfg = Release|Any CPU
		{12D8AC54-A577-4796-A899-F652AF4DD16B}.Release|Any CPU.Build.0 = Release|Any CPU
	EndGlobalSection
	GlobalSection(SolutionProperties) = preSolution
		HideSolutionNode = FALSE
	EndGlobalSection
	GlobalSection(ExtensibilityGlobals) = postSolution
		SolutionGuid = {EF0BAAE5-1BA1-4E52-873C-796F0A5F7D04}
	EndGlobalSection
EndGlobal
