
Microsoft Visual Studio Solution File, Format Version 12.00
# Visual Studio Version 17
VisualStudioVersion = 17.3.32825.248
MinimumVisualStudioVersion = 10.0.40219.1
Project("{FAE04EC0-301F-11D3-BF4B-00C04F79EFBC}") = "megszamlalas_pelda", "megszamlalas_pelda\megszamlalas_pelda.csproj", "{5F78F1E0-3B40-467D-A49C-1D94C81ACB14}"
EndProject
Global
	GlobalSection(SolutionConfigurationPlatforms) = preSolution
		Debug|Any CPU = Debug|Any CPU
		Release|Any CPU = Release|Any CPU
	EndGlobalSection
	GlobalSection(ProjectConfigurationPlatforms) = postSolution
		{5F78F1E0-3B40-467D-A49C-1D94C81ACB14}.Debug|Any CPU.ActiveCfg = Debug|Any CPU
		{5F78F1E0-3B40-467D-A49C-1D94C81ACB14}.Debug|Any CPU.Build.0 = Debug|Any CPU
		{5F78F1E0-3B40-467D-A49C-1D94C81ACB14}.Release|Any CPU.ActiveCfg = Release|Any CPU
		{5F78F1E0-3B40-467D-A49C-1D94C81ACB14}.Release|Any CPU.Build.0 = Release|Any CPU
	EndGlobalSection
	GlobalSection(SolutionProperties) = preSolution
		HideSolutionNode = FALSE
	EndGlobalSection
	GlobalSection(ExtensibilityGlobals) = postSolution
		SolutionGuid = {A6BD0147-C346-4D42-B602-6436AAAB6B33}
	EndGlobalSection
EndGlobal
