
Microsoft Visual Studio Solution File, Format Version 12.00
# Visual Studio Version 17
VisualStudioVersion = 17.3.32825.248
MinimumVisualStudioVersion = 10.0.40219.1
Project("{FAE04EC0-301F-11D3-BF4B-00C04F79EFBC}") = "hash 5", "hash 5.csproj", "{72C27D12-7B05-4216-B17A-365EDF4A323A}"
EndProject
Global
	GlobalSection(SolutionConfigurationPlatforms) = preSolution
		Debug|Any CPU = Debug|Any CPU
		Release|Any CPU = Release|Any CPU
	EndGlobalSection
	GlobalSection(ProjectConfigurationPlatforms) = postSolution
		{72C27D12-7B05-4216-B17A-365EDF4A323A}.Debug|Any CPU.ActiveCfg = Debug|Any CPU
		{72C27D12-7B05-4216-B17A-365EDF4A323A}.Debug|Any CPU.Build.0 = Debug|Any CPU
		{72C27D12-7B05-4216-B17A-365EDF4A323A}.Release|Any CPU.ActiveCfg = Release|Any CPU
		{72C27D12-7B05-4216-B17A-365EDF4A323A}.Release|Any CPU.Build.0 = Release|Any CPU
	EndGlobalSection
	GlobalSection(SolutionProperties) = preSolution
		HideSolutionNode = FALSE
	EndGlobalSection
	GlobalSection(ExtensibilityGlobals) = postSolution
		SolutionGuid = {40504D7F-4269-40FE-8682-FDA0B30DC995}
	EndGlobalSection
EndGlobal
