
Microsoft Visual Studio Solution File, Format Version 12.00
# Visual Studio Version 17
VisualStudioVersion = 17.3.32825.248
MinimumVisualStudioVersion = 10.0.40219.1
Project("{FAE04EC0-301F-11D3-BF4B-00C04F79EFBC}") = "lista5", "lista5.csproj", "{A22B22F8-D9E0-480A-9BCB-D5E90B4C5808}"
EndProject
Global
	GlobalSection(SolutionConfigurationPlatforms) = preSolution
		Debug|Any CPU = Debug|Any CPU
		Release|Any CPU = Release|Any CPU
	EndGlobalSection
	GlobalSection(ProjectConfigurationPlatforms) = postSolution
		{A22B22F8-D9E0-480A-9BCB-D5E90B4C5808}.Debug|Any CPU.ActiveCfg = Debug|Any CPU
		{A22B22F8-D9E0-480A-9BCB-D5E90B4C5808}.Debug|Any CPU.Build.0 = Debug|Any CPU
		{A22B22F8-D9E0-480A-9BCB-D5E90B4C5808}.Release|Any CPU.ActiveCfg = Release|Any CPU
		{A22B22F8-D9E0-480A-9BCB-D5E90B4C5808}.Release|Any CPU.Build.0 = Release|Any CPU
	EndGlobalSection
	GlobalSection(SolutionProperties) = preSolution
		HideSolutionNode = FALSE
	EndGlobalSection
	GlobalSection(ExtensibilityGlobals) = postSolution
		SolutionGuid = {DA129CCC-1E10-45F2-BC13-6B701F17E81B}
	EndGlobalSection
EndGlobal
