
Microsoft Visual Studio Solution File, Format Version 12.00
# Visual Studio Version 17
VisualStudioVersion = 17.3.32825.248
MinimumVisualStudioVersion = 10.0.40219.1
Project("{FAE04EC0-301F-11D3-BF4B-00C04F79EFBC}") = "abszolut_ertek", "abszolut_ertek\abszolut_ertek.csproj", "{A6C92346-F336-43FE-847B-9E5A7745D594}"
EndProject
Global
	GlobalSection(SolutionConfigurationPlatforms) = preSolution
		Debug|Any CPU = Debug|Any CPU
		Release|Any CPU = Release|Any CPU
	EndGlobalSection
	GlobalSection(ProjectConfigurationPlatforms) = postSolution
		{A6C92346-F336-43FE-847B-9E5A7745D594}.Debug|Any CPU.ActiveCfg = Debug|Any CPU
		{A6C92346-F336-43FE-847B-9E5A7745D594}.Debug|Any CPU.Build.0 = Debug|Any CPU
		{A6C92346-F336-43FE-847B-9E5A7745D594}.Release|Any CPU.ActiveCfg = Release|Any CPU
		{A6C92346-F336-43FE-847B-9E5A7745D594}.Release|Any CPU.Build.0 = Release|Any CPU
	EndGlobalSection
	GlobalSection(SolutionProperties) = preSolution
		HideSolutionNode = FALSE
	EndGlobalSection
	GlobalSection(ExtensibilityGlobals) = postSolution
		SolutionGuid = {90BCBCDF-C9BE-444F-A121-C7732C203762}
	EndGlobalSection
EndGlobal
