
Microsoft Visual Studio Solution File, Format Version 12.00
# Visual Studio Version 17
VisualStudioVersion = 17.3.32825.248
MinimumVisualStudioVersion = 10.0.40219.1
Project("{FAE04EC0-301F-11D3-BF4B-00C04F79EFBC}") = "halmazok_lottozo", "halmazok_lottozo\halmazok_lottozo.csproj", "{807E0900-8448-4A25-B26D-478F4F795DAD}"
EndProject
Global
	GlobalSection(SolutionConfigurationPlatforms) = preSolution
		Debug|Any CPU = Debug|Any CPU
		Release|Any CPU = Release|Any CPU
	EndGlobalSection
	GlobalSection(ProjectConfigurationPlatforms) = postSolution
		{807E0900-8448-4A25-B26D-478F4F795DAD}.Debug|Any CPU.ActiveCfg = Debug|Any CPU
		{807E0900-8448-4A25-B26D-478F4F795DAD}.Debug|Any CPU.Build.0 = Debug|Any CPU
		{807E0900-8448-4A25-B26D-478F4F795DAD}.Release|Any CPU.ActiveCfg = Release|Any CPU
		{807E0900-8448-4A25-B26D-478F4F795DAD}.Release|Any CPU.Build.0 = Release|Any CPU
	EndGlobalSection
	GlobalSection(SolutionProperties) = preSolution
		HideSolutionNode = FALSE
	EndGlobalSection
	GlobalSection(ExtensibilityGlobals) = postSolution
		SolutionGuid = {D9F8870D-0B36-4BCB-A888-86C591136AF3}
	EndGlobalSection
EndGlobal
