
Microsoft Visual Studio Solution File, Format Version 12.00
# Visual Studio Version 17
VisualStudioVersion = 17.3.32825.248
MinimumVisualStudioVersion = 10.0.40219.1
Project("{FAE04EC0-301F-11D3-BF4B-00C04F79EFBC}") = "lista_insert", "lista_insert\lista_insert.csproj", "{CA487D23-19D7-4BDF-9DFA-BE641C375183}"
EndProject
Global
	GlobalSection(SolutionConfigurationPlatforms) = preSolution
		Debug|Any CPU = Debug|Any CPU
		Release|Any CPU = Release|Any CPU
	EndGlobalSection
	GlobalSection(ProjectConfigurationPlatforms) = postSolution
		{CA487D23-19D7-4BDF-9DFA-BE641C375183}.Debug|Any CPU.ActiveCfg = Debug|Any CPU
		{CA487D23-19D7-4BDF-9DFA-BE641C375183}.Debug|Any CPU.Build.0 = Debug|Any CPU
		{CA487D23-19D7-4BDF-9DFA-BE641C375183}.Release|Any CPU.ActiveCfg = Release|Any CPU
		{CA487D23-19D7-4BDF-9DFA-BE641C375183}.Release|Any CPU.Build.0 = Release|Any CPU
	EndGlobalSection
	GlobalSection(SolutionProperties) = preSolution
		HideSolutionNode = FALSE
	EndGlobalSection
	GlobalSection(ExtensibilityGlobals) = postSolution
		SolutionGuid = {CC44DC98-8437-4793-AED2-915C63BA082A}
	EndGlobalSection
EndGlobal
