
Microsoft Visual Studio Solution File, Format Version 12.00
# Visual Studio Version 17
VisualStudioVersion = 17.3.32825.248
MinimumVisualStudioVersion = 10.0.40219.1
Project("{FAE04EC0-301F-11D3-BF4B-00C04F79EFBC}") = "susu", "susu\susu.csproj", "{37FA1ADD-5F85-4211-89C1-4517086D86B5}"
EndProject
Global
	GlobalSection(SolutionConfigurationPlatforms) = preSolution
		Debug|Any CPU = Debug|Any CPU
		Release|Any CPU = Release|Any CPU
	EndGlobalSection
	GlobalSection(ProjectConfigurationPlatforms) = postSolution
		{37FA1ADD-5F85-4211-89C1-4517086D86B5}.Debug|Any CPU.ActiveCfg = Debug|Any CPU
		{37FA1ADD-5F85-4211-89C1-4517086D86B5}.Debug|Any CPU.Build.0 = Debug|Any CPU
		{37FA1ADD-5F85-4211-89C1-4517086D86B5}.Release|Any CPU.ActiveCfg = Release|Any CPU
		{37FA1ADD-5F85-4211-89C1-4517086D86B5}.Release|Any CPU.Build.0 = Release|Any CPU
	EndGlobalSection
	GlobalSection(SolutionProperties) = preSolution
		HideSolutionNode = FALSE
	EndGlobalSection
	GlobalSection(ExtensibilityGlobals) = postSolution
		SolutionGuid = {4BE8EC1A-E5EA-4644-BBA9-BE407779FE4D}
	EndGlobalSection
EndGlobal
