
Microsoft Visual Studio Solution File, Format Version 12.00
# Visual Studio Version 17
VisualStudioVersion = 17.3.32825.248
MinimumVisualStudioVersion = 10.0.40219.1
Project("{FAE04EC0-301F-11D3-BF4B-00C04F79EFBC}") = "matrix1", "matrix1\matrix1.csproj", "{3FF15003-D5D9-43F6-B235-E4282B9CD520}"
EndProject
Global
	GlobalSection(SolutionConfigurationPlatforms) = preSolution
		Debug|Any CPU = Debug|Any CPU
		Release|Any CPU = Release|Any CPU
	EndGlobalSection
	GlobalSection(ProjectConfigurationPlatforms) = postSolution
		{3FF15003-D5D9-43F6-B235-E4282B9CD520}.Debug|Any CPU.ActiveCfg = Debug|Any CPU
		{3FF15003-D5D9-43F6-B235-E4282B9CD520}.Debug|Any CPU.Build.0 = Debug|Any CPU
		{3FF15003-D5D9-43F6-B235-E4282B9CD520}.Release|Any CPU.ActiveCfg = Release|Any CPU
		{3FF15003-D5D9-43F6-B235-E4282B9CD520}.Release|Any CPU.Build.0 = Release|Any CPU
	EndGlobalSection
	GlobalSection(SolutionProperties) = preSolution
		HideSolutionNode = FALSE
	EndGlobalSection
	GlobalSection(ExtensibilityGlobals) = postSolution
		SolutionGuid = {C5045CF5-A213-4256-AD54-95F6A6D144B5}
	EndGlobalSection
EndGlobal
