
Microsoft Visual Studio Solution File, Format Version 12.00
# Visual Studio Version 17
VisualStudioVersion = 17.3.32825.248
MinimumVisualStudioVersion = 10.0.40219.1
Project("{FAE04EC0-301F-11D3-BF4B-00C04F79EFBC}") = "100-tol", "100-tol\100-tol.csproj", "{D7164076-BEB1-41DE-A919-3CA21DFF7127}"
EndProject
Global
	GlobalSection(SolutionConfigurationPlatforms) = preSolution
		Debug|Any CPU = Debug|Any CPU
		Release|Any CPU = Release|Any CPU
	EndGlobalSection
	GlobalSection(ProjectConfigurationPlatforms) = postSolution
		{D7164076-BEB1-41DE-A919-3CA21DFF7127}.Debug|Any CPU.ActiveCfg = Debug|Any CPU
		{D7164076-BEB1-41DE-A919-3CA21DFF7127}.Debug|Any CPU.Build.0 = Debug|Any CPU
		{D7164076-BEB1-41DE-A919-3CA21DFF7127}.Release|Any CPU.ActiveCfg = Release|Any CPU
		{D7164076-BEB1-41DE-A919-3CA21DFF7127}.Release|Any CPU.Build.0 = Release|Any CPU
	EndGlobalSection
	GlobalSection(SolutionProperties) = preSolution
		HideSolutionNode = FALSE
	EndGlobalSection
	GlobalSection(ExtensibilityGlobals) = postSolution
		SolutionGuid = {D5E156D8-7771-4DB6-AAD5-DBE57298C423}
	EndGlobalSection
EndGlobal
