
Microsoft Visual Studio Solution File, Format Version 12.00
# Visual Studio Version 17
VisualStudioVersion = 17.3.32825.248
MinimumVisualStudioVersion = 10.0.40219.1
Project("{FAE04EC0-301F-11D3-BF4B-00C04F79EFBC}") = "maximumi kliatsa", "maximumi kliatsa.csproj", "{14056512-BC56-4E82-9BFB-BFBEAA4DABE8}"
EndProject
Global
	GlobalSection(SolutionConfigurationPlatforms) = preSolution
		Debug|Any CPU = Debug|Any CPU
		Release|Any CPU = Release|Any CPU
	EndGlobalSection
	GlobalSection(ProjectConfigurationPlatforms) = postSolution
		{14056512-BC56-4E82-9BFB-BFBEAA4DABE8}.Debug|Any CPU.ActiveCfg = Debug|Any CPU
		{14056512-BC56-4E82-9BFB-BFBEAA4DABE8}.Debug|Any CPU.Build.0 = Debug|Any CPU
		{14056512-BC56-4E82-9BFB-BFBEAA4DABE8}.Release|Any CPU.ActiveCfg = Release|Any CPU
		{14056512-BC56-4E82-9BFB-BFBEAA4DABE8}.Release|Any CPU.Build.0 = Release|Any CPU
	EndGlobalSection
	GlobalSection(SolutionProperties) = preSolution
		HideSolutionNode = FALSE
	EndGlobalSection
	GlobalSection(ExtensibilityGlobals) = postSolution
		SolutionGuid = {5A85D676-10C9-46EF-A8BB-2359467EBE67}
	EndGlobalSection
EndGlobal
