
Microsoft Visual Studio Solution File, Format Version 12.00
# Visual Studio Version 17
VisualStudioVersion = 17.3.32825.248
MinimumVisualStudioVersion = 10.0.40219.1
Project("{FAE04EC0-301F-11D3-BF4B-00C04F79EFBC}") = "sorlista", "sorlista\sorlista.csproj", "{AC017CC0-E891-4CDD-A429-C8704CCF8952}"
EndProject
Global
	GlobalSection(SolutionConfigurationPlatforms) = preSolution
		Debug|Any CPU = Debug|Any CPU
		Release|Any CPU = Release|Any CPU
	EndGlobalSection
	GlobalSection(ProjectConfigurationPlatforms) = postSolution
		{AC017CC0-E891-4CDD-A429-C8704CCF8952}.Debug|Any CPU.ActiveCfg = Debug|Any CPU
		{AC017CC0-E891-4CDD-A429-C8704CCF8952}.Debug|Any CPU.Build.0 = Debug|Any CPU
		{AC017CC0-E891-4CDD-A429-C8704CCF8952}.Release|Any CPU.ActiveCfg = Release|Any CPU
		{AC017CC0-E891-4CDD-A429-C8704CCF8952}.Release|Any CPU.Build.0 = Release|Any CPU
	EndGlobalSection
	GlobalSection(SolutionProperties) = preSolution
		HideSolutionNode = FALSE
	EndGlobalSection
	GlobalSection(ExtensibilityGlobals) = postSolution
		SolutionGuid = {FD6314F7-88B3-4C00-B70F-CD3CE728E080}
	EndGlobalSection
EndGlobal
