
Microsoft Visual Studio Solution File, Format Version 12.00
# Visual Studio Version 17
VisualStudioVersion = 17.3.32825.248
MinimumVisualStudioVersion = 10.0.40219.1
Project("{FAE04EC0-301F-11D3-BF4B-00C04F79EFBC}") = "lista 3", "lista 3\lista 3.csproj", "{81834F29-F98B-4653-8360-EC4488E36830}"
EndProject
Global
	GlobalSection(SolutionConfigurationPlatforms) = preSolution
		Debug|Any CPU = Debug|Any CPU
		Release|Any CPU = Release|Any CPU
	EndGlobalSection
	GlobalSection(ProjectConfigurationPlatforms) = postSolution
		{81834F29-F98B-4653-8360-EC4488E36830}.Debug|Any CPU.ActiveCfg = Debug|Any CPU
		{81834F29-F98B-4653-8360-EC4488E36830}.Debug|Any CPU.Build.0 = Debug|Any CPU
		{81834F29-F98B-4653-8360-EC4488E36830}.Release|Any CPU.ActiveCfg = Release|Any CPU
		{81834F29-F98B-4653-8360-EC4488E36830}.Release|Any CPU.Build.0 = Release|Any CPU
	EndGlobalSection
	GlobalSection(SolutionProperties) = preSolution
		HideSolutionNode = FALSE
	EndGlobalSection
	GlobalSection(ExtensibilityGlobals) = postSolution
		SolutionGuid = {31097EF2-4754-4AC7-89EE-21C23EC5DE92}
	EndGlobalSection
EndGlobal
