
Microsoft Visual Studio Solution File, Format Version 12.00
# Visual Studio Version 17
VisualStudioVersion = 17.3.32825.248
MinimumVisualStudioVersion = 10.0.40219.1
Project("{FAE04EC0-301F-11D3-BF4B-00C04F79EFBC}") = "iskolav4", "iskolav4\iskolav4.csproj", "{5FCA1911-0CB4-410E-891D-E1E5BA1B5DA1}"
EndProject
Global
	GlobalSection(SolutionConfigurationPlatforms) = preSolution
		Debug|Any CPU = Debug|Any CPU
		Release|Any CPU = Release|Any CPU
	EndGlobalSection
	GlobalSection(ProjectConfigurationPlatforms) = postSolution
		{5FCA1911-0CB4-410E-891D-E1E5BA1B5DA1}.Debug|Any CPU.ActiveCfg = Debug|Any CPU
		{5FCA1911-0CB4-410E-891D-E1E5BA1B5DA1}.Debug|Any CPU.Build.0 = Debug|Any CPU
		{5FCA1911-0CB4-410E-891D-E1E5BA1B5DA1}.Release|Any CPU.ActiveCfg = Release|Any CPU
		{5FCA1911-0CB4-410E-891D-E1E5BA1B5DA1}.Release|Any CPU.Build.0 = Release|Any CPU
	EndGlobalSection
	GlobalSection(SolutionProperties) = preSolution
		HideSolutionNode = FALSE
	EndGlobalSection
	GlobalSection(ExtensibilityGlobals) = postSolution
		SolutionGuid = {6A4F9061-D743-413E-A1C6-387BCE0DD33B}
	EndGlobalSection
EndGlobal
