
Microsoft Visual Studio Solution File, Format Version 12.00
# Visual Studio Version 17
VisualStudioVersion = 17.3.32825.248
MinimumVisualStudioVersion = 10.0.40219.1
Project("{FAE04EC0-301F-11D3-BF4B-00C04F79EFBC}") = "biterk", "biterk\biterk.csproj", "{EA33D591-514B-4683-A7C5-E3ADEA6141AD}"
EndProject
Global
	GlobalSection(SolutionConfigurationPlatforms) = preSolution
		Debug|Any CPU = Debug|Any CPU
		Release|Any CPU = Release|Any CPU
	EndGlobalSection
	GlobalSection(ProjectConfigurationPlatforms) = postSolution
		{EA33D591-514B-4683-A7C5-E3ADEA6141AD}.Debug|Any CPU.ActiveCfg = Debug|Any CPU
		{EA33D591-514B-4683-A7C5-E3ADEA6141AD}.Debug|Any CPU.Build.0 = Debug|Any CPU
		{EA33D591-514B-4683-A7C5-E3ADEA6141AD}.Release|Any CPU.ActiveCfg = Release|Any CPU
		{EA33D591-514B-4683-A7C5-E3ADEA6141AD}.Release|Any CPU.Build.0 = Release|Any CPU
	EndGlobalSection
	GlobalSection(SolutionProperties) = preSolution
		HideSolutionNode = FALSE
	EndGlobalSection
	GlobalSection(ExtensibilityGlobals) = postSolution
		SolutionGuid = {51C19A08-1AAB-4D1D-9C22-B49BCD5F06BE}
	EndGlobalSection
EndGlobal
