
Microsoft Visual Studio Solution File, Format Version 12.00
# Visual Studio Version 17
VisualStudioVersion = 17.3.32825.248
MinimumVisualStudioVersion = 10.0.40219.1
Project("{FAE04EC0-301F-11D3-BF4B-00C04F79EFBC}") = "Szótár", "Szótár.csproj", "{7C868ADC-0311-4048-8619-93D0286E3DEB}"
EndProject
Global
	GlobalSection(SolutionConfigurationPlatforms) = preSolution
		Debug|Any CPU = Debug|Any CPU
		Release|Any CPU = Release|Any CPU
	EndGlobalSection
	GlobalSection(ProjectConfigurationPlatforms) = postSolution
		{7C868ADC-0311-4048-8619-93D0286E3DEB}.Debug|Any CPU.ActiveCfg = Debug|Any CPU
		{7C868ADC-0311-4048-8619-93D0286E3DEB}.Debug|Any CPU.Build.0 = Debug|Any CPU
		{7C868ADC-0311-4048-8619-93D0286E3DEB}.Release|Any CPU.ActiveCfg = Release|Any CPU
		{7C868ADC-0311-4048-8619-93D0286E3DEB}.Release|Any CPU.Build.0 = Release|Any CPU
	EndGlobalSection
	GlobalSection(SolutionProperties) = preSolution
		HideSolutionNode = FALSE
	EndGlobalSection
	GlobalSection(ExtensibilityGlobals) = postSolution
		SolutionGuid = {F97DA4C0-1629-488E-AF38-BED343A1D775}
	EndGlobalSection
EndGlobal
