
Microsoft Visual Studio Solution File, Format Version 12.00
# Visual Studio Version 17
VisualStudioVersion = 17.3.32825.248
MinimumVisualStudioVersion = 10.0.40219.1
Project("{FAE04EC0-301F-11D3-BF4B-00C04F79EFBC}") = "osszegzes", "osszegzes.csproj", "{A153DA21-2D9E-4819-A5BA-B9CCECF22C4A}"
EndProject
Global
	GlobalSection(SolutionConfigurationPlatforms) = preSolution
		Debug|Any CPU = Debug|Any CPU
		Release|Any CPU = Release|Any CPU
	EndGlobalSection
	GlobalSection(ProjectConfigurationPlatforms) = postSolution
		{A153DA21-2D9E-4819-A5BA-B9CCECF22C4A}.Debug|Any CPU.ActiveCfg = Debug|Any CPU
		{A153DA21-2D9E-4819-A5BA-B9CCECF22C4A}.Debug|Any CPU.Build.0 = Debug|Any CPU
		{A153DA21-2D9E-4819-A5BA-B9CCECF22C4A}.Release|Any CPU.ActiveCfg = Release|Any CPU
		{A153DA21-2D9E-4819-A5BA-B9CCECF22C4A}.Release|Any CPU.Build.0 = Release|Any CPU
	EndGlobalSection
	GlobalSection(SolutionProperties) = preSolution
		HideSolutionNode = FALSE
	EndGlobalSection
	GlobalSection(ExtensibilityGlobals) = postSolution
		SolutionGuid = {E3343B12-087A-44EB-B0E4-FA01659B778B}
	EndGlobalSection
EndGlobal
