
Microsoft Visual Studio Solution File, Format Version 12.00
# Visual Studio Version 17
VisualStudioVersion = 17.3.32825.248
MinimumVisualStudioVersion = 10.0.40219.1
Project("{FAE04EC0-301F-11D3-BF4B-00C04F79EFBC}") = "streamwriter", "streamwriter\streamwriter.csproj", "{AA811194-6489-4966-A8AC-13D00D23A0CC}"
EndProject
Global
	GlobalSection(SolutionConfigurationPlatforms) = preSolution
		Debug|Any CPU = Debug|Any CPU
		Release|Any CPU = Release|Any CPU
	EndGlobalSection
	GlobalSection(ProjectConfigurationPlatforms) = postSolution
		{AA811194-6489-4966-A8AC-13D00D23A0CC}.Debug|Any CPU.ActiveCfg = Debug|Any CPU
		{AA811194-6489-4966-A8AC-13D00D23A0CC}.Debug|Any CPU.Build.0 = Debug|Any CPU
		{AA811194-6489-4966-A8AC-13D00D23A0CC}.Release|Any CPU.ActiveCfg = Release|Any CPU
		{AA811194-6489-4966-A8AC-13D00D23A0CC}.Release|Any CPU.Build.0 = Release|Any CPU
	EndGlobalSection
	GlobalSection(SolutionProperties) = preSolution
		HideSolutionNode = FALSE
	EndGlobalSection
	GlobalSection(ExtensibilityGlobals) = postSolution
		SolutionGuid = {BE6F1762-0E2A-4EE1-B8FC-A038EA390300}
	EndGlobalSection
EndGlobal
