
Microsoft Visual Studio Solution File, Format Version 12.00
# Visual Studio Version 17
VisualStudioVersion = 17.3.32825.248
MinimumVisualStudioVersion = 10.0.40219.1
Project("{FAE04EC0-301F-11D3-BF4B-00C04F79EFBC}") = "osszegzes_pelda", "osszegzes_pelda\osszegzes_pelda.csproj", "{56A47066-12D7-4B2E-8444-CF92D2C72E5D}"
EndProject
Global
	GlobalSection(SolutionConfigurationPlatforms) = preSolution
		Debug|Any CPU = Debug|Any CPU
		Release|Any CPU = Release|Any CPU
	EndGlobalSection
	GlobalSection(ProjectConfigurationPlatforms) = postSolution
		{56A47066-12D7-4B2E-8444-CF92D2C72E5D}.Debug|Any CPU.ActiveCfg = Debug|Any CPU
		{56A47066-12D7-4B2E-8444-CF92D2C72E5D}.Debug|Any CPU.Build.0 = Debug|Any CPU
		{56A47066-12D7-4B2E-8444-CF92D2C72E5D}.Release|Any CPU.ActiveCfg = Release|Any CPU
		{56A47066-12D7-4B2E-8444-CF92D2C72E5D}.Release|Any CPU.Build.0 = Release|Any CPU
	EndGlobalSection
	GlobalSection(SolutionProperties) = preSolution
		HideSolutionNode = FALSE
	EndGlobalSection
	GlobalSection(ExtensibilityGlobals) = postSolution
		SolutionGuid = {4167A7F8-8A26-42B9-9426-3524AA17386F}
	EndGlobalSection
EndGlobal
