
Microsoft Visual Studio Solution File, Format Version 12.00
# Visual Studio Version 17
VisualStudioVersion = 17.3.32825.248
MinimumVisualStudioVersion = 10.0.40219.1
Project("{FAE04EC0-301F-11D3-BF4B-00C04F79EFBC}") = "mátrix2", "mátrix2\mátrix2.csproj", "{0232D2A7-8B43-45AB-9242-0326D40E5D8F}"
EndProject
Global
	GlobalSection(SolutionConfigurationPlatforms) = preSolution
		Debug|Any CPU = Debug|Any CPU
		Release|Any CPU = Release|Any CPU
	EndGlobalSection
	GlobalSection(ProjectConfigurationPlatforms) = postSolution
		{0232D2A7-8B43-45AB-9242-0326D40E5D8F}.Debug|Any CPU.ActiveCfg = Debug|Any CPU
		{0232D2A7-8B43-45AB-9242-0326D40E5D8F}.Debug|Any CPU.Build.0 = Debug|Any CPU
		{0232D2A7-8B43-45AB-9242-0326D40E5D8F}.Release|Any CPU.ActiveCfg = Release|Any CPU
		{0232D2A7-8B43-45AB-9242-0326D40E5D8F}.Release|Any CPU.Build.0 = Release|Any CPU
	EndGlobalSection
	GlobalSection(SolutionProperties) = preSolution
		HideSolutionNode = FALSE
	EndGlobalSection
	GlobalSection(ExtensibilityGlobals) = postSolution
		SolutionGuid = {6C7E2B64-39B2-48D3-88BC-BF63815B84C6}
	EndGlobalSection
EndGlobal
