
Microsoft Visual Studio Solution File, Format Version 12.00
# Visual Studio Version 17
VisualStudioVersion = 17.3.32825.248
MinimumVisualStudioVersion = 10.0.40219.1
Project("{FAE04EC0-301F-11D3-BF4B-00C04F79EFBC}") = "recnemes", "recnemes\recnemes.csproj", "{7421601F-35E4-4EBB-8EE5-9AF55DDDCDFE}"
EndProject
Global
	GlobalSection(SolutionConfigurationPlatforms) = preSolution
		Debug|Any CPU = Debug|Any CPU
		Release|Any CPU = Release|Any CPU
	EndGlobalSection
	GlobalSection(ProjectConfigurationPlatforms) = postSolution
		{7421601F-35E4-4EBB-8EE5-9AF55DDDCDFE}.Debug|Any CPU.ActiveCfg = Debug|Any CPU
		{7421601F-35E4-4EBB-8EE5-9AF55DDDCDFE}.Debug|Any CPU.Build.0 = Debug|Any CPU
		{7421601F-35E4-4EBB-8EE5-9AF55DDDCDFE}.Release|Any CPU.ActiveCfg = Release|Any CPU
		{7421601F-35E4-4EBB-8EE5-9AF55DDDCDFE}.Release|Any CPU.Build.0 = Release|Any CPU
	EndGlobalSection
	GlobalSection(SolutionProperties) = preSolution
		HideSolutionNode = FALSE
	EndGlobalSection
	GlobalSection(ExtensibilityGlobals) = postSolution
		SolutionGuid = {165378A8-6F2C-4B56-A45C-C27A71446A5C}
	EndGlobalSection
EndGlobal
