
Microsoft Visual Studio Solution File, Format Version 12.00
# Visual Studio Version 17
VisualStudioVersion = 17.3.32825.248
MinimumVisualStudioVersion = 10.0.40219.1
Project("{FAE04EC0-301F-11D3-BF4B-00C04F79EFBC}") = "dictionary", "dictionary\dictionary.csproj", "{5491FCDA-92BE-4F34-96F1-C35007486A5B}"
EndProject
Global
	GlobalSection(SolutionConfigurationPlatforms) = preSolution
		Debug|Any CPU = Debug|Any CPU
		Release|Any CPU = Release|Any CPU
	EndGlobalSection
	GlobalSection(ProjectConfigurationPlatforms) = postSolution
		{5491FCDA-92BE-4F34-96F1-C35007486A5B}.Debug|Any CPU.ActiveCfg = Debug|Any CPU
		{5491FCDA-92BE-4F34-96F1-C35007486A5B}.Debug|Any CPU.Build.0 = Debug|Any CPU
		{5491FCDA-92BE-4F34-96F1-C35007486A5B}.Release|Any CPU.ActiveCfg = Release|Any CPU
		{5491FCDA-92BE-4F34-96F1-C35007486A5B}.Release|Any CPU.Build.0 = Release|Any CPU
	EndGlobalSection
	GlobalSection(SolutionProperties) = preSolution
		HideSolutionNode = FALSE
	EndGlobalSection
	GlobalSection(ExtensibilityGlobals) = postSolution
		SolutionGuid = {3ACB0946-86D5-4833-9FB2-FE38CEC2885B}
	EndGlobalSection
EndGlobal
