
Microsoft Visual Studio Solution File, Format Version 12.00
# Visual Studio Version 17
VisualStudioVersion = 17.3.32825.248
MinimumVisualStudioVersion = 10.0.40219.1
Project("{FAE04EC0-301F-11D3-BF4B-00C04F79EFBC}") = "jegyek", "jegyek\jegyek.csproj", "{37EA6F30-4D48-4E6E-927F-C697CBD5C209}"
EndProject
Global
	GlobalSection(SolutionConfigurationPlatforms) = preSolution
		Debug|Any CPU = Debug|Any CPU
		Release|Any CPU = Release|Any CPU
	EndGlobalSection
	GlobalSection(ProjectConfigurationPlatforms) = postSolution
		{37EA6F30-4D48-4E6E-927F-C697CBD5C209}.Debug|Any CPU.ActiveCfg = Debug|Any CPU
		{37EA6F30-4D48-4E6E-927F-C697CBD5C209}.Debug|Any CPU.Build.0 = Debug|Any CPU
		{37EA6F30-4D48-4E6E-927F-C697CBD5C209}.Release|Any CPU.ActiveCfg = Release|Any CPU
		{37EA6F30-4D48-4E6E-927F-C697CBD5C209}.Release|Any CPU.Build.0 = Release|Any CPU
	EndGlobalSection
	GlobalSection(SolutionProperties) = preSolution
		HideSolutionNode = FALSE
	EndGlobalSection
	GlobalSection(ExtensibilityGlobals) = postSolution
		SolutionGuid = {41F29575-6843-4611-B2A2-2A8534F262CF}
	EndGlobalSection
EndGlobal
