
Microsoft Visual Studio Solution File, Format Version 12.00
# Visual Studio Version 17
VisualStudioVersion = 17.3.32825.248
MinimumVisualStudioVersion = 10.0.40219.1
Project("{FAE04EC0-301F-11D3-BF4B-00C04F79EFBC}") = "linkedlist_addafter", "linkedlist_addafter\linkedlist_addafter.csproj", "{95F6A435-E263-4AD8-89C6-187528BE636E}"
EndProject
Global
	GlobalSection(SolutionConfigurationPlatforms) = preSolution
		Debug|Any CPU = Debug|Any CPU
		Release|Any CPU = Release|Any CPU
	EndGlobalSection
	GlobalSection(ProjectConfigurationPlatforms) = postSolution
		{95F6A435-E263-4AD8-89C6-187528BE636E}.Debug|Any CPU.ActiveCfg = Debug|Any CPU
		{95F6A435-E263-4AD8-89C6-187528BE636E}.Debug|Any CPU.Build.0 = Debug|Any CPU
		{95F6A435-E263-4AD8-89C6-187528BE636E}.Release|Any CPU.ActiveCfg = Release|Any CPU
		{95F6A435-E263-4AD8-89C6-187528BE636E}.Release|Any CPU.Build.0 = Release|Any CPU
	EndGlobalSection
	GlobalSection(SolutionProperties) = preSolution
		HideSolutionNode = FALSE
	EndGlobalSection
	GlobalSection(ExtensibilityGlobals) = postSolution
		SolutionGuid = {9CB3EE88-2448-42B3-AA3F-4866C5142046}
	EndGlobalSection
EndGlobal
