
Microsoft Visual Studio Solution File, Format Version 12.00
# Visual Studio Version 17
VisualStudioVersion = 17.3.32825.248
MinimumVisualStudioVersion = 10.0.40219.1
Project("{FAE04EC0-301F-11D3-BF4B-00C04F79EFBC}") = "lista_removeAT", "lista_removeAT\lista_removeAT.csproj", "{AEFBD71C-2E64-45C8-AE5F-B2B212CEBB0A}"
EndProject
Global
	GlobalSection(SolutionConfigurationPlatforms) = preSolution
		Debug|Any CPU = Debug|Any CPU
		Release|Any CPU = Release|Any CPU
	EndGlobalSection
	GlobalSection(ProjectConfigurationPlatforms) = postSolution
		{AEFBD71C-2E64-45C8-AE5F-B2B212CEBB0A}.Debug|Any CPU.ActiveCfg = Debug|Any CPU
		{AEFBD71C-2E64-45C8-AE5F-B2B212CEBB0A}.Debug|Any CPU.Build.0 = Debug|Any CPU
		{AEFBD71C-2E64-45C8-AE5F-B2B212CEBB0A}.Release|Any CPU.ActiveCfg = Release|Any CPU
		{AEFBD71C-2E64-45C8-AE5F-B2B212CEBB0A}.Release|Any CPU.Build.0 = Release|Any CPU
	EndGlobalSection
	GlobalSection(SolutionProperties) = preSolution
		HideSolutionNode = FALSE
	EndGlobalSection
	GlobalSection(ExtensibilityGlobals) = postSolution
		SolutionGuid = {909A447E-C08E-4567-9399-286A8C951FD4}
	EndGlobalSection
EndGlobal
