
Microsoft Visual Studio Solution File, Format Version 12.00
# Visual Studio Version 17
VisualStudioVersion = 17.3.32825.248
MinimumVisualStudioVersion = 10.0.40219.1
Project("{FAE04EC0-301F-11D3-BF4B-00C04F79EFBC}") = "Iskola2", "Iskola2\Iskola2.csproj", "{0340C550-24BC-4483-AAD9-3938BD51AEBE}"
EndProject
Global
	GlobalSection(SolutionConfigurationPlatforms) = preSolution
		Debug|Any CPU = Debug|Any CPU
		Release|Any CPU = Release|Any CPU
	EndGlobalSection
	GlobalSection(ProjectConfigurationPlatforms) = postSolution
		{0340C550-24BC-4483-AAD9-3938BD51AEBE}.Debug|Any CPU.ActiveCfg = Debug|Any CPU
		{0340C550-24BC-4483-AAD9-3938BD51AEBE}.Debug|Any CPU.Build.0 = Debug|Any CPU
		{0340C550-24BC-4483-AAD9-3938BD51AEBE}.Release|Any CPU.ActiveCfg = Release|Any CPU
		{0340C550-24BC-4483-AAD9-3938BD51AEBE}.Release|Any CPU.Build.0 = Release|Any CPU
	EndGlobalSection
	GlobalSection(SolutionProperties) = preSolution
		HideSolutionNode = FALSE
	EndGlobalSection
	GlobalSection(ExtensibilityGlobals) = postSolution
		SolutionGuid = {276765B2-078C-4233-91A9-AB5AD4C55D2A}
	EndGlobalSection
EndGlobal
