
Microsoft Visual Studio Solution File, Format Version 12.00
# Visual Studio Version 17
VisualStudioVersion = 17.3.32825.248
MinimumVisualStudioVersion = 10.0.40219.1
Project("{FAE04EC0-301F-11D3-BF4B-00C04F79EFBC}") = "Szamologep", "Szamologep\Szamologep.csproj", "{AD050477-F675-4DCA-8EF8-4AF3C66DE930}"
EndProject
Global
	GlobalSection(SolutionConfigurationPlatforms) = preSolution
		Debug|Any CPU = Debug|Any CPU
		Release|Any CPU = Release|Any CPU
	EndGlobalSection
	GlobalSection(ProjectConfigurationPlatforms) = postSolution
		{AD050477-F675-4DCA-8EF8-4AF3C66DE930}.Debug|Any CPU.ActiveCfg = Debug|Any CPU
		{AD050477-F675-4DCA-8EF8-4AF3C66DE930}.Debug|Any CPU.Build.0 = Debug|Any CPU
		{AD050477-F675-4DCA-8EF8-4AF3C66DE930}.Release|Any CPU.ActiveCfg = Release|Any CPU
		{AD050477-F675-4DCA-8EF8-4AF3C66DE930}.Release|Any CPU.Build.0 = Release|Any CPU
	EndGlobalSection
	GlobalSection(SolutionProperties) = preSolution
		HideSolutionNode = FALSE
	EndGlobalSection
	GlobalSection(ExtensibilityGlobals) = postSolution
		SolutionGuid = {35F07414-7539-4E68-86D0-B28BCACC7032}
	EndGlobalSection
EndGlobal
