
Microsoft Visual Studio Solution File, Format Version 12.00
# Visual Studio Version 17
VisualStudioVersion = 17.3.32825.248
MinimumVisualStudioVersion = 10.0.40219.1
Project("{FAE04EC0-301F-11D3-BF4B-00C04F79EFBC}") = "vektororai2", "vektororai2\vektororai2.csproj", "{92D2894A-ED72-470D-AF9F-E3A847E0375A}"
EndProject
Global
	GlobalSection(SolutionConfigurationPlatforms) = preSolution
		Debug|Any CPU = Debug|Any CPU
		Release|Any CPU = Release|Any CPU
	EndGlobalSection
	GlobalSection(ProjectConfigurationPlatforms) = postSolution
		{92D2894A-ED72-470D-AF9F-E3A847E0375A}.Debug|Any CPU.ActiveCfg = Debug|Any CPU
		{92D2894A-ED72-470D-AF9F-E3A847E0375A}.Debug|Any CPU.Build.0 = Debug|Any CPU
		{92D2894A-ED72-470D-AF9F-E3A847E0375A}.Release|Any CPU.ActiveCfg = Release|Any CPU
		{92D2894A-ED72-470D-AF9F-E3A847E0375A}.Release|Any CPU.Build.0 = Release|Any CPU
	EndGlobalSection
	GlobalSection(SolutionProperties) = preSolution
		HideSolutionNode = FALSE
	EndGlobalSection
	GlobalSection(ExtensibilityGlobals) = postSolution
		SolutionGuid = {AD562E51-DD97-42D9-9497-7DDD5BBC7781}
	EndGlobalSection
EndGlobal
