
Microsoft Visual Studio Solution File, Format Version 12.00
# Visual Studio Version 17
VisualStudioVersion = 17.3.32825.248
MinimumVisualStudioVersion = 10.0.40219.1
Project("{FAE04EC0-301F-11D3-BF4B-00C04F79EFBC}") = "Eső5", "Eső5\Eső5.csproj", "{1F50B5CB-7199-4A82-83ED-061D8A2368D9}"
EndProject
Global
	GlobalSection(SolutionConfigurationPlatforms) = preSolution
		Debug|Any CPU = Debug|Any CPU
		Release|Any CPU = Release|Any CPU
	EndGlobalSection
	GlobalSection(ProjectConfigurationPlatforms) = postSolution
		{1F50B5CB-7199-4A82-83ED-061D8A2368D9}.Debug|Any CPU.ActiveCfg = Debug|Any CPU
		{1F50B5CB-7199-4A82-83ED-061D8A2368D9}.Debug|Any CPU.Build.0 = Debug|Any CPU
		{1F50B5CB-7199-4A82-83ED-061D8A2368D9}.Release|Any CPU.ActiveCfg = Release|Any CPU
		{1F50B5CB-7199-4A82-83ED-061D8A2368D9}.Release|Any CPU.Build.0 = Release|Any CPU
	EndGlobalSection
	GlobalSection(SolutionProperties) = preSolution
		HideSolutionNode = FALSE
	EndGlobalSection
	GlobalSection(ExtensibilityGlobals) = postSolution
		SolutionGuid = {AEB9D199-8BBE-4F56-AC62-208C822E65F8}
	EndGlobalSection
EndGlobal
