
Microsoft Visual Studio Solution File, Format Version 12.00
# Visual Studio Version 17
VisualStudioVersion = 17.3.32825.248
MinimumVisualStudioVersion = 10.0.40219.1
Project("{FAE04EC0-301F-11D3-BF4B-00C04F79EFBC}") = "lancoltlista_remove", "lancoltlista_remove\lancoltlista_remove.csproj", "{7BA4262F-FCCE-4966-A031-540E89E9F391}"
EndProject
Global
	GlobalSection(SolutionConfigurationPlatforms) = preSolution
		Debug|Any CPU = Debug|Any CPU
		Release|Any CPU = Release|Any CPU
	EndGlobalSection
	GlobalSection(ProjectConfigurationPlatforms) = postSolution
		{7BA4262F-FCCE-4966-A031-540E89E9F391}.Debug|Any CPU.ActiveCfg = Debug|Any CPU
		{7BA4262F-FCCE-4966-A031-540E89E9F391}.Debug|Any CPU.Build.0 = Debug|Any CPU
		{7BA4262F-FCCE-4966-A031-540E89E9F391}.Release|Any CPU.ActiveCfg = Release|Any CPU
		{7BA4262F-FCCE-4966-A031-540E89E9F391}.Release|Any CPU.Build.0 = Release|Any CPU
	EndGlobalSection
	GlobalSection(SolutionProperties) = preSolution
		HideSolutionNode = FALSE
	EndGlobalSection
	GlobalSection(ExtensibilityGlobals) = postSolution
		SolutionGuid = {03091664-94FC-4138-92F0-4178D2AF667F}
	EndGlobalSection
EndGlobal
