
Microsoft Visual Studio Solution File, Format Version 12.00
# Visual Studio Version 17
VisualStudioVersion = 17.3.32825.248
MinimumVisualStudioVersion = 10.0.40219.1
Project("{FAE04EC0-301F-11D3-BF4B-00C04F79EFBC}") = "hibakezeles3_2022.11.14", "hibakezeles3_2022.11.14.\hibakezeles3_2022.11.14.csproj", "{DD6F3D29-8880-44EB-9AE2-A6F4413779F1}"
EndProject
Global
	GlobalSection(SolutionConfigurationPlatforms) = preSolution
		Debug|Any CPU = Debug|Any CPU
		Release|Any CPU = Release|Any CPU
	EndGlobalSection
	GlobalSection(ProjectConfigurationPlatforms) = postSolution
		{DD6F3D29-8880-44EB-9AE2-A6F4413779F1}.Debug|Any CPU.ActiveCfg = Debug|Any CPU
		{DD6F3D29-8880-44EB-9AE2-A6F4413779F1}.Debug|Any CPU.Build.0 = Debug|Any CPU
		{DD6F3D29-8880-44EB-9AE2-A6F4413779F1}.Release|Any CPU.ActiveCfg = Release|Any CPU
		{DD6F3D29-8880-44EB-9AE2-A6F4413779F1}.Release|Any CPU.Build.0 = Release|Any CPU
	EndGlobalSection
	GlobalSection(SolutionProperties) = preSolution
		HideSolutionNode = FALSE
	EndGlobalSection
	GlobalSection(ExtensibilityGlobals) = postSolution
		SolutionGuid = {9DA57605-C16B-43A8-9DB7-AB01C85E1BD0}
	EndGlobalSection
EndGlobal
