
Microsoft Visual Studio Solution File, Format Version 12.00
# Visual Studio Version 17
VisualStudioVersion = 17.3.32825.248
MinimumVisualStudioVersion = 10.0.40219.1
Project("{FAE04EC0-301F-11D3-BF4B-00C04F79EFBC}") = "TotoGUI", "TotoGUI\TotoGUI.csproj", "{1CB76F1B-8A8E-4772-81AA-F478625047ED}"
EndProject
Global
	GlobalSection(SolutionConfigurationPlatforms) = preSolution
		Debug|Any CPU = Debug|Any CPU
		Release|Any CPU = Release|Any CPU
	EndGlobalSection
	GlobalSection(ProjectConfigurationPlatforms) = postSolution
		{1CB76F1B-8A8E-4772-81AA-F478625047ED}.Debug|Any CPU.ActiveCfg = Debug|Any CPU
		{1CB76F1B-8A8E-4772-81AA-F478625047ED}.Debug|Any CPU.Build.0 = Debug|Any CPU
		{1CB76F1B-8A8E-4772-81AA-F478625047ED}.Release|Any CPU.ActiveCfg = Release|Any CPU
		{1CB76F1B-8A8E-4772-81AA-F478625047ED}.Release|Any CPU.Build.0 = Release|Any CPU
	EndGlobalSection
	GlobalSection(SolutionProperties) = preSolution
		HideSolutionNode = FALSE
	EndGlobalSection
	GlobalSection(ExtensibilityGlobals) = postSolution
		SolutionGuid = {FE2E3E75-E42E-4A54-8FCA-C108E97E1797}
	EndGlobalSection
EndGlobal
