
Microsoft Visual Studio Solution File, Format Version 12.00
# Visual Studio Version 17
VisualStudioVersion = 17.3.32825.248
MinimumVisualStudioVersion = 10.0.40219.1
Project("{FAE04EC0-301F-11D3-BF4B-00C04F79EFBC}") = "orai soook", "orai soook\orai soook.csproj", "{7737B4EE-EBA1-431A-A2F8-CF13F9A62404}"
EndProject
Global
	GlobalSection(SolutionConfigurationPlatforms) = preSolution
		Debug|Any CPU = Debug|Any CPU
		Release|Any CPU = Release|Any CPU
	EndGlobalSection
	GlobalSection(ProjectConfigurationPlatforms) = postSolution
		{7737B4EE-EBA1-431A-A2F8-CF13F9A62404}.Debug|Any CPU.ActiveCfg = Debug|Any CPU
		{7737B4EE-EBA1-431A-A2F8-CF13F9A62404}.Debug|Any CPU.Build.0 = Debug|Any CPU
		{7737B4EE-EBA1-431A-A2F8-CF13F9A62404}.Release|Any CPU.ActiveCfg = Release|Any CPU
		{7737B4EE-EBA1-431A-A2F8-CF13F9A62404}.Release|Any CPU.Build.0 = Release|Any CPU
	EndGlobalSection
	GlobalSection(SolutionProperties) = preSolution
		HideSolutionNode = FALSE
	EndGlobalSection
	GlobalSection(ExtensibilityGlobals) = postSolution
		SolutionGuid = {C8AB019F-3747-4A98-90D4-A28108823B71}
	EndGlobalSection
EndGlobal
