
Microsoft Visual Studio Solution File, Format Version 12.00
# Visual Studio Version 17
VisualStudioVersion = 17.3.32825.248
MinimumVisualStudioVersion = 10.0.40219.1
Project("{FAE04EC0-301F-11D3-BF4B-00C04F79EFBC}") = "class kutya", "class kutya\class kutya.csproj", "{546AC68A-BB42-413E-A2C3-1110AE267A23}"
EndProject
Global
	GlobalSection(SolutionConfigurationPlatforms) = preSolution
		Debug|Any CPU = Debug|Any CPU
		Release|Any CPU = Release|Any CPU
	EndGlobalSection
	GlobalSection(ProjectConfigurationPlatforms) = postSolution
		{546AC68A-BB42-413E-A2C3-1110AE267A23}.Debug|Any CPU.ActiveCfg = Debug|Any CPU
		{546AC68A-BB42-413E-A2C3-1110AE267A23}.Debug|Any CPU.Build.0 = Debug|Any CPU
		{546AC68A-BB42-413E-A2C3-1110AE267A23}.Release|Any CPU.ActiveCfg = Release|Any CPU
		{546AC68A-BB42-413E-A2C3-1110AE267A23}.Release|Any CPU.Build.0 = Release|Any CPU
	EndGlobalSection
	GlobalSection(SolutionProperties) = preSolution
		HideSolutionNode = FALSE
	EndGlobalSection
	GlobalSection(ExtensibilityGlobals) = postSolution
		SolutionGuid = {020350FE-8204-40DD-9ED1-E32204390974}
	EndGlobalSection
EndGlobal
