
Microsoft Visual Studio Solution File, Format Version 12.00
# Visual Studio Version 17
VisualStudioVersion = 17.3.32825.248
MinimumVisualStudioVersion = 10.0.40219.1
Project("{FAE04EC0-301F-11D3-BF4B-00C04F79EFBC}") = "randomolas", "randomolas\randomolas.csproj", "{DE2F2057-3899-4560-AA4B-3EA75B9AB301}"
EndProject
Global
	GlobalSection(SolutionConfigurationPlatforms) = preSolution
		Debug|Any CPU = Debug|Any CPU
		Release|Any CPU = Release|Any CPU
	EndGlobalSection
	GlobalSection(ProjectConfigurationPlatforms) = postSolution
		{DE2F2057-3899-4560-AA4B-3EA75B9AB301}.Debug|Any CPU.ActiveCfg = Debug|Any CPU
		{DE2F2057-3899-4560-AA4B-3EA75B9AB301}.Debug|Any CPU.Build.0 = Debug|Any CPU
		{DE2F2057-3899-4560-AA4B-3EA75B9AB301}.Release|Any CPU.ActiveCfg = Release|Any CPU
		{DE2F2057-3899-4560-AA4B-3EA75B9AB301}.Release|Any CPU.Build.0 = Release|Any CPU
	EndGlobalSection
	GlobalSection(SolutionProperties) = preSolution
		HideSolutionNode = FALSE
	EndGlobalSection
	GlobalSection(ExtensibilityGlobals) = postSolution
		SolutionGuid = {75107DE7-5681-4C28-9C24-2FCFB147BA9E}
	EndGlobalSection
EndGlobal
