
Microsoft Visual Studio Solution File, Format Version 12.00
# Visual Studio Version 17
VisualStudioVersion = 17.3.32825.248
MinimumVisualStudioVersion = 10.0.40219.1
Project("{FAE04EC0-301F-11D3-BF4B-00C04F79EFBC}") = "Szétválogatás", "Szétválogatás.csproj", "{19C0B740-AC1D-495C-95B1-A1931122F90C}"
EndProject
Global
	GlobalSection(SolutionConfigurationPlatforms) = preSolution
		Debug|Any CPU = Debug|Any CPU
		Release|Any CPU = Release|Any CPU
	EndGlobalSection
	GlobalSection(ProjectConfigurationPlatforms) = postSolution
		{19C0B740-AC1D-495C-95B1-A1931122F90C}.Debug|Any CPU.ActiveCfg = Debug|Any CPU
		{19C0B740-AC1D-495C-95B1-A1931122F90C}.Debug|Any CPU.Build.0 = Debug|Any CPU
		{19C0B740-AC1D-495C-95B1-A1931122F90C}.Release|Any CPU.ActiveCfg = Release|Any CPU
		{19C0B740-AC1D-495C-95B1-A1931122F90C}.Release|Any CPU.Build.0 = Release|Any CPU
	EndGlobalSection
	GlobalSection(SolutionProperties) = preSolution
		HideSolutionNode = FALSE
	EndGlobalSection
	GlobalSection(ExtensibilityGlobals) = postSolution
		SolutionGuid = {DEED3EFB-8787-46D2-8122-80BF65B0D507}
	EndGlobalSection
EndGlobal
