
Microsoft Visual Studio Solution File, Format Version 12.00
# Visual Studio Version 16
VisualStudioVersion = 16.0.32126.315
MinimumVisualStudioVersion = 10.0.40219.1
Project("{FAE04EC0-301F-11D3-BF4B-00C04F79EFBC}") = "eldontes1", "eldontes1\eldontes1.csproj", "{8C24539D-53D6-44A8-80B9-E40966FF2C82}"
EndProject
Global
	GlobalSection(SolutionConfigurationPlatforms) = preSolution
		Debug|Any CPU = Debug|Any CPU
		Release|Any CPU = Release|Any CPU
	EndGlobalSection
	GlobalSection(ProjectConfigurationPlatforms) = postSolution
		{8C24539D-53D6-44A8-80B9-E40966FF2C82}.Debug|Any CPU.ActiveCfg = Debug|Any CPU
		{8C24539D-53D6-44A8-80B9-E40966FF2C82}.Debug|Any CPU.Build.0 = Debug|Any CPU
		{8C24539D-53D6-44A8-80B9-E40966FF2C82}.Release|Any CPU.ActiveCfg = Release|Any CPU
		{8C24539D-53D6-44A8-80B9-E40966FF2C82}.Release|Any CPU.Build.0 = Release|Any CPU
	EndGlobalSection
	GlobalSection(SolutionProperties) = preSolution
		HideSolutionNode = FALSE
	EndGlobalSection
	GlobalSection(ExtensibilityGlobals) = postSolution
		SolutionGuid = {66683294-7097-49B1-AB4B-EF65CACCA8D8}
	EndGlobalSection
EndGlobal
