
Microsoft Visual Studio Solution File, Format Version 12.00
# Visual Studio Version 17
VisualStudioVersion = 17.3.32825.248
MinimumVisualStudioVersion = 10.0.40219.1
Project("{FAE04EC0-301F-11D3-BF4B-00C04F79EFBC}") = "lsita4", "lsita4.csproj", "{C4CFA6FC-D821-4FC7-8D60-DC610D8C4C0B}"
EndProject
Global
	GlobalSection(SolutionConfigurationPlatforms) = preSolution
		Debug|Any CPU = Debug|Any CPU
		Release|Any CPU = Release|Any CPU
	EndGlobalSection
	GlobalSection(ProjectConfigurationPlatforms) = postSolution
		{C4CFA6FC-D821-4FC7-8D60-DC610D8C4C0B}.Debug|Any CPU.ActiveCfg = Debug|Any CPU
		{C4CFA6FC-D821-4FC7-8D60-DC610D8C4C0B}.Debug|Any CPU.Build.0 = Debug|Any CPU
		{C4CFA6FC-D821-4FC7-8D60-DC610D8C4C0B}.Release|Any CPU.ActiveCfg = Release|Any CPU
		{C4CFA6FC-D821-4FC7-8D60-DC610D8C4C0B}.Release|Any CPU.Build.0 = Release|Any CPU
	EndGlobalSection
	GlobalSection(SolutionProperties) = preSolution
		HideSolutionNode = FALSE
	EndGlobalSection
	GlobalSection(ExtensibilityGlobals) = postSolution
		SolutionGuid = {14B4CCAA-A9CA-4FE9-9BE8-C81BC94AEB5E}
	EndGlobalSection
EndGlobal
