
Microsoft Visual Studio Solution File, Format Version 12.00
# Visual Studio Version 17
VisualStudioVersion = 17.3.32825.248
MinimumVisualStudioVersion = 10.0.40219.1
Project("{FAE04EC0-301F-11D3-BF4B-00C04F79EFBC}") = "szamologep", "szamologep\szamologep.csproj", "{56E3B5CC-9EAF-4324-AAE3-9B72AEA8F5A6}"
EndProject
Global
	GlobalSection(SolutionConfigurationPlatforms) = preSolution
		Debug|Any CPU = Debug|Any CPU
		Release|Any CPU = Release|Any CPU
	EndGlobalSection
	GlobalSection(ProjectConfigurationPlatforms) = postSolution
		{56E3B5CC-9EAF-4324-AAE3-9B72AEA8F5A6}.Debug|Any CPU.ActiveCfg = Debug|Any CPU
		{56E3B5CC-9EAF-4324-AAE3-9B72AEA8F5A6}.Debug|Any CPU.Build.0 = Debug|Any CPU
		{56E3B5CC-9EAF-4324-AAE3-9B72AEA8F5A6}.Release|Any CPU.ActiveCfg = Release|Any CPU
		{56E3B5CC-9EAF-4324-AAE3-9B72AEA8F5A6}.Release|Any CPU.Build.0 = Release|Any CPU
	EndGlobalSection
	GlobalSection(SolutionProperties) = preSolution
		HideSolutionNode = FALSE
	EndGlobalSection
	GlobalSection(ExtensibilityGlobals) = postSolution
		SolutionGuid = {7D2F75A0-B65A-4470-8F8D-EA5604C97EA2}
	EndGlobalSection
EndGlobal
