
Microsoft Visual Studio Solution File, Format Version 12.00
# Visual Studio Version 17
VisualStudioVersion = 17.3.32825.248
MinimumVisualStudioVersion = 10.0.40219.1
Project("{FAE04EC0-301F-11D3-BF4B-00C04F79EFBC}") = "kor_terulet_kerulet", "kor_terulet_kerulet\kor_terulet_kerulet.csproj", "{21881FFE-C59A-4F1E-B45A-558E9B7BC87D}"
EndProject
Global
	GlobalSection(SolutionConfigurationPlatforms) = preSolution
		Debug|Any CPU = Debug|Any CPU
		Release|Any CPU = Release|Any CPU
	EndGlobalSection
	GlobalSection(ProjectConfigurationPlatforms) = postSolution
		{21881FFE-C59A-4F1E-B45A-558E9B7BC87D}.Debug|Any CPU.ActiveCfg = Debug|Any CPU
		{21881FFE-C59A-4F1E-B45A-558E9B7BC87D}.Debug|Any CPU.Build.0 = Debug|Any CPU
		{21881FFE-C59A-4F1E-B45A-558E9B7BC87D}.Release|Any CPU.ActiveCfg = Release|Any CPU
		{21881FFE-C59A-4F1E-B45A-558E9B7BC87D}.Release|Any CPU.Build.0 = Release|Any CPU
	EndGlobalSection
	GlobalSection(SolutionProperties) = preSolution
		HideSolutionNode = FALSE
	EndGlobalSection
	GlobalSection(ExtensibilityGlobals) = postSolution
		SolutionGuid = {D617D84E-133A-4807-BE5D-CD22B56DABE9}
	EndGlobalSection
EndGlobal
