
Microsoft Visual Studio Solution File, Format Version 12.00
# Visual Studio Version 17
VisualStudioVersion = 17.3.32825.248
MinimumVisualStudioVersion = 10.0.40219.1
Project("{FAE04EC0-301F-11D3-BF4B-00C04F79EFBC}") = "szotar", "szotar\szotar.csproj", "{93007DE6-234E-4303-9AE6-3E25B5E72BE5}"
EndProject
Global
	GlobalSection(SolutionConfigurationPlatforms) = preSolution
		Debug|Any CPU = Debug|Any CPU
		Release|Any CPU = Release|Any CPU
	EndGlobalSection
	GlobalSection(ProjectConfigurationPlatforms) = postSolution
		{93007DE6-234E-4303-9AE6-3E25B5E72BE5}.Debug|Any CPU.ActiveCfg = Debug|Any CPU
		{93007DE6-234E-4303-9AE6-3E25B5E72BE5}.Debug|Any CPU.Build.0 = Debug|Any CPU
		{93007DE6-234E-4303-9AE6-3E25B5E72BE5}.Release|Any CPU.ActiveCfg = Release|Any CPU
		{93007DE6-234E-4303-9AE6-3E25B5E72BE5}.Release|Any CPU.Build.0 = Release|Any CPU
	EndGlobalSection
	GlobalSection(SolutionProperties) = preSolution
		HideSolutionNode = FALSE
	EndGlobalSection
	GlobalSection(ExtensibilityGlobals) = postSolution
		SolutionGuid = {5202AB1B-AA1A-49F4-82F6-CC9376B84A5F}
	EndGlobalSection
EndGlobal
