
Microsoft Visual Studio Solution File, Format Version 12.00
# Visual Studio Version 17
VisualStudioVersion = 17.3.32825.248
MinimumVisualStudioVersion = 10.0.40219.1
Project("{FAE04EC0-301F-11D3-BF4B-00C04F79EFBC}") = "eldontes_pelda", "eldontes_pelda\eldontes_pelda.csproj", "{F24AEC9C-5E48-4CC1-8177-20BA0927440E}"
EndProject
Global
	GlobalSection(SolutionConfigurationPlatforms) = preSolution
		Debug|Any CPU = Debug|Any CPU
		Release|Any CPU = Release|Any CPU
	EndGlobalSection
	GlobalSection(ProjectConfigurationPlatforms) = postSolution
		{F24AEC9C-5E48-4CC1-8177-20BA0927440E}.Debug|Any CPU.ActiveCfg = Debug|Any CPU
		{F24AEC9C-5E48-4CC1-8177-20BA0927440E}.Debug|Any CPU.Build.0 = Debug|Any CPU
		{F24AEC9C-5E48-4CC1-8177-20BA0927440E}.Release|Any CPU.ActiveCfg = Release|Any CPU
		{F24AEC9C-5E48-4CC1-8177-20BA0927440E}.Release|Any CPU.Build.0 = Release|Any CPU
	EndGlobalSection
	GlobalSection(SolutionProperties) = preSolution
		HideSolutionNode = FALSE
	EndGlobalSection
	GlobalSection(ExtensibilityGlobals) = postSolution
		SolutionGuid = {414370EB-E45D-4A02-B669-6B9F2D66B9EE}
	EndGlobalSection
EndGlobal
