
Microsoft Visual Studio Solution File, Format Version 12.00
# Visual Studio Version 17
VisualStudioVersion = 17.3.32825.248
MinimumVisualStudioVersion = 10.0.40219.1
Project("{FAE04EC0-301F-11D3-BF4B-00C04F79EFBC}") = "osszegzes_pelda", "osszegzes_pelda\osszegzes_pelda.csproj", "{0586B307-9035-46A4-BD10-75658FA41B30}"
EndProject
Global
	GlobalSection(SolutionConfigurationPlatforms) = preSolution
		Debug|Any CPU = Debug|Any CPU
		Release|Any CPU = Release|Any CPU
	EndGlobalSection
	GlobalSection(ProjectConfigurationPlatforms) = postSolution
		{0586B307-9035-46A4-BD10-75658FA41B30}.Debug|Any CPU.ActiveCfg = Debug|Any CPU
		{0586B307-9035-46A4-BD10-75658FA41B30}.Debug|Any CPU.Build.0 = Debug|Any CPU
		{0586B307-9035-46A4-BD10-75658FA41B30}.Release|Any CPU.ActiveCfg = Release|Any CPU
		{0586B307-9035-46A4-BD10-75658FA41B30}.Release|Any CPU.Build.0 = Release|Any CPU
	EndGlobalSection
	GlobalSection(SolutionProperties) = preSolution
		HideSolutionNode = FALSE
	EndGlobalSection
	GlobalSection(ExtensibilityGlobals) = postSolution
		SolutionGuid = {554D5778-40FF-4B1E-A1C8-968DD318E002}
	EndGlobalSection
EndGlobal
