
Microsoft Visual Studio Solution File, Format Version 12.00
# Visual Studio Version 17
VisualStudioVersion = 17.3.32825.248
MinimumVisualStudioVersion = 10.0.40219.1
Project("{FAE04EC0-301F-11D3-BF4B-00C04F79EFBC}") = "ker-ter", "ker-ter\ker-ter.csproj", "{63540D75-88F5-4230-8452-8052E6FBBA32}"
EndProject
Global
	GlobalSection(SolutionConfigurationPlatforms) = preSolution
		Debug|Any CPU = Debug|Any CPU
		Release|Any CPU = Release|Any CPU
	EndGlobalSection
	GlobalSection(ProjectConfigurationPlatforms) = postSolution
		{63540D75-88F5-4230-8452-8052E6FBBA32}.Debug|Any CPU.ActiveCfg = Debug|Any CPU
		{63540D75-88F5-4230-8452-8052E6FBBA32}.Debug|Any CPU.Build.0 = Debug|Any CPU
		{63540D75-88F5-4230-8452-8052E6FBBA32}.Release|Any CPU.ActiveCfg = Release|Any CPU
		{63540D75-88F5-4230-8452-8052E6FBBA32}.Release|Any CPU.Build.0 = Release|Any CPU
	EndGlobalSection
	GlobalSection(SolutionProperties) = preSolution
		HideSolutionNode = FALSE
	EndGlobalSection
	GlobalSection(ExtensibilityGlobals) = postSolution
		SolutionGuid = {CC5AA7C9-512D-41AC-A8A3-148457F9D59E}
	EndGlobalSection
EndGlobal
