
Microsoft Visual Studio Solution File, Format Version 12.00
# Visual Studio Version 17
VisualStudioVersion = 17.3.32825.248
MinimumVisualStudioVersion = 10.0.40219.1
Project("{FAE04EC0-301F-11D3-BF4B-00C04F79EFBC}") = "sor", "sor\sor.csproj", "{B6CE521D-956B-417E-B6BF-A477C2E0648E}"
EndProject
Global
	GlobalSection(SolutionConfigurationPlatforms) = preSolution
		Debug|Any CPU = Debug|Any CPU
		Release|Any CPU = Release|Any CPU
	EndGlobalSection
	GlobalSection(ProjectConfigurationPlatforms) = postSolution
		{B6CE521D-956B-417E-B6BF-A477C2E0648E}.Debug|Any CPU.ActiveCfg = Debug|Any CPU
		{B6CE521D-956B-417E-B6BF-A477C2E0648E}.Debug|Any CPU.Build.0 = Debug|Any CPU
		{B6CE521D-956B-417E-B6BF-A477C2E0648E}.Release|Any CPU.ActiveCfg = Release|Any CPU
		{B6CE521D-956B-417E-B6BF-A477C2E0648E}.Release|Any CPU.Build.0 = Release|Any CPU
	EndGlobalSection
	GlobalSection(SolutionProperties) = preSolution
		HideSolutionNode = FALSE
	EndGlobalSection
	GlobalSection(ExtensibilityGlobals) = postSolution
		SolutionGuid = {B533243D-72E7-4BEB-8BC7-D87A406C3CEC}
	EndGlobalSection
EndGlobal
