
Microsoft Visual Studio Solution File, Format Version 12.00
# Visual Studio Version 17
VisualStudioVersion = 17.3.32825.248
MinimumVisualStudioVersion = 10.0.40219.1
Project("{FAE04EC0-301F-11D3-BF4B-00C04F79EFBC}") = "osszegzes", "osszegzes\osszegzes.csproj", "{864D0DB9-A3C3-489A-A0A3-EB46E28E07DD}"
EndProject
Global
	GlobalSection(SolutionConfigurationPlatforms) = preSolution
		Debug|Any CPU = Debug|Any CPU
		Release|Any CPU = Release|Any CPU
	EndGlobalSection
	GlobalSection(ProjectConfigurationPlatforms) = postSolution
		{864D0DB9-A3C3-489A-A0A3-EB46E28E07DD}.Debug|Any CPU.ActiveCfg = Debug|Any CPU
		{864D0DB9-A3C3-489A-A0A3-EB46E28E07DD}.Debug|Any CPU.Build.0 = Debug|Any CPU
		{864D0DB9-A3C3-489A-A0A3-EB46E28E07DD}.Release|Any CPU.ActiveCfg = Release|Any CPU
		{864D0DB9-A3C3-489A-A0A3-EB46E28E07DD}.Release|Any CPU.Build.0 = Release|Any CPU
	EndGlobalSection
	GlobalSection(SolutionProperties) = preSolution
		HideSolutionNode = FALSE
	EndGlobalSection
	GlobalSection(ExtensibilityGlobals) = postSolution
		SolutionGuid = {386DDCF7-CFC2-4C23-A546-22964BD7F38D}
	EndGlobalSection
EndGlobal
