
Microsoft Visual Studio Solution File, Format Version 12.00
# Visual Studio Version 17
VisualStudioVersion = 17.3.32825.248
MinimumVisualStudioVersion = 10.0.40219.1
Project("{FAE04EC0-301F-11D3-BF4B-00C04F79EFBC}") = "streamwriter", "streamwriter\streamwriter.csproj", "{13FB81A0-5ADB-40D3-854F-611E9DD3A6CB}"
EndProject
Global
	GlobalSection(SolutionConfigurationPlatforms) = preSolution
		Debug|Any CPU = Debug|Any CPU
		Release|Any CPU = Release|Any CPU
	EndGlobalSection
	GlobalSection(ProjectConfigurationPlatforms) = postSolution
		{13FB81A0-5ADB-40D3-854F-611E9DD3A6CB}.Debug|Any CPU.ActiveCfg = Debug|Any CPU
		{13FB81A0-5ADB-40D3-854F-611E9DD3A6CB}.Debug|Any CPU.Build.0 = Debug|Any CPU
		{13FB81A0-5ADB-40D3-854F-611E9DD3A6CB}.Release|Any CPU.ActiveCfg = Release|Any CPU
		{13FB81A0-5ADB-40D3-854F-611E9DD3A6CB}.Release|Any CPU.Build.0 = Release|Any CPU
	EndGlobalSection
	GlobalSection(SolutionProperties) = preSolution
		HideSolutionNode = FALSE
	EndGlobalSection
	GlobalSection(ExtensibilityGlobals) = postSolution
		SolutionGuid = {6DEB9CA5-E872-4906-A1F2-2774F681C31F}
	EndGlobalSection
EndGlobal
