
Microsoft Visual Studio Solution File, Format Version 12.00
# Visual Studio Version 17
VisualStudioVersion = 17.3.32825.248
MinimumVisualStudioVersion = 10.0.40219.1
Project("{FAE04EC0-301F-11D3-BF4B-00C04F79EFBC}") = "megszamlalas__2022.XII.01", "megszamlalas__2022.XII.01.\megszamlalas__2022.XII.01.csproj", "{035D9133-67B4-40AA-B1DC-92BE7C15A471}"
EndProject
Global
	GlobalSection(SolutionConfigurationPlatforms) = preSolution
		Debug|Any CPU = Debug|Any CPU
		Release|Any CPU = Release|Any CPU
	EndGlobalSection
	GlobalSection(ProjectConfigurationPlatforms) = postSolution
		{035D9133-67B4-40AA-B1DC-92BE7C15A471}.Debug|Any CPU.ActiveCfg = Debug|Any CPU
		{035D9133-67B4-40AA-B1DC-92BE7C15A471}.Debug|Any CPU.Build.0 = Debug|Any CPU
		{035D9133-67B4-40AA-B1DC-92BE7C15A471}.Release|Any CPU.ActiveCfg = Release|Any CPU
		{035D9133-67B4-40AA-B1DC-92BE7C15A471}.Release|Any CPU.Build.0 = Release|Any CPU
	EndGlobalSection
	GlobalSection(SolutionProperties) = preSolution
		HideSolutionNode = FALSE
	EndGlobalSection
	GlobalSection(ExtensibilityGlobals) = postSolution
		SolutionGuid = {CAE313CD-3F9E-457A-9DD7-CF44D6AAD0F9}
	EndGlobalSection
EndGlobal
