
Microsoft Visual Studio Solution File, Format Version 12.00
# Visual Studio Version 17
VisualStudioVersion = 17.3.32825.248
MinimumVisualStudioVersion = 10.0.40219.1
Project("{FAE04EC0-301F-11D3-BF4B-00C04F79EFBC}") = "összegzés_példa", "összegzés_példa\összegzés_példa.csproj", "{3D244D1E-AE1A-4E41-B357-D6F0FA2E95C5}"
EndProject
Global
	GlobalSection(SolutionConfigurationPlatforms) = preSolution
		Debug|Any CPU = Debug|Any CPU
		Release|Any CPU = Release|Any CPU
	EndGlobalSection
	GlobalSection(ProjectConfigurationPlatforms) = postSolution
		{3D244D1E-AE1A-4E41-B357-D6F0FA2E95C5}.Debug|Any CPU.ActiveCfg = Debug|Any CPU
		{3D244D1E-AE1A-4E41-B357-D6F0FA2E95C5}.Debug|Any CPU.Build.0 = Debug|Any CPU
		{3D244D1E-AE1A-4E41-B357-D6F0FA2E95C5}.Release|Any CPU.ActiveCfg = Release|Any CPU
		{3D244D1E-AE1A-4E41-B357-D6F0FA2E95C5}.Release|Any CPU.Build.0 = Release|Any CPU
	EndGlobalSection
	GlobalSection(SolutionProperties) = preSolution
		HideSolutionNode = FALSE
	EndGlobalSection
	GlobalSection(ExtensibilityGlobals) = postSolution
		SolutionGuid = {EE22CA1D-D17E-4F88-A0A5-4264A90914F0}
	EndGlobalSection
EndGlobal
