
Microsoft Visual Studio Solution File, Format Version 12.00
# Visual Studio Version 17
VisualStudioVersion = 17.3.32825.248
MinimumVisualStudioVersion = 10.0.40219.1
Project("{FAE04EC0-301F-11D3-BF4B-00C04F79EFBC}") = "enum", "enum\enum.csproj", "{10CB2FC7-9A8E-47B7-A29D-2EDE98AB14DC}"
EndProject
Global
	GlobalSection(SolutionConfigurationPlatforms) = preSolution
		Debug|Any CPU = Debug|Any CPU
		Release|Any CPU = Release|Any CPU
	EndGlobalSection
	GlobalSection(ProjectConfigurationPlatforms) = postSolution
		{10CB2FC7-9A8E-47B7-A29D-2EDE98AB14DC}.Debug|Any CPU.ActiveCfg = Debug|Any CPU
		{10CB2FC7-9A8E-47B7-A29D-2EDE98AB14DC}.Debug|Any CPU.Build.0 = Debug|Any CPU
		{10CB2FC7-9A8E-47B7-A29D-2EDE98AB14DC}.Release|Any CPU.ActiveCfg = Release|Any CPU
		{10CB2FC7-9A8E-47B7-A29D-2EDE98AB14DC}.Release|Any CPU.Build.0 = Release|Any CPU
	EndGlobalSection
	GlobalSection(SolutionProperties) = preSolution
		HideSolutionNode = FALSE
	EndGlobalSection
	GlobalSection(ExtensibilityGlobals) = postSolution
		SolutionGuid = {5207FF6A-BED8-4CEE-9F0F-B4199AD015AE}
	EndGlobalSection
EndGlobal
