
Microsoft Visual Studio Solution File, Format Version 12.00
# Visual Studio Version 17
VisualStudioVersion = 17.3.32825.248
MinimumVisualStudioVersion = 10.0.40219.1
Project("{FAE04EC0-301F-11D3-BF4B-00C04F79EFBC}") = "rendezesmaxkiv", "rendezesmaxkiv\rendezesmaxkiv.csproj", "{108F2A52-0E14-4AB4-862C-0E1D719858AD}"
EndProject
Global
	GlobalSection(SolutionConfigurationPlatforms) = preSolution
		Debug|Any CPU = Debug|Any CPU
		Release|Any CPU = Release|Any CPU
	EndGlobalSection
	GlobalSection(ProjectConfigurationPlatforms) = postSolution
		{108F2A52-0E14-4AB4-862C-0E1D719858AD}.Debug|Any CPU.ActiveCfg = Debug|Any CPU
		{108F2A52-0E14-4AB4-862C-0E1D719858AD}.Debug|Any CPU.Build.0 = Debug|Any CPU
		{108F2A52-0E14-4AB4-862C-0E1D719858AD}.Release|Any CPU.ActiveCfg = Release|Any CPU
		{108F2A52-0E14-4AB4-862C-0E1D719858AD}.Release|Any CPU.Build.0 = Release|Any CPU
	EndGlobalSection
	GlobalSection(SolutionProperties) = preSolution
		HideSolutionNode = FALSE
	EndGlobalSection
	GlobalSection(ExtensibilityGlobals) = postSolution
		SolutionGuid = {F1833690-4902-4023-8383-391F00BADBAD}
	EndGlobalSection
EndGlobal
