
Microsoft Visual Studio Solution File, Format Version 12.00
# Visual Studio Version 17
VisualStudioVersion = 17.3.32825.248
MinimumVisualStudioVersion = 10.0.40219.1
Project("{FAE04EC0-301F-11D3-BF4B-00C04F79EFBC}") = "randomtombmerettel", "randomtombmerettel\randomtombmerettel.csproj", "{E2C23C60-E77A-434D-9DBD-8C0DBE4ED4AA}"
EndProject
Global
	GlobalSection(SolutionConfigurationPlatforms) = preSolution
		Debug|Any CPU = Debug|Any CPU
		Release|Any CPU = Release|Any CPU
	EndGlobalSection
	GlobalSection(ProjectConfigurationPlatforms) = postSolution
		{E2C23C60-E77A-434D-9DBD-8C0DBE4ED4AA}.Debug|Any CPU.ActiveCfg = Debug|Any CPU
		{E2C23C60-E77A-434D-9DBD-8C0DBE4ED4AA}.Debug|Any CPU.Build.0 = Debug|Any CPU
		{E2C23C60-E77A-434D-9DBD-8C0DBE4ED4AA}.Release|Any CPU.ActiveCfg = Release|Any CPU
		{E2C23C60-E77A-434D-9DBD-8C0DBE4ED4AA}.Release|Any CPU.Build.0 = Release|Any CPU
	EndGlobalSection
	GlobalSection(SolutionProperties) = preSolution
		HideSolutionNode = FALSE
	EndGlobalSection
	GlobalSection(ExtensibilityGlobals) = postSolution
		SolutionGuid = {AA308C44-A5B7-4187-8BDE-AC87BA67CDD2}
	EndGlobalSection
EndGlobal
