
Microsoft Visual Studio Solution File, Format Version 12.00
# Visual Studio Version 17
VisualStudioVersion = 17.3.32825.248
MinimumVisualStudioVersion = 10.0.40219.1
Project("{FAE04EC0-301F-11D3-BF4B-00C04F79EFBC}") = "enum", "enum\enum.csproj", "{ACC84538-0280-42A5-A83D-E16A29B31951}"
EndProject
Global
	GlobalSection(SolutionConfigurationPlatforms) = preSolution
		Debug|Any CPU = Debug|Any CPU
		Release|Any CPU = Release|Any CPU
	EndGlobalSection
	GlobalSection(ProjectConfigurationPlatforms) = postSolution
		{ACC84538-0280-42A5-A83D-E16A29B31951}.Debug|Any CPU.ActiveCfg = Debug|Any CPU
		{ACC84538-0280-42A5-A83D-E16A29B31951}.Debug|Any CPU.Build.0 = Debug|Any CPU
		{ACC84538-0280-42A5-A83D-E16A29B31951}.Release|Any CPU.ActiveCfg = Release|Any CPU
		{ACC84538-0280-42A5-A83D-E16A29B31951}.Release|Any CPU.Build.0 = Release|Any CPU
	EndGlobalSection
	GlobalSection(SolutionProperties) = preSolution
		HideSolutionNode = FALSE
	EndGlobalSection
	GlobalSection(ExtensibilityGlobals) = postSolution
		SolutionGuid = {EC3673FA-4664-4097-8E21-4958F17C8253}
	EndGlobalSection
EndGlobal
