
Microsoft Visual Studio Solution File, Format Version 12.00
# Visual Studio Version 17
VisualStudioVersion = 17.3.32825.248
MinimumVisualStudioVersion = 10.0.40219.1
Project("{FAE04EC0-301F-11D3-BF4B-00C04F79EFBC}") = "ember__2023.I.23", "ember__2023.I.23.\ember__2023.I.23.csproj", "{1C75AD8C-B280-4219-98CE-E9952868AA8E}"
EndProject
Global
	GlobalSection(SolutionConfigurationPlatforms) = preSolution
		Debug|Any CPU = Debug|Any CPU
		Release|Any CPU = Release|Any CPU
	EndGlobalSection
	GlobalSection(ProjectConfigurationPlatforms) = postSolution
		{1C75AD8C-B280-4219-98CE-E9952868AA8E}.Debug|Any CPU.ActiveCfg = Debug|Any CPU
		{1C75AD8C-B280-4219-98CE-E9952868AA8E}.Debug|Any CPU.Build.0 = Debug|Any CPU
		{1C75AD8C-B280-4219-98CE-E9952868AA8E}.Release|Any CPU.ActiveCfg = Release|Any CPU
		{1C75AD8C-B280-4219-98CE-E9952868AA8E}.Release|Any CPU.Build.0 = Release|Any CPU
	EndGlobalSection
	GlobalSection(SolutionProperties) = preSolution
		HideSolutionNode = FALSE
	EndGlobalSection
	GlobalSection(ExtensibilityGlobals) = postSolution
		SolutionGuid = {EFC54442-CD09-4D3E-847F-8132FAF53675}
	EndGlobalSection
EndGlobal
