
Microsoft Visual Studio Solution File, Format Version 12.00
# Visual Studio Version 17
VisualStudioVersion = 17.3.32825.248
MinimumVisualStudioVersion = 10.0.40219.1
Project("{FAE04EC0-301F-11D3-BF4B-00C04F79EFBC}") = "eljarass", "eljarass\eljarass.csproj", "{ED759EC3-4629-496C-8A80-4EE22FDE6754}"
EndProject
Global
	GlobalSection(SolutionConfigurationPlatforms) = preSolution
		Debug|Any CPU = Debug|Any CPU
		Release|Any CPU = Release|Any CPU
	EndGlobalSection
	GlobalSection(ProjectConfigurationPlatforms) = postSolution
		{ED759EC3-4629-496C-8A80-4EE22FDE6754}.Debug|Any CPU.ActiveCfg = Debug|Any CPU
		{ED759EC3-4629-496C-8A80-4EE22FDE6754}.Debug|Any CPU.Build.0 = Debug|Any CPU
		{ED759EC3-4629-496C-8A80-4EE22FDE6754}.Release|Any CPU.ActiveCfg = Release|Any CPU
		{ED759EC3-4629-496C-8A80-4EE22FDE6754}.Release|Any CPU.Build.0 = Release|Any CPU
	EndGlobalSection
	GlobalSection(SolutionProperties) = preSolution
		HideSolutionNode = FALSE
	EndGlobalSection
	GlobalSection(ExtensibilityGlobals) = postSolution
		SolutionGuid = {EF7C24BA-24FF-4679-AD0F-B7C7E2E9134B}
	EndGlobalSection
EndGlobal
