
Microsoft Visual Studio Solution File, Format Version 12.00
# Visual Studio Version 17
VisualStudioVersion = 17.3.32825.248
MinimumVisualStudioVersion = 10.0.40219.1
Project("{FAE04EC0-301F-11D3-BF4B-00C04F79EFBC}") = "3hiba", "3hiba\3hiba.csproj", "{3B96F83E-2CE7-416E-9AD9-DCF2BDEA4D33}"
EndProject
Global
	GlobalSection(SolutionConfigurationPlatforms) = preSolution
		Debug|Any CPU = Debug|Any CPU
		Release|Any CPU = Release|Any CPU
	EndGlobalSection
	GlobalSection(ProjectConfigurationPlatforms) = postSolution
		{3B96F83E-2CE7-416E-9AD9-DCF2BDEA4D33}.Debug|Any CPU.ActiveCfg = Debug|Any CPU
		{3B96F83E-2CE7-416E-9AD9-DCF2BDEA4D33}.Debug|Any CPU.Build.0 = Debug|Any CPU
		{3B96F83E-2CE7-416E-9AD9-DCF2BDEA4D33}.Release|Any CPU.ActiveCfg = Release|Any CPU
		{3B96F83E-2CE7-416E-9AD9-DCF2BDEA4D33}.Release|Any CPU.Build.0 = Release|Any CPU
	EndGlobalSection
	GlobalSection(SolutionProperties) = preSolution
		HideSolutionNode = FALSE
	EndGlobalSection
	GlobalSection(ExtensibilityGlobals) = postSolution
		SolutionGuid = {961EE44D-7CAC-422E-A8DB-B5E38E30BCEA}
	EndGlobalSection
EndGlobal
