
Microsoft Visual Studio Solution File, Format Version 12.00
# Visual Studio Version 17
VisualStudioVersion = 17.3.32825.248
MinimumVisualStudioVersion = 10.0.40219.1
Project("{FAE04EC0-301F-11D3-BF4B-00C04F79EFBC}") = "lista_indexof", "lista_indexof\lista_indexof.csproj", "{5EB7FDBD-D221-471C-8A7E-1152F71426A2}"
EndProject
Global
	GlobalSection(SolutionConfigurationPlatforms) = preSolution
		Debug|Any CPU = Debug|Any CPU
		Release|Any CPU = Release|Any CPU
	EndGlobalSection
	GlobalSection(ProjectConfigurationPlatforms) = postSolution
		{5EB7FDBD-D221-471C-8A7E-1152F71426A2}.Debug|Any CPU.ActiveCfg = Debug|Any CPU
		{5EB7FDBD-D221-471C-8A7E-1152F71426A2}.Debug|Any CPU.Build.0 = Debug|Any CPU
		{5EB7FDBD-D221-471C-8A7E-1152F71426A2}.Release|Any CPU.ActiveCfg = Release|Any CPU
		{5EB7FDBD-D221-471C-8A7E-1152F71426A2}.Release|Any CPU.Build.0 = Release|Any CPU
	EndGlobalSection
	GlobalSection(SolutionProperties) = preSolution
		HideSolutionNode = FALSE
	EndGlobalSection
	GlobalSection(ExtensibilityGlobals) = postSolution
		SolutionGuid = {489D00EC-249B-4DF6-B2F1-67ED9FF6B9BB}
	EndGlobalSection
EndGlobal
