
Microsoft Visual Studio Solution File, Format Version 12.00
# Visual Studio Version 17
VisualStudioVersion = 17.3.32825.248
MinimumVisualStudioVersion = 10.0.40219.1
Project("{FAE04EC0-301F-11D3-BF4B-00C04F79EFBC}") = "döntéspröba", "döntéspröba\döntéspröba.csproj", "{0BB1DA2B-808F-4A3A-9BB3-EE1168F96AD3}"
EndProject
Global
	GlobalSection(SolutionConfigurationPlatforms) = preSolution
		Debug|Any CPU = Debug|Any CPU
		Release|Any CPU = Release|Any CPU
	EndGlobalSection
	GlobalSection(ProjectConfigurationPlatforms) = postSolution
		{0BB1DA2B-808F-4A3A-9BB3-EE1168F96AD3}.Debug|Any CPU.ActiveCfg = Debug|Any CPU
		{0BB1DA2B-808F-4A3A-9BB3-EE1168F96AD3}.Debug|Any CPU.Build.0 = Debug|Any CPU
		{0BB1DA2B-808F-4A3A-9BB3-EE1168F96AD3}.Release|Any CPU.ActiveCfg = Release|Any CPU
		{0BB1DA2B-808F-4A3A-9BB3-EE1168F96AD3}.Release|Any CPU.Build.0 = Release|Any CPU
	EndGlobalSection
	GlobalSection(SolutionProperties) = preSolution
		HideSolutionNode = FALSE
	EndGlobalSection
	GlobalSection(ExtensibilityGlobals) = postSolution
		SolutionGuid = {4EAA8F37-4216-4F6F-8E02-DDB6BE226480}
	EndGlobalSection
EndGlobal
