
Microsoft Visual Studio Solution File, Format Version 12.00
# Visual Studio Version 17
VisualStudioVersion = 17.3.32825.248
MinimumVisualStudioVersion = 10.0.40219.1
Project("{FAE04EC0-301F-11D3-BF4B-00C04F79EFBC}") = "bubirek", "bubirek\bubirek.csproj", "{B213B431-7923-48B6-885F-A5DC2376FAD2}"
EndProject
Global
	GlobalSection(SolutionConfigurationPlatforms) = preSolution
		Debug|Any CPU = Debug|Any CPU
		Release|Any CPU = Release|Any CPU
	EndGlobalSection
	GlobalSection(ProjectConfigurationPlatforms) = postSolution
		{B213B431-7923-48B6-885F-A5DC2376FAD2}.Debug|Any CPU.ActiveCfg = Debug|Any CPU
		{B213B431-7923-48B6-885F-A5DC2376FAD2}.Debug|Any CPU.Build.0 = Debug|Any CPU
		{B213B431-7923-48B6-885F-A5DC2376FAD2}.Release|Any CPU.ActiveCfg = Release|Any CPU
		{B213B431-7923-48B6-885F-A5DC2376FAD2}.Release|Any CPU.Build.0 = Release|Any CPU
	EndGlobalSection
	GlobalSection(SolutionProperties) = preSolution
		HideSolutionNode = FALSE
	EndGlobalSection
	GlobalSection(ExtensibilityGlobals) = postSolution
		SolutionGuid = {12DEDDFA-38E1-46CB-AB62-EBD4A9E38366}
	EndGlobalSection
EndGlobal
