
Microsoft Visual Studio Solution File, Format Version 12.00
# Visual Studio Version 17
VisualStudioVersion = 17.3.32825.248
MinimumVisualStudioVersion = 10.0.40219.1
Project("{FAE04EC0-301F-11D3-BF4B-00C04F79EFBC}") = "minmaxkiv_pelda", "minmaxkiv_pelda\minmaxkiv_pelda.csproj", "{58A670FA-4F04-45B4-BF10-2DB3DA22F9E4}"
EndProject
Global
	GlobalSection(SolutionConfigurationPlatforms) = preSolution
		Debug|Any CPU = Debug|Any CPU
		Release|Any CPU = Release|Any CPU
	EndGlobalSection
	GlobalSection(ProjectConfigurationPlatforms) = postSolution
		{58A670FA-4F04-45B4-BF10-2DB3DA22F9E4}.Debug|Any CPU.ActiveCfg = Debug|Any CPU
		{58A670FA-4F04-45B4-BF10-2DB3DA22F9E4}.Debug|Any CPU.Build.0 = Debug|Any CPU
		{58A670FA-4F04-45B4-BF10-2DB3DA22F9E4}.Release|Any CPU.ActiveCfg = Release|Any CPU
		{58A670FA-4F04-45B4-BF10-2DB3DA22F9E4}.Release|Any CPU.Build.0 = Release|Any CPU
	EndGlobalSection
	GlobalSection(SolutionProperties) = preSolution
		HideSolutionNode = FALSE
	EndGlobalSection
	GlobalSection(ExtensibilityGlobals) = postSolution
		SolutionGuid = {53C6AE83-9A86-4198-A90E-C17F0BDC100D}
	EndGlobalSection
EndGlobal
