
Microsoft Visual Studio Solution File, Format Version 12.00
# Visual Studio Version 17
VisualStudioVersion = 17.3.32825.248
MinimumVisualStudioVersion = 10.0.40219.1
Project("{FAE04EC0-301F-11D3-BF4B-00C04F79EFBC}") = "lottery", "lottery.csproj", "{1B7C2F32-AC5C-4795-B4F3-7B4B6AEA1330}"
EndProject
Global
	GlobalSection(SolutionConfigurationPlatforms) = preSolution
		Debug|Any CPU = Debug|Any CPU
		Release|Any CPU = Release|Any CPU
	EndGlobalSection
	GlobalSection(ProjectConfigurationPlatforms) = postSolution
		{1B7C2F32-AC5C-4795-B4F3-7B4B6AEA1330}.Debug|Any CPU.ActiveCfg = Debug|Any CPU
		{1B7C2F32-AC5C-4795-B4F3-7B4B6AEA1330}.Debug|Any CPU.Build.0 = Debug|Any CPU
		{1B7C2F32-AC5C-4795-B4F3-7B4B6AEA1330}.Release|Any CPU.ActiveCfg = Release|Any CPU
		{1B7C2F32-AC5C-4795-B4F3-7B4B6AEA1330}.Release|Any CPU.Build.0 = Release|Any CPU
	EndGlobalSection
	GlobalSection(SolutionProperties) = preSolution
		HideSolutionNode = FALSE
	EndGlobalSection
	GlobalSection(ExtensibilityGlobals) = postSolution
		SolutionGuid = {1CA0C21E-CB58-41E3-93BF-85CAAFE4F000}
	EndGlobalSection
EndGlobal
