
Microsoft Visual Studio Solution File, Format Version 12.00
# Visual Studio Version 17
VisualStudioVersion = 17.3.32825.248
MinimumVisualStudioVersion = 10.0.40219.1
Project("{FAE04EC0-301F-11D3-BF4B-00C04F79EFBC}") = "buborekos_rendezes", "buborekos_rendezes\buborekos_rendezes.csproj", "{9BFDC46C-12DF-4AC8-AE33-127CF3E8C92A}"
EndProject
Global
	GlobalSection(SolutionConfigurationPlatforms) = preSolution
		Debug|Any CPU = Debug|Any CPU
		Release|Any CPU = Release|Any CPU
	EndGlobalSection
	GlobalSection(ProjectConfigurationPlatforms) = postSolution
		{9BFDC46C-12DF-4AC8-AE33-127CF3E8C92A}.Debug|Any CPU.ActiveCfg = Debug|Any CPU
		{9BFDC46C-12DF-4AC8-AE33-127CF3E8C92A}.Debug|Any CPU.Build.0 = Debug|Any CPU
		{9BFDC46C-12DF-4AC8-AE33-127CF3E8C92A}.Release|Any CPU.ActiveCfg = Release|Any CPU
		{9BFDC46C-12DF-4AC8-AE33-127CF3E8C92A}.Release|Any CPU.Build.0 = Release|Any CPU
	EndGlobalSection
	GlobalSection(SolutionProperties) = preSolution
		HideSolutionNode = FALSE
	EndGlobalSection
	GlobalSection(ExtensibilityGlobals) = postSolution
		SolutionGuid = {4C4D8559-3FEA-4CC6-B442-0A17092BEDFB}
	EndGlobalSection
EndGlobal
