
Microsoft Visual Studio Solution File, Format Version 12.00
# Visual Studio Version 16
VisualStudioVersion = 16.0.32126.315
MinimumVisualStudioVersion = 10.0.40219.1
Project("{FAE04EC0-301F-11D3-BF4B-00C04F79EFBC}") = "sudokuCLI", "sudokuCLI\sudokuCLI.csproj", "{238667D0-D9DA-4FB8-9B51-6CEC2CF72408}"
EndProject
Global
	GlobalSection(SolutionConfigurationPlatforms) = preSolution
		Debug|Any CPU = Debug|Any CPU
		Release|Any CPU = Release|Any CPU
	EndGlobalSection
	GlobalSection(ProjectConfigurationPlatforms) = postSolution
		{238667D0-D9DA-4FB8-9B51-6CEC2CF72408}.Debug|Any CPU.ActiveCfg = Debug|Any CPU
		{238667D0-D9DA-4FB8-9B51-6CEC2CF72408}.Debug|Any CPU.Build.0 = Debug|Any CPU
		{238667D0-D9DA-4FB8-9B51-6CEC2CF72408}.Release|Any CPU.ActiveCfg = Release|Any CPU
		{238667D0-D9DA-4FB8-9B51-6CEC2CF72408}.Release|Any CPU.Build.0 = Release|Any CPU
	EndGlobalSection
	GlobalSection(SolutionProperties) = preSolution
		HideSolutionNode = FALSE
	EndGlobalSection
	GlobalSection(ExtensibilityGlobals) = postSolution
		SolutionGuid = {34A5C8B3-0BFC-4BCE-8A80-1F0B1C060980}
	EndGlobalSection
EndGlobal
