
Microsoft Visual Studio Solution File, Format Version 12.00
# Visual Studio Version 17
VisualStudioVersion = 17.3.32825.248
MinimumVisualStudioVersion = 10.0.40219.1
Project("{FAE04EC0-301F-11D3-BF4B-00C04F79EFBC}") = "sudokuGUI", "sudokuGUI\sudokuGUI.csproj", "{AE7F7CF4-758B-4D20-9B2F-A516C2B745DC}"
EndProject
Global
	GlobalSection(SolutionConfigurationPlatforms) = preSolution
		Debug|Any CPU = Debug|Any CPU
		Release|Any CPU = Release|Any CPU
	EndGlobalSection
	GlobalSection(ProjectConfigurationPlatforms) = postSolution
		{AE7F7CF4-758B-4D20-9B2F-A516C2B745DC}.Debug|Any CPU.ActiveCfg = Debug|Any CPU
		{AE7F7CF4-758B-4D20-9B2F-A516C2B745DC}.Debug|Any CPU.Build.0 = Debug|Any CPU
		{AE7F7CF4-758B-4D20-9B2F-A516C2B745DC}.Release|Any CPU.ActiveCfg = Release|Any CPU
		{AE7F7CF4-758B-4D20-9B2F-A516C2B745DC}.Release|Any CPU.Build.0 = Release|Any CPU
	EndGlobalSection
	GlobalSection(SolutionProperties) = preSolution
		HideSolutionNode = FALSE
	EndGlobalSection
	GlobalSection(ExtensibilityGlobals) = postSolution
		SolutionGuid = {8740DFE5-99E9-41A7-959C-55922C5B363E}
	EndGlobalSection
EndGlobal
