
Microsoft Visual Studio Solution File, Format Version 12.00
# Visual Studio Version 17
VisualStudioVersion = 17.3.32825.248
MinimumVisualStudioVersion = 10.0.40219.1
Project("{FAE04EC0-301F-11D3-BF4B-00C04F79EFBC}") = "kimeneti_valtozo_out", "kimeneti_valtozo_out\kimeneti_valtozo_out.csproj", "{C60781D4-C0ED-41CB-A2EF-AD53623A2F63}"
EndProject
Global
	GlobalSection(SolutionConfigurationPlatforms) = preSolution
		Debug|Any CPU = Debug|Any CPU
		Release|Any CPU = Release|Any CPU
	EndGlobalSection
	GlobalSection(ProjectConfigurationPlatforms) = postSolution
		{C60781D4-C0ED-41CB-A2EF-AD53623A2F63}.Debug|Any CPU.ActiveCfg = Debug|Any CPU
		{C60781D4-C0ED-41CB-A2EF-AD53623A2F63}.Debug|Any CPU.Build.0 = Debug|Any CPU
		{C60781D4-C0ED-41CB-A2EF-AD53623A2F63}.Release|Any CPU.ActiveCfg = Release|Any CPU
		{C60781D4-C0ED-41CB-A2EF-AD53623A2F63}.Release|Any CPU.Build.0 = Release|Any CPU
	EndGlobalSection
	GlobalSection(SolutionProperties) = preSolution
		HideSolutionNode = FALSE
	EndGlobalSection
	GlobalSection(ExtensibilityGlobals) = postSolution
		SolutionGuid = {24B25B14-263D-44F1-ABCB-7AD58DEDF471}
	EndGlobalSection
EndGlobal
