
Microsoft Visual Studio Solution File, Format Version 12.00
# Visual Studio Version 17
VisualStudioVersion = 17.3.32825.248
MinimumVisualStudioVersion = 10.0.40219.1
Project("{FAE04EC0-301F-11D3-BF4B-00C04F79EFBC}") = "parameter_atadas", "parameter_atadas\parameter_atadas.csproj", "{96D11238-B75A-4726-9751-A07760D54B58}"
EndProject
Global
	GlobalSection(SolutionConfigurationPlatforms) = preSolution
		Debug|Any CPU = Debug|Any CPU
		Release|Any CPU = Release|Any CPU
	EndGlobalSection
	GlobalSection(ProjectConfigurationPlatforms) = postSolution
		{96D11238-B75A-4726-9751-A07760D54B58}.Debug|Any CPU.ActiveCfg = Debug|Any CPU
		{96D11238-B75A-4726-9751-A07760D54B58}.Debug|Any CPU.Build.0 = Debug|Any CPU
		{96D11238-B75A-4726-9751-A07760D54B58}.Release|Any CPU.ActiveCfg = Release|Any CPU
		{96D11238-B75A-4726-9751-A07760D54B58}.Release|Any CPU.Build.0 = Release|Any CPU
	EndGlobalSection
	GlobalSection(SolutionProperties) = preSolution
		HideSolutionNode = FALSE
	EndGlobalSection
	GlobalSection(ExtensibilityGlobals) = postSolution
		SolutionGuid = {1D38ABA2-C558-409A-AF3F-317BE9E7626D}
	EndGlobalSection
EndGlobal
