
Microsoft Visual Studio Solution File, Format Version 12.00
# Visual Studio Version 17
VisualStudioVersion = 17.3.32825.248
MinimumVisualStudioVersion = 10.0.40219.1
Project("{FAE04EC0-301F-11D3-BF4B-00C04F79EFBC}") = "sudokuCLI", "sudokuCLI\sudokuCLI.csproj", "{479E1C1C-8DBC-4391-81AD-3C2B1152A3B4}"
EndProject
Global
	GlobalSection(SolutionConfigurationPlatforms) = preSolution
		Debug|Any CPU = Debug|Any CPU
		Release|Any CPU = Release|Any CPU
	EndGlobalSection
	GlobalSection(ProjectConfigurationPlatforms) = postSolution
		{479E1C1C-8DBC-4391-81AD-3C2B1152A3B4}.Debug|Any CPU.ActiveCfg = Debug|Any CPU
		{479E1C1C-8DBC-4391-81AD-3C2B1152A3B4}.Debug|Any CPU.Build.0 = Debug|Any CPU
		{479E1C1C-8DBC-4391-81AD-3C2B1152A3B4}.Release|Any CPU.ActiveCfg = Release|Any CPU
		{479E1C1C-8DBC-4391-81AD-3C2B1152A3B4}.Release|Any CPU.Build.0 = Release|Any CPU
	EndGlobalSection
	GlobalSection(SolutionProperties) = preSolution
		HideSolutionNode = FALSE
	EndGlobalSection
	GlobalSection(ExtensibilityGlobals) = postSolution
		SolutionGuid = {895FFD0F-DB97-4A06-8CA1-BEFC418F2F1C}
	EndGlobalSection
EndGlobal
