
Microsoft Visual Studio Solution File, Format Version 12.00
# Visual Studio Version 17
VisualStudioVersion = 17.3.32825.248
MinimumVisualStudioVersion = 10.0.40219.1
Project("{FAE04EC0-301F-11D3-BF4B-00C04F79EFBC}") = "mátrix 2", "mátrix 2\mátrix 2.csproj", "{E445CEF7-33C3-4D94-81C2-5810CAF52B51}"
EndProject
Global
	GlobalSection(SolutionConfigurationPlatforms) = preSolution
		Debug|Any CPU = Debug|Any CPU
		Release|Any CPU = Release|Any CPU
	EndGlobalSection
	GlobalSection(ProjectConfigurationPlatforms) = postSolution
		{E445CEF7-33C3-4D94-81C2-5810CAF52B51}.Debug|Any CPU.ActiveCfg = Debug|Any CPU
		{E445CEF7-33C3-4D94-81C2-5810CAF52B51}.Debug|Any CPU.Build.0 = Debug|Any CPU
		{E445CEF7-33C3-4D94-81C2-5810CAF52B51}.Release|Any CPU.ActiveCfg = Release|Any CPU
		{E445CEF7-33C3-4D94-81C2-5810CAF52B51}.Release|Any CPU.Build.0 = Release|Any CPU
	EndGlobalSection
	GlobalSection(SolutionProperties) = preSolution
		HideSolutionNode = FALSE
	EndGlobalSection
	GlobalSection(ExtensibilityGlobals) = postSolution
		SolutionGuid = {BCE4FD82-2B7E-4D69-98A7-7EB4A030F231}
	EndGlobalSection
EndGlobal
