
Microsoft Visual Studio Solution File, Format Version 12.00
# Visual Studio Version 16
VisualStudioVersion = 16.0.32126.315
MinimumVisualStudioVersion = 10.0.40219.1
Project("{FAE04EC0-301F-11D3-BF4B-00C04F79EFBC}") = "streamwriter1", "streamwriter1\streamwriter1.csproj", "{916F0FB6-1CA0-41B4-9CFC-16B42DBF68AD}"
EndProject
Global
	GlobalSection(SolutionConfigurationPlatforms) = preSolution
		Debug|Any CPU = Debug|Any CPU
		Release|Any CPU = Release|Any CPU
	EndGlobalSection
	GlobalSection(ProjectConfigurationPlatforms) = postSolution
		{916F0FB6-1CA0-41B4-9CFC-16B42DBF68AD}.Debug|Any CPU.ActiveCfg = Debug|Any CPU
		{916F0FB6-1CA0-41B4-9CFC-16B42DBF68AD}.Debug|Any CPU.Build.0 = Debug|Any CPU
		{916F0FB6-1CA0-41B4-9CFC-16B42DBF68AD}.Release|Any CPU.ActiveCfg = Release|Any CPU
		{916F0FB6-1CA0-41B4-9CFC-16B42DBF68AD}.Release|Any CPU.Build.0 = Release|Any CPU
	EndGlobalSection
	GlobalSection(SolutionProperties) = preSolution
		HideSolutionNode = FALSE
	EndGlobalSection
	GlobalSection(ExtensibilityGlobals) = postSolution
		SolutionGuid = {FF94A4D3-186A-4AF9-85DC-2CB5AB16EAF2}
	EndGlobalSection
EndGlobal
