
Microsoft Visual Studio Solution File, Format Version 12.00
# Visual Studio Version 17
VisualStudioVersion = 17.3.32825.248
MinimumVisualStudioVersion = 10.0.40219.1
Project("{FAE04EC0-301F-11D3-BF4B-00C04F79EFBC}") = "sor", "sor\sor.csproj", "{0B9B3669-7F69-4844-851F-36EED24464DC}"
EndProject
Global
	GlobalSection(SolutionConfigurationPlatforms) = preSolution
		Debug|Any CPU = Debug|Any CPU
		Release|Any CPU = Release|Any CPU
	EndGlobalSection
	GlobalSection(ProjectConfigurationPlatforms) = postSolution
		{0B9B3669-7F69-4844-851F-36EED24464DC}.Debug|Any CPU.ActiveCfg = Debug|Any CPU
		{0B9B3669-7F69-4844-851F-36EED24464DC}.Debug|Any CPU.Build.0 = Debug|Any CPU
		{0B9B3669-7F69-4844-851F-36EED24464DC}.Release|Any CPU.ActiveCfg = Release|Any CPU
		{0B9B3669-7F69-4844-851F-36EED24464DC}.Release|Any CPU.Build.0 = Release|Any CPU
	EndGlobalSection
	GlobalSection(SolutionProperties) = preSolution
		HideSolutionNode = FALSE
	EndGlobalSection
	GlobalSection(ExtensibilityGlobals) = postSolution
		SolutionGuid = {D93BBC30-882F-4E68-89AF-CC353BDC3725}
	EndGlobalSection
EndGlobal
