
Microsoft Visual Studio Solution File, Format Version 12.00
# Visual Studio Version 17
VisualStudioVersion = 17.3.32825.248
MinimumVisualStudioVersion = 10.0.40219.1
Project("{FAE04EC0-301F-11D3-BF4B-00C04F79EFBC}") = "randomfeltolt", "randomfeltolt\randomfeltolt.csproj", "{212F9DFA-1916-4B54-93F1-15F53F67FAC6}"
EndProject
Global
	GlobalSection(SolutionConfigurationPlatforms) = preSolution
		Debug|Any CPU = Debug|Any CPU
		Release|Any CPU = Release|Any CPU
	EndGlobalSection
	GlobalSection(ProjectConfigurationPlatforms) = postSolution
		{212F9DFA-1916-4B54-93F1-15F53F67FAC6}.Debug|Any CPU.ActiveCfg = Debug|Any CPU
		{212F9DFA-1916-4B54-93F1-15F53F67FAC6}.Debug|Any CPU.Build.0 = Debug|Any CPU
		{212F9DFA-1916-4B54-93F1-15F53F67FAC6}.Release|Any CPU.ActiveCfg = Release|Any CPU
		{212F9DFA-1916-4B54-93F1-15F53F67FAC6}.Release|Any CPU.Build.0 = Release|Any CPU
	EndGlobalSection
	GlobalSection(SolutionProperties) = preSolution
		HideSolutionNode = FALSE
	EndGlobalSection
	GlobalSection(ExtensibilityGlobals) = postSolution
		SolutionGuid = {A24A83F4-4963-43B5-A706-5284C5026EB7}
	EndGlobalSection
EndGlobal
