
Microsoft Visual Studio Solution File, Format Version 12.00
# Visual Studio Version 17
VisualStudioVersion = 17.3.32825.248
MinimumVisualStudioVersion = 10.0.40219.1
Project("{FAE04EC0-301F-11D3-BF4B-00C04F79EFBC}") = "iskola", "iskola.csproj", "{BFCB1580-2977-4B76-8B04-49867DB96BC6}"
EndProject
Global
	GlobalSection(SolutionConfigurationPlatforms) = preSolution
		Debug|Any CPU = Debug|Any CPU
		Release|Any CPU = Release|Any CPU
	EndGlobalSection
	GlobalSection(ProjectConfigurationPlatforms) = postSolution
		{BFCB1580-2977-4B76-8B04-49867DB96BC6}.Debug|Any CPU.ActiveCfg = Debug|Any CPU
		{BFCB1580-2977-4B76-8B04-49867DB96BC6}.Debug|Any CPU.Build.0 = Debug|Any CPU
		{BFCB1580-2977-4B76-8B04-49867DB96BC6}.Release|Any CPU.ActiveCfg = Release|Any CPU
		{BFCB1580-2977-4B76-8B04-49867DB96BC6}.Release|Any CPU.Build.0 = Release|Any CPU
	EndGlobalSection
	GlobalSection(SolutionProperties) = preSolution
		HideSolutionNode = FALSE
	EndGlobalSection
	GlobalSection(ExtensibilityGlobals) = postSolution
		SolutionGuid = {3D99D019-33A4-4DF4-970F-204E807D5993}
	EndGlobalSection
EndGlobal
