
Microsoft Visual Studio Solution File, Format Version 12.00
# Visual Studio Version 17
VisualStudioVersion = 17.3.32825.248
MinimumVisualStudioVersion = 10.0.40219.1
Project("{FAE04EC0-301F-11D3-BF4B-00C04F79EFBC}") = "hátultesztelő", "hátultesztelő\hátultesztelő.csproj", "{DFB68ED4-4DCC-4F5C-AE1A-60BD95113D2D}"
EndProject
Global
	GlobalSection(SolutionConfigurationPlatforms) = preSolution
		Debug|Any CPU = Debug|Any CPU
		Release|Any CPU = Release|Any CPU
	EndGlobalSection
	GlobalSection(ProjectConfigurationPlatforms) = postSolution
		{DFB68ED4-4DCC-4F5C-AE1A-60BD95113D2D}.Debug|Any CPU.ActiveCfg = Debug|Any CPU
		{DFB68ED4-4DCC-4F5C-AE1A-60BD95113D2D}.Debug|Any CPU.Build.0 = Debug|Any CPU
		{DFB68ED4-4DCC-4F5C-AE1A-60BD95113D2D}.Release|Any CPU.ActiveCfg = Release|Any CPU
		{DFB68ED4-4DCC-4F5C-AE1A-60BD95113D2D}.Release|Any CPU.Build.0 = Release|Any CPU
	EndGlobalSection
	GlobalSection(SolutionProperties) = preSolution
		HideSolutionNode = FALSE
	EndGlobalSection
	GlobalSection(ExtensibilityGlobals) = postSolution
		SolutionGuid = {72304EE1-0E31-46C9-AABF-F49F13E2290A}
	EndGlobalSection
EndGlobal
