
Microsoft Visual Studio Solution File, Format Version 12.00
# Visual Studio Version 17
VisualStudioVersion = 17.3.32825.248
MinimumVisualStudioVersion = 10.0.40219.1
Project("{FAE04EC0-301F-11D3-BF4B-00C04F79EFBC}") = "ref_parameter_atadas", "ref_parameter_atadas\ref_parameter_atadas.csproj", "{1EF3ECD3-9466-4234-97E1-FC4D3006270B}"
EndProject
Global
	GlobalSection(SolutionConfigurationPlatforms) = preSolution
		Debug|Any CPU = Debug|Any CPU
		Release|Any CPU = Release|Any CPU
	EndGlobalSection
	GlobalSection(ProjectConfigurationPlatforms) = postSolution
		{1EF3ECD3-9466-4234-97E1-FC4D3006270B}.Debug|Any CPU.ActiveCfg = Debug|Any CPU
		{1EF3ECD3-9466-4234-97E1-FC4D3006270B}.Debug|Any CPU.Build.0 = Debug|Any CPU
		{1EF3ECD3-9466-4234-97E1-FC4D3006270B}.Release|Any CPU.ActiveCfg = Release|Any CPU
		{1EF3ECD3-9466-4234-97E1-FC4D3006270B}.Release|Any CPU.Build.0 = Release|Any CPU
	EndGlobalSection
	GlobalSection(SolutionProperties) = preSolution
		HideSolutionNode = FALSE
	EndGlobalSection
	GlobalSection(ExtensibilityGlobals) = postSolution
		SolutionGuid = {933E4B88-9822-4D8D-AA6A-F53F249F43FC}
	EndGlobalSection
EndGlobal
