
Microsoft Visual Studio Solution File, Format Version 12.00
# Visual Studio Version 17
VisualStudioVersion = 17.3.32825.248
MinimumVisualStudioVersion = 10.0.40219.1
Project("{FAE04EC0-301F-11D3-BF4B-00C04F79EFBC}") = "osszetett_listak", "osszetett_listak\osszetett_listak.csproj", "{2A794F9A-7550-4F1B-A490-E8DD33898C6D}"
EndProject
Global
	GlobalSection(SolutionConfigurationPlatforms) = preSolution
		Debug|Any CPU = Debug|Any CPU
		Release|Any CPU = Release|Any CPU
	EndGlobalSection
	GlobalSection(ProjectConfigurationPlatforms) = postSolution
		{2A794F9A-7550-4F1B-A490-E8DD33898C6D}.Debug|Any CPU.ActiveCfg = Debug|Any CPU
		{2A794F9A-7550-4F1B-A490-E8DD33898C6D}.Debug|Any CPU.Build.0 = Debug|Any CPU
		{2A794F9A-7550-4F1B-A490-E8DD33898C6D}.Release|Any CPU.ActiveCfg = Release|Any CPU
		{2A794F9A-7550-4F1B-A490-E8DD33898C6D}.Release|Any CPU.Build.0 = Release|Any CPU
	EndGlobalSection
	GlobalSection(SolutionProperties) = preSolution
		HideSolutionNode = FALSE
	EndGlobalSection
	GlobalSection(ExtensibilityGlobals) = postSolution
		SolutionGuid = {F4B8B250-179A-4B5F-8FE4-0038AB8BE878}
	EndGlobalSection
EndGlobal
