
Microsoft Visual Studio Solution File, Format Version 12.00
# Visual Studio Version 16
VisualStudioVersion = 16.0.32126.315
MinimumVisualStudioVersion = 10.0.40219.1
Project("{FAE04EC0-301F-11D3-BF4B-00C04F79EFBC}") = "hibakezeles", "hibakezeles\hibakezeles.csproj", "{90D4C29E-F95D-4482-B3B1-E02723C78958}"
EndProject
Global
	GlobalSection(SolutionConfigurationPlatforms) = preSolution
		Debug|Any CPU = Debug|Any CPU
		Release|Any CPU = Release|Any CPU
	EndGlobalSection
	GlobalSection(ProjectConfigurationPlatforms) = postSolution
		{90D4C29E-F95D-4482-B3B1-E02723C78958}.Debug|Any CPU.ActiveCfg = Debug|Any CPU
		{90D4C29E-F95D-4482-B3B1-E02723C78958}.Debug|Any CPU.Build.0 = Debug|Any CPU
		{90D4C29E-F95D-4482-B3B1-E02723C78958}.Release|Any CPU.ActiveCfg = Release|Any CPU
		{90D4C29E-F95D-4482-B3B1-E02723C78958}.Release|Any CPU.Build.0 = Release|Any CPU
	EndGlobalSection
	GlobalSection(SolutionProperties) = preSolution
		HideSolutionNode = FALSE
	EndGlobalSection
	GlobalSection(ExtensibilityGlobals) = postSolution
		SolutionGuid = {39623BDA-3DD5-400D-A4DE-6A9DFDB8E58C}
	EndGlobalSection
EndGlobal
