
Microsoft Visual Studio Solution File, Format Version 12.00
# Visual Studio Version 17
VisualStudioVersion = 17.3.32825.248
MinimumVisualStudioVersion = 10.0.40219.1
Project("{FAE04EC0-301F-11D3-BF4B-00C04F79EFBC}") = "ember", "ember\ember.csproj", "{23C6774C-F270-4DD3-822E-2BD62F9902BB}"
EndProject
Global
	GlobalSection(SolutionConfigurationPlatforms) = preSolution
		Debug|Any CPU = Debug|Any CPU
		Release|Any CPU = Release|Any CPU
	EndGlobalSection
	GlobalSection(ProjectConfigurationPlatforms) = postSolution
		{23C6774C-F270-4DD3-822E-2BD62F9902BB}.Debug|Any CPU.ActiveCfg = Debug|Any CPU
		{23C6774C-F270-4DD3-822E-2BD62F9902BB}.Debug|Any CPU.Build.0 = Debug|Any CPU
		{23C6774C-F270-4DD3-822E-2BD62F9902BB}.Release|Any CPU.ActiveCfg = Release|Any CPU
		{23C6774C-F270-4DD3-822E-2BD62F9902BB}.Release|Any CPU.Build.0 = Release|Any CPU
	EndGlobalSection
	GlobalSection(SolutionProperties) = preSolution
		HideSolutionNode = FALSE
	EndGlobalSection
	GlobalSection(ExtensibilityGlobals) = postSolution
		SolutionGuid = {2523E180-2346-4156-8059-7691210A4D22}
	EndGlobalSection
EndGlobal
