
Microsoft Visual Studio Solution File, Format Version 12.00
# Visual Studio Version 16
VisualStudioVersion = 16.0.32126.315
MinimumVisualStudioVersion = 10.0.40219.1
Project("{FAE04EC0-301F-11D3-BF4B-00C04F79EFBC}") = "verem", "verem\verem.csproj", "{89AC07AB-3A4D-4548-824F-18D53147D5B2}"
EndProject
Global
	GlobalSection(SolutionConfigurationPlatforms) = preSolution
		Debug|Any CPU = Debug|Any CPU
		Release|Any CPU = Release|Any CPU
	EndGlobalSection
	GlobalSection(ProjectConfigurationPlatforms) = postSolution
		{89AC07AB-3A4D-4548-824F-18D53147D5B2}.Debug|Any CPU.ActiveCfg = Debug|Any CPU
		{89AC07AB-3A4D-4548-824F-18D53147D5B2}.Debug|Any CPU.Build.0 = Debug|Any CPU
		{89AC07AB-3A4D-4548-824F-18D53147D5B2}.Release|Any CPU.ActiveCfg = Release|Any CPU
		{89AC07AB-3A4D-4548-824F-18D53147D5B2}.Release|Any CPU.Build.0 = Release|Any CPU
	EndGlobalSection
	GlobalSection(SolutionProperties) = preSolution
		HideSolutionNode = FALSE
	EndGlobalSection
	GlobalSection(ExtensibilityGlobals) = postSolution
		SolutionGuid = {DA1A6EE7-C181-446C-99A5-B7DECEF557BC}
	EndGlobalSection
EndGlobal
