
Microsoft Visual Studio Solution File, Format Version 12.00
# Visual Studio Version 17
VisualStudioVersion = 17.3.32825.248
MinimumVisualStudioVersion = 10.0.40219.1
Project("{FAE04EC0-301F-11D3-BF4B-00C04F79EFBC}") = "wfertasg", "wfertasg\wfertasg.csproj", "{4ADC90CB-7E1C-4294-81E3-D6FC62C7398D}"
EndProject
Global
	GlobalSection(SolutionConfigurationPlatforms) = preSolution
		Debug|Any CPU = Debug|Any CPU
		Release|Any CPU = Release|Any CPU
	EndGlobalSection
	GlobalSection(ProjectConfigurationPlatforms) = postSolution
		{4ADC90CB-7E1C-4294-81E3-D6FC62C7398D}.Debug|Any CPU.ActiveCfg = Debug|Any CPU
		{4ADC90CB-7E1C-4294-81E3-D6FC62C7398D}.Debug|Any CPU.Build.0 = Debug|Any CPU
		{4ADC90CB-7E1C-4294-81E3-D6FC62C7398D}.Release|Any CPU.ActiveCfg = Release|Any CPU
		{4ADC90CB-7E1C-4294-81E3-D6FC62C7398D}.Release|Any CPU.Build.0 = Release|Any CPU
	EndGlobalSection
	GlobalSection(SolutionProperties) = preSolution
		HideSolutionNode = FALSE
	EndGlobalSection
	GlobalSection(ExtensibilityGlobals) = postSolution
		SolutionGuid = {434D05D1-AC79-4400-A4A2-447D03252324}
	EndGlobalSection
EndGlobal
