
Microsoft Visual Studio Solution File, Format Version 12.00
# Visual Studio Version 17
VisualStudioVersion = 17.3.32825.248
MinimumVisualStudioVersion = 10.0.40219.1
Project("{FAE04EC0-301F-11D3-BF4B-00C04F79EFBC}") = "matrix1feladat", "matrix1feladat\matrix1feladat.csproj", "{11185FBB-098F-4173-B979-8285148A6AD1}"
EndProject
Global
	GlobalSection(SolutionConfigurationPlatforms) = preSolution
		Debug|Any CPU = Debug|Any CPU
		Release|Any CPU = Release|Any CPU
	EndGlobalSection
	GlobalSection(ProjectConfigurationPlatforms) = postSolution
		{11185FBB-098F-4173-B979-8285148A6AD1}.Debug|Any CPU.ActiveCfg = Debug|Any CPU
		{11185FBB-098F-4173-B979-8285148A6AD1}.Debug|Any CPU.Build.0 = Debug|Any CPU
		{11185FBB-098F-4173-B979-8285148A6AD1}.Release|Any CPU.ActiveCfg = Release|Any CPU
		{11185FBB-098F-4173-B979-8285148A6AD1}.Release|Any CPU.Build.0 = Release|Any CPU
	EndGlobalSection
	GlobalSection(SolutionProperties) = preSolution
		HideSolutionNode = FALSE
	EndGlobalSection
	GlobalSection(ExtensibilityGlobals) = postSolution
		SolutionGuid = {312F6F77-2911-4C60-9CC8-578259905762}
	EndGlobalSection
EndGlobal
