
Microsoft Visual Studio Solution File, Format Version 12.00
# Visual Studio Version 17
VisualStudioVersion = 17.3.32825.248
MinimumVisualStudioVersion = 10.0.40219.1
Project("{FAE04EC0-301F-11D3-BF4B-00C04F79EFBC}") = "streamwriter3", "streamwriter3\streamwriter3.csproj", "{ED4EA551-F474-4908-AD5D-E0102BFFD724}"
EndProject
Global
	GlobalSection(SolutionConfigurationPlatforms) = preSolution
		Debug|Any CPU = Debug|Any CPU
		Release|Any CPU = Release|Any CPU
	EndGlobalSection
	GlobalSection(ProjectConfigurationPlatforms) = postSolution
		{ED4EA551-F474-4908-AD5D-E0102BFFD724}.Debug|Any CPU.ActiveCfg = Debug|Any CPU
		{ED4EA551-F474-4908-AD5D-E0102BFFD724}.Debug|Any CPU.Build.0 = Debug|Any CPU
		{ED4EA551-F474-4908-AD5D-E0102BFFD724}.Release|Any CPU.ActiveCfg = Release|Any CPU
		{ED4EA551-F474-4908-AD5D-E0102BFFD724}.Release|Any CPU.Build.0 = Release|Any CPU
	EndGlobalSection
	GlobalSection(SolutionProperties) = preSolution
		HideSolutionNode = FALSE
	EndGlobalSection
	GlobalSection(ExtensibilityGlobals) = postSolution
		SolutionGuid = {C1F170E0-5C87-4051-9348-E85E5B46551E}
	EndGlobalSection
EndGlobal
