
Microsoft Visual Studio Solution File, Format Version 12.00
# Visual Studio Version 16
VisualStudioVersion = 16.0.32126.315
MinimumVisualStudioVersion = 10.0.40219.1
Project("{FAE04EC0-301F-11D3-BF4B-00C04F79EFBC}") = "linkedlist_addafter", "linkedlist_addafter\linkedlist_addafter.csproj", "{2874AB4D-B637-4218-93DF-DEB7FED90924}"
EndProject
Global
	GlobalSection(SolutionConfigurationPlatforms) = preSolution
		Debug|Any CPU = Debug|Any CPU
		Release|Any CPU = Release|Any CPU
	EndGlobalSection
	GlobalSection(ProjectConfigurationPlatforms) = postSolution
		{2874AB4D-B637-4218-93DF-DEB7FED90924}.Debug|Any CPU.ActiveCfg = Debug|Any CPU
		{2874AB4D-B637-4218-93DF-DEB7FED90924}.Debug|Any CPU.Build.0 = Debug|Any CPU
		{2874AB4D-B637-4218-93DF-DEB7FED90924}.Release|Any CPU.ActiveCfg = Release|Any CPU
		{2874AB4D-B637-4218-93DF-DEB7FED90924}.Release|Any CPU.Build.0 = Release|Any CPU
	EndGlobalSection
	GlobalSection(SolutionProperties) = preSolution
		HideSolutionNode = FALSE
	EndGlobalSection
	GlobalSection(ExtensibilityGlobals) = postSolution
		SolutionGuid = {F64A2179-3C5A-4052-BC3D-26BBAF872735}
	EndGlobalSection
EndGlobal
