
Microsoft Visual Studio Solution File, Format Version 12.00
# Visual Studio Version 17
VisualStudioVersion = 17.3.32825.248
MinimumVisualStudioVersion = 10.0.40219.1
Project("{FAE04EC0-301F-11D3-BF4B-00C04F79EFBC}") = "enum2", "enum2.csproj", "{DC43E9D4-DDFC-49FC-9F54-45171C4CCA57}"
EndProject
Global
	GlobalSection(SolutionConfigurationPlatforms) = preSolution
		Debug|Any CPU = Debug|Any CPU
		Release|Any CPU = Release|Any CPU
	EndGlobalSection
	GlobalSection(ProjectConfigurationPlatforms) = postSolution
		{DC43E9D4-DDFC-49FC-9F54-45171C4CCA57}.Debug|Any CPU.ActiveCfg = Debug|Any CPU
		{DC43E9D4-DDFC-49FC-9F54-45171C4CCA57}.Debug|Any CPU.Build.0 = Debug|Any CPU
		{DC43E9D4-DDFC-49FC-9F54-45171C4CCA57}.Release|Any CPU.ActiveCfg = Release|Any CPU
		{DC43E9D4-DDFC-49FC-9F54-45171C4CCA57}.Release|Any CPU.Build.0 = Release|Any CPU
	EndGlobalSection
	GlobalSection(SolutionProperties) = preSolution
		HideSolutionNode = FALSE
	EndGlobalSection
	GlobalSection(ExtensibilityGlobals) = postSolution
		SolutionGuid = {C94BFE38-0C2E-424D-99D4-3BB030D0F4EE}
	EndGlobalSection
EndGlobal
