
Microsoft Visual Studio Solution File, Format Version 12.00
# Visual Studio Version 17
VisualStudioVersion = 17.3.32825.248
MinimumVisualStudioVersion = 10.0.40219.1
Project("{FAE04EC0-301F-11D3-BF4B-00C04F79EFBC}") = "osszetetet lista", "osszetetet lista\osszetetet lista.csproj", "{36CCC9F4-3B09-4EEC-A127-65357FF48724}"
EndProject
Global
	GlobalSection(SolutionConfigurationPlatforms) = preSolution
		Debug|Any CPU = Debug|Any CPU
		Release|Any CPU = Release|Any CPU
	EndGlobalSection
	GlobalSection(ProjectConfigurationPlatforms) = postSolution
		{36CCC9F4-3B09-4EEC-A127-65357FF48724}.Debug|Any CPU.ActiveCfg = Debug|Any CPU
		{36CCC9F4-3B09-4EEC-A127-65357FF48724}.Debug|Any CPU.Build.0 = Debug|Any CPU
		{36CCC9F4-3B09-4EEC-A127-65357FF48724}.Release|Any CPU.ActiveCfg = Release|Any CPU
		{36CCC9F4-3B09-4EEC-A127-65357FF48724}.Release|Any CPU.Build.0 = Release|Any CPU
	EndGlobalSection
	GlobalSection(SolutionProperties) = preSolution
		HideSolutionNode = FALSE
	EndGlobalSection
	GlobalSection(ExtensibilityGlobals) = postSolution
		SolutionGuid = {ACE5A912-C47A-4D2D-A732-9FF8EB96AEC3}
	EndGlobalSection
EndGlobal
