
Microsoft Visual Studio Solution File, Format Version 12.00
# Visual Studio Version 17
VisualStudioVersion = 17.3.32825.248
MinimumVisualStudioVersion = 10.0.40219.1
Project("{FAE04EC0-301F-11D3-BF4B-00C04F79EFBC}") = "tulterheles", "tulterheles.csproj", "{C6FB6EA0-89E5-4B16-8A05-13020A0554B7}"
EndProject
Global
	GlobalSection(SolutionConfigurationPlatforms) = preSolution
		Debug|Any CPU = Debug|Any CPU
		Release|Any CPU = Release|Any CPU
	EndGlobalSection
	GlobalSection(ProjectConfigurationPlatforms) = postSolution
		{C6FB6EA0-89E5-4B16-8A05-13020A0554B7}.Debug|Any CPU.ActiveCfg = Debug|Any CPU
		{C6FB6EA0-89E5-4B16-8A05-13020A0554B7}.Debug|Any CPU.Build.0 = Debug|Any CPU
		{C6FB6EA0-89E5-4B16-8A05-13020A0554B7}.Release|Any CPU.ActiveCfg = Release|Any CPU
		{C6FB6EA0-89E5-4B16-8A05-13020A0554B7}.Release|Any CPU.Build.0 = Release|Any CPU
	EndGlobalSection
	GlobalSection(SolutionProperties) = preSolution
		HideSolutionNode = FALSE
	EndGlobalSection
	GlobalSection(ExtensibilityGlobals) = postSolution
		SolutionGuid = {E8BC56C3-C003-4CE7-A71B-007AC8802A07}
	EndGlobalSection
EndGlobal
