
Microsoft Visual Studio Solution File, Format Version 12.00
# Visual Studio Version 17
VisualStudioVersion = 17.3.32825.248
MinimumVisualStudioVersion = 10.0.40219.1
Project("{FAE04EC0-301F-11D3-BF4B-00C04F79EFBC}") = "streamwriter1", "streamwriter1\streamwriter1.csproj", "{BC627855-041B-414F-9883-14E66D304007}"
EndProject
Global
	GlobalSection(SolutionConfigurationPlatforms) = preSolution
		Debug|Any CPU = Debug|Any CPU
		Release|Any CPU = Release|Any CPU
	EndGlobalSection
	GlobalSection(ProjectConfigurationPlatforms) = postSolution
		{BC627855-041B-414F-9883-14E66D304007}.Debug|Any CPU.ActiveCfg = Debug|Any CPU
		{BC627855-041B-414F-9883-14E66D304007}.Debug|Any CPU.Build.0 = Debug|Any CPU
		{BC627855-041B-414F-9883-14E66D304007}.Release|Any CPU.ActiveCfg = Release|Any CPU
		{BC627855-041B-414F-9883-14E66D304007}.Release|Any CPU.Build.0 = Release|Any CPU
	EndGlobalSection
	GlobalSection(SolutionProperties) = preSolution
		HideSolutionNode = FALSE
	EndGlobalSection
	GlobalSection(ExtensibilityGlobals) = postSolution
		SolutionGuid = {A06BAEBD-BE2E-41D6-AB9F-05B58DD2808E}
	EndGlobalSection
EndGlobal
