
Microsoft Visual Studio Solution File, Format Version 12.00
# Visual Studio Version 17
VisualStudioVersion = 17.3.32825.248
MinimumVisualStudioVersion = 10.0.40219.1
Project("{FAE04EC0-301F-11D3-BF4B-00C04F79EFBC}") = "makiverem,monke_joke", "makiverem,monke_joke\makiverem,monke_joke.csproj", "{C4AE9FA6-4C8A-4A5A-B64F-2CBA598B399E}"
EndProject
Global
	GlobalSection(SolutionConfigurationPlatforms) = preSolution
		Debug|Any CPU = Debug|Any CPU
		Release|Any CPU = Release|Any CPU
	EndGlobalSection
	GlobalSection(ProjectConfigurationPlatforms) = postSolution
		{C4AE9FA6-4C8A-4A5A-B64F-2CBA598B399E}.Debug|Any CPU.ActiveCfg = Debug|Any CPU
		{C4AE9FA6-4C8A-4A5A-B64F-2CBA598B399E}.Debug|Any CPU.Build.0 = Debug|Any CPU
		{C4AE9FA6-4C8A-4A5A-B64F-2CBA598B399E}.Release|Any CPU.ActiveCfg = Release|Any CPU
		{C4AE9FA6-4C8A-4A5A-B64F-2CBA598B399E}.Release|Any CPU.Build.0 = Release|Any CPU
	EndGlobalSection
	GlobalSection(SolutionProperties) = preSolution
		HideSolutionNode = FALSE
	EndGlobalSection
	GlobalSection(ExtensibilityGlobals) = postSolution
		SolutionGuid = {0D116EDE-473F-44D5-86BE-4D8C0001E857}
	EndGlobalSection
EndGlobal
