
Microsoft Visual Studio Solution File, Format Version 12.00
# Visual Studio Version 17
VisualStudioVersion = 17.3.32825.248
MinimumVisualStudioVersion = 10.0.40219.1
Project("{FAE04EC0-301F-11D3-BF4B-00C04F79EFBC}") = "szamkitalalo", "szamkitalalo\szamkitalalo.csproj", "{BE417360-79D9-4200-98A3-5C1CC515C1C3}"
EndProject
Global
	GlobalSection(SolutionConfigurationPlatforms) = preSolution
		Debug|Any CPU = Debug|Any CPU
		Release|Any CPU = Release|Any CPU
	EndGlobalSection
	GlobalSection(ProjectConfigurationPlatforms) = postSolution
		{BE417360-79D9-4200-98A3-5C1CC515C1C3}.Debug|Any CPU.ActiveCfg = Debug|Any CPU
		{BE417360-79D9-4200-98A3-5C1CC515C1C3}.Debug|Any CPU.Build.0 = Debug|Any CPU
		{BE417360-79D9-4200-98A3-5C1CC515C1C3}.Release|Any CPU.ActiveCfg = Release|Any CPU
		{BE417360-79D9-4200-98A3-5C1CC515C1C3}.Release|Any CPU.Build.0 = Release|Any CPU
	EndGlobalSection
	GlobalSection(SolutionProperties) = preSolution
		HideSolutionNode = FALSE
	EndGlobalSection
	GlobalSection(ExtensibilityGlobals) = postSolution
		SolutionGuid = {CDCF7259-E4AC-4DA4-A1FF-120FDC7AB20D}
	EndGlobalSection
EndGlobal
