
Microsoft Visual Studio Solution File, Format Version 12.00
# Visual Studio Version 17
VisualStudioVersion = 17.3.32825.248
MinimumVisualStudioVersion = 10.0.40219.1
Project("{FAE04EC0-301F-11D3-BF4B-00C04F79EFBC}") = "kuty", "kuty\kuty.csproj", "{83C9FA97-E183-4A1D-9ADC-467D5309BFAC}"
EndProject
Global
	GlobalSection(SolutionConfigurationPlatforms) = preSolution
		Debug|Any CPU = Debug|Any CPU
		Release|Any CPU = Release|Any CPU
	EndGlobalSection
	GlobalSection(ProjectConfigurationPlatforms) = postSolution
		{83C9FA97-E183-4A1D-9ADC-467D5309BFAC}.Debug|Any CPU.ActiveCfg = Debug|Any CPU
		{83C9FA97-E183-4A1D-9ADC-467D5309BFAC}.Debug|Any CPU.Build.0 = Debug|Any CPU
		{83C9FA97-E183-4A1D-9ADC-467D5309BFAC}.Release|Any CPU.ActiveCfg = Release|Any CPU
		{83C9FA97-E183-4A1D-9ADC-467D5309BFAC}.Release|Any CPU.Build.0 = Release|Any CPU
	EndGlobalSection
	GlobalSection(SolutionProperties) = preSolution
		HideSolutionNode = FALSE
	EndGlobalSection
	GlobalSection(ExtensibilityGlobals) = postSolution
		SolutionGuid = {98AC791E-4CB2-417B-8BF1-9655C54A20E2}
	EndGlobalSection
EndGlobal
