
Microsoft Visual Studio Solution File, Format Version 12.00
# Visual Studio Version 17
VisualStudioVersion = 17.3.32825.248
MinimumVisualStudioVersion = 10.0.40219.1
Project("{FAE04EC0-301F-11D3-BF4B-00C04F79EFBC}") = "vele", "vele\vele.csproj", "{DF8920DE-59DF-4303-9D7B-6CBCF7055F28}"
EndProject
Global
	GlobalSection(SolutionConfigurationPlatforms) = preSolution
		Debug|Any CPU = Debug|Any CPU
		Release|Any CPU = Release|Any CPU
	EndGlobalSection
	GlobalSection(ProjectConfigurationPlatforms) = postSolution
		{DF8920DE-59DF-4303-9D7B-6CBCF7055F28}.Debug|Any CPU.ActiveCfg = Debug|Any CPU
		{DF8920DE-59DF-4303-9D7B-6CBCF7055F28}.Debug|Any CPU.Build.0 = Debug|Any CPU
		{DF8920DE-59DF-4303-9D7B-6CBCF7055F28}.Release|Any CPU.ActiveCfg = Release|Any CPU
		{DF8920DE-59DF-4303-9D7B-6CBCF7055F28}.Release|Any CPU.Build.0 = Release|Any CPU
	EndGlobalSection
	GlobalSection(SolutionProperties) = preSolution
		HideSolutionNode = FALSE
	EndGlobalSection
	GlobalSection(ExtensibilityGlobals) = postSolution
		SolutionGuid = {0D055815-2312-4526-B4D3-8F7B8A3BFAFE}
	EndGlobalSection
EndGlobal
