
Microsoft Visual Studio Solution File, Format Version 12.00
# Visual Studio Version 17
VisualStudioVersion = 17.3.32825.248
MinimumVisualStudioVersion = 10.0.40219.1
Project("{FAE04EC0-301F-11D3-BF4B-00C04F79EFBC}") = "eldontes_pelda", "eldontes_pelda\eldontes_pelda.csproj", "{8350F79F-B0DA-47D7-9C41-1699F36729F0}"
EndProject
Global
	GlobalSection(SolutionConfigurationPlatforms) = preSolution
		Debug|Any CPU = Debug|Any CPU
		Release|Any CPU = Release|Any CPU
	EndGlobalSection
	GlobalSection(ProjectConfigurationPlatforms) = postSolution
		{8350F79F-B0DA-47D7-9C41-1699F36729F0}.Debug|Any CPU.ActiveCfg = Debug|Any CPU
		{8350F79F-B0DA-47D7-9C41-1699F36729F0}.Debug|Any CPU.Build.0 = Debug|Any CPU
		{8350F79F-B0DA-47D7-9C41-1699F36729F0}.Release|Any CPU.ActiveCfg = Release|Any CPU
		{8350F79F-B0DA-47D7-9C41-1699F36729F0}.Release|Any CPU.Build.0 = Release|Any CPU
	EndGlobalSection
	GlobalSection(SolutionProperties) = preSolution
		HideSolutionNode = FALSE
	EndGlobalSection
	GlobalSection(ExtensibilityGlobals) = postSolution
		SolutionGuid = {B33CA7C4-DEA1-44C3-B8B3-4635AAEC3237}
	EndGlobalSection
EndGlobal
