
Microsoft Visual Studio Solution File, Format Version 12.00
# Visual Studio Version 17
VisualStudioVersion = 17.3.32825.248
MinimumVisualStudioVersion = 10.0.40219.1
Project("{FAE04EC0-301F-11D3-BF4B-00C04F79EFBC}") = "random tomb merete", "random tomb merete\random tomb merete.csproj", "{C5C408AE-A272-4C33-B967-0D99A366B913}"
EndProject
Global
	GlobalSection(SolutionConfigurationPlatforms) = preSolution
		Debug|Any CPU = Debug|Any CPU
		Release|Any CPU = Release|Any CPU
	EndGlobalSection
	GlobalSection(ProjectConfigurationPlatforms) = postSolution
		{C5C408AE-A272-4C33-B967-0D99A366B913}.Debug|Any CPU.ActiveCfg = Debug|Any CPU
		{C5C408AE-A272-4C33-B967-0D99A366B913}.Debug|Any CPU.Build.0 = Debug|Any CPU
		{C5C408AE-A272-4C33-B967-0D99A366B913}.Release|Any CPU.ActiveCfg = Release|Any CPU
		{C5C408AE-A272-4C33-B967-0D99A366B913}.Release|Any CPU.Build.0 = Release|Any CPU
	EndGlobalSection
	GlobalSection(SolutionProperties) = preSolution
		HideSolutionNode = FALSE
	EndGlobalSection
	GlobalSection(ExtensibilityGlobals) = postSolution
		SolutionGuid = {809A831E-7B31-40E0-840B-2CBB85A1A5D2}
	EndGlobalSection
EndGlobal
