
Microsoft Visual Studio Solution File, Format Version 12.00
# Visual Studio Version 17
VisualStudioVersion = 17.3.32825.248
MinimumVisualStudioVersion = 10.0.40219.1
Project("{FAE04EC0-301F-11D3-BF4B-00C04F79EFBC}") = "add_after_list", "add_after_list\add_after_list.csproj", "{B9606C7A-1F0F-4C30-8CAA-7834FFD6C171}"
EndProject
Global
	GlobalSection(SolutionConfigurationPlatforms) = preSolution
		Debug|Any CPU = Debug|Any CPU
		Release|Any CPU = Release|Any CPU
	EndGlobalSection
	GlobalSection(ProjectConfigurationPlatforms) = postSolution
		{B9606C7A-1F0F-4C30-8CAA-7834FFD6C171}.Debug|Any CPU.ActiveCfg = Debug|Any CPU
		{B9606C7A-1F0F-4C30-8CAA-7834FFD6C171}.Debug|Any CPU.Build.0 = Debug|Any CPU
		{B9606C7A-1F0F-4C30-8CAA-7834FFD6C171}.Release|Any CPU.ActiveCfg = Release|Any CPU
		{B9606C7A-1F0F-4C30-8CAA-7834FFD6C171}.Release|Any CPU.Build.0 = Release|Any CPU
	EndGlobalSection
	GlobalSection(SolutionProperties) = preSolution
		HideSolutionNode = FALSE
	EndGlobalSection
	GlobalSection(ExtensibilityGlobals) = postSolution
		SolutionGuid = {B8ABA160-62AB-4A18-9075-FD9792EA58C6}
	EndGlobalSection
EndGlobal
