
Microsoft Visual Studio Solution File, Format Version 12.00
# Visual Studio Version 17
VisualStudioVersion = 17.3.32825.248
MinimumVisualStudioVersion = 10.0.40219.1
Project("{FAE04EC0-301F-11D3-BF4B-00C04F79EFBC}") = "számolás5", "számolás5\számolás5.csproj", "{37E4639D-DFAA-4D17-A6E2-1E8EAE9F45ED}"
EndProject
Global
	GlobalSection(SolutionConfigurationPlatforms) = preSolution
		Debug|Any CPU = Debug|Any CPU
		Release|Any CPU = Release|Any CPU
	EndGlobalSection
	GlobalSection(ProjectConfigurationPlatforms) = postSolution
		{37E4639D-DFAA-4D17-A6E2-1E8EAE9F45ED}.Debug|Any CPU.ActiveCfg = Debug|Any CPU
		{37E4639D-DFAA-4D17-A6E2-1E8EAE9F45ED}.Debug|Any CPU.Build.0 = Debug|Any CPU
		{37E4639D-DFAA-4D17-A6E2-1E8EAE9F45ED}.Release|Any CPU.ActiveCfg = Release|Any CPU
		{37E4639D-DFAA-4D17-A6E2-1E8EAE9F45ED}.Release|Any CPU.Build.0 = Release|Any CPU
	EndGlobalSection
	GlobalSection(SolutionProperties) = preSolution
		HideSolutionNode = FALSE
	EndGlobalSection
	GlobalSection(ExtensibilityGlobals) = postSolution
		SolutionGuid = {5F72E6D1-0055-4A5C-88DE-DF0C926FA50F}
	EndGlobalSection
EndGlobal
