
Microsoft Visual Studio Solution File, Format Version 12.00
# Visual Studio Version 17
VisualStudioVersion = 17.3.32825.248
MinimumVisualStudioVersion = 10.0.40219.1
Project("{FAE04EC0-301F-11D3-BF4B-00C04F79EFBC}") = "lista1", "lista1\lista1.csproj", "{DDB74A5A-C88D-4FD2-A2B7-E6EFA6ECA182}"
EndProject
Global
	GlobalSection(SolutionConfigurationPlatforms) = preSolution
		Debug|Any CPU = Debug|Any CPU
		Release|Any CPU = Release|Any CPU
	EndGlobalSection
	GlobalSection(ProjectConfigurationPlatforms) = postSolution
		{DDB74A5A-C88D-4FD2-A2B7-E6EFA6ECA182}.Debug|Any CPU.ActiveCfg = Debug|Any CPU
		{DDB74A5A-C88D-4FD2-A2B7-E6EFA6ECA182}.Debug|Any CPU.Build.0 = Debug|Any CPU
		{DDB74A5A-C88D-4FD2-A2B7-E6EFA6ECA182}.Release|Any CPU.ActiveCfg = Release|Any CPU
		{DDB74A5A-C88D-4FD2-A2B7-E6EFA6ECA182}.Release|Any CPU.Build.0 = Release|Any CPU
	EndGlobalSection
	GlobalSection(SolutionProperties) = preSolution
		HideSolutionNode = FALSE
	EndGlobalSection
	GlobalSection(ExtensibilityGlobals) = postSolution
		SolutionGuid = {FFE3F548-AC83-4E59-8A3A-3982252F4834}
	EndGlobalSection
EndGlobal
