
Microsoft Visual Studio Solution File, Format Version 12.00
# Visual Studio Version 17
VisualStudioVersion = 17.3.32825.248
MinimumVisualStudioVersion = 10.0.40219.1
Project("{FAE04EC0-301F-11D3-BF4B-00C04F79EFBC}") = "math_osztaly", "math_osztaly\math_osztaly.csproj", "{B35033E4-3571-4962-9E51-5F65951EB24B}"
EndProject
Global
	GlobalSection(SolutionConfigurationPlatforms) = preSolution
		Debug|Any CPU = Debug|Any CPU
		Release|Any CPU = Release|Any CPU
	EndGlobalSection
	GlobalSection(ProjectConfigurationPlatforms) = postSolution
		{B35033E4-3571-4962-9E51-5F65951EB24B}.Debug|Any CPU.ActiveCfg = Debug|Any CPU
		{B35033E4-3571-4962-9E51-5F65951EB24B}.Debug|Any CPU.Build.0 = Debug|Any CPU
		{B35033E4-3571-4962-9E51-5F65951EB24B}.Release|Any CPU.ActiveCfg = Release|Any CPU
		{B35033E4-3571-4962-9E51-5F65951EB24B}.Release|Any CPU.Build.0 = Release|Any CPU
	EndGlobalSection
	GlobalSection(SolutionProperties) = preSolution
		HideSolutionNode = FALSE
	EndGlobalSection
	GlobalSection(ExtensibilityGlobals) = postSolution
		SolutionGuid = {C6BA1583-D445-4822-AF32-98DC727522C6}
	EndGlobalSection
EndGlobal
