
Microsoft Visual Studio Solution File, Format Version 12.00
# Visual Studio Version 17
VisualStudioVersion = 17.3.32825.248
MinimumVisualStudioVersion = 10.0.40219.1
Project("{FAE04EC0-301F-11D3-BF4B-00C04F79EFBC}") = "billkezeles", "billkezeles\billkezeles.csproj", "{009F8B36-62BD-4392-9517-1BB8191A0DDC}"
EndProject
Global
	GlobalSection(SolutionConfigurationPlatforms) = preSolution
		Debug|Any CPU = Debug|Any CPU
		Release|Any CPU = Release|Any CPU
	EndGlobalSection
	GlobalSection(ProjectConfigurationPlatforms) = postSolution
		{009F8B36-62BD-4392-9517-1BB8191A0DDC}.Debug|Any CPU.ActiveCfg = Debug|Any CPU
		{009F8B36-62BD-4392-9517-1BB8191A0DDC}.Debug|Any CPU.Build.0 = Debug|Any CPU
		{009F8B36-62BD-4392-9517-1BB8191A0DDC}.Release|Any CPU.ActiveCfg = Release|Any CPU
		{009F8B36-62BD-4392-9517-1BB8191A0DDC}.Release|Any CPU.Build.0 = Release|Any CPU
	EndGlobalSection
	GlobalSection(SolutionProperties) = preSolution
		HideSolutionNode = FALSE
	EndGlobalSection
	GlobalSection(ExtensibilityGlobals) = postSolution
		SolutionGuid = {5C6C5589-AF38-422C-BE99-E841C2BC1039}
	EndGlobalSection
EndGlobal
