
Microsoft Visual Studio Solution File, Format Version 12.00
# Visual Studio Version 17
VisualStudioVersion = 17.3.32825.248
MinimumVisualStudioVersion = 10.0.40219.1
Project("{FAE04EC0-301F-11D3-BF4B-00C04F79EFBC}") = "osszegzes", "osszegzes\osszegzes.csproj", "{6809CBF1-5D0C-456E-8392-51D6492CDE0C}"
EndProject
Global
	GlobalSection(SolutionConfigurationPlatforms) = preSolution
		Debug|Any CPU = Debug|Any CPU
		Release|Any CPU = Release|Any CPU
	EndGlobalSection
	GlobalSection(ProjectConfigurationPlatforms) = postSolution
		{6809CBF1-5D0C-456E-8392-51D6492CDE0C}.Debug|Any CPU.ActiveCfg = Debug|Any CPU
		{6809CBF1-5D0C-456E-8392-51D6492CDE0C}.Debug|Any CPU.Build.0 = Debug|Any CPU
		{6809CBF1-5D0C-456E-8392-51D6492CDE0C}.Release|Any CPU.ActiveCfg = Release|Any CPU
		{6809CBF1-5D0C-456E-8392-51D6492CDE0C}.Release|Any CPU.Build.0 = Release|Any CPU
	EndGlobalSection
	GlobalSection(SolutionProperties) = preSolution
		HideSolutionNode = FALSE
	EndGlobalSection
	GlobalSection(ExtensibilityGlobals) = postSolution
		SolutionGuid = {FFD7FE9B-200D-4FA6-B6F4-5F4D98475A28}
	EndGlobalSection
EndGlobal
