
Microsoft Visual Studio Solution File, Format Version 12.00
# Visual Studio Version 17
VisualStudioVersion = 17.3.32825.248
MinimumVisualStudioVersion = 10.0.40219.1
Project("{FAE04EC0-301F-11D3-BF4B-00C04F79EFBC}") = "versenykiv", "versenykiv\versenykiv.csproj", "{D691BD17-96E1-4C27-BAA5-5AA10596F3DE}"
EndProject
Global
	GlobalSection(SolutionConfigurationPlatforms) = preSolution
		Debug|Any CPU = Debug|Any CPU
		Release|Any CPU = Release|Any CPU
	EndGlobalSection
	GlobalSection(ProjectConfigurationPlatforms) = postSolution
		{D691BD17-96E1-4C27-BAA5-5AA10596F3DE}.Debug|Any CPU.ActiveCfg = Debug|Any CPU
		{D691BD17-96E1-4C27-BAA5-5AA10596F3DE}.Debug|Any CPU.Build.0 = Debug|Any CPU
		{D691BD17-96E1-4C27-BAA5-5AA10596F3DE}.Release|Any CPU.ActiveCfg = Release|Any CPU
		{D691BD17-96E1-4C27-BAA5-5AA10596F3DE}.Release|Any CPU.Build.0 = Release|Any CPU
	EndGlobalSection
	GlobalSection(SolutionProperties) = preSolution
		HideSolutionNode = FALSE
	EndGlobalSection
	GlobalSection(ExtensibilityGlobals) = postSolution
		SolutionGuid = {F91228FB-C9F7-431F-94B6-4980D44DDF48}
	EndGlobalSection
EndGlobal
