
Microsoft Visual Studio Solution File, Format Version 12.00
# Visual Studio Version 17
VisualStudioVersion = 17.3.32825.248
MinimumVisualStudioVersion = 10.0.40219.1
Project("{FAE04EC0-301F-11D3-BF4B-00C04F79EFBC}") = "szétválaszt", "szétválaszt\szétválaszt.csproj", "{B9EEF76B-E789-4ADB-90E5-B692B18A198F}"
EndProject
Global
	GlobalSection(SolutionConfigurationPlatforms) = preSolution
		Debug|Any CPU = Debug|Any CPU
		Release|Any CPU = Release|Any CPU
	EndGlobalSection
	GlobalSection(ProjectConfigurationPlatforms) = postSolution
		{B9EEF76B-E789-4ADB-90E5-B692B18A198F}.Debug|Any CPU.ActiveCfg = Debug|Any CPU
		{B9EEF76B-E789-4ADB-90E5-B692B18A198F}.Debug|Any CPU.Build.0 = Debug|Any CPU
		{B9EEF76B-E789-4ADB-90E5-B692B18A198F}.Release|Any CPU.ActiveCfg = Release|Any CPU
		{B9EEF76B-E789-4ADB-90E5-B692B18A198F}.Release|Any CPU.Build.0 = Release|Any CPU
	EndGlobalSection
	GlobalSection(SolutionProperties) = preSolution
		HideSolutionNode = FALSE
	EndGlobalSection
	GlobalSection(ExtensibilityGlobals) = postSolution
		SolutionGuid = {038488E2-AB27-4CA8-8924-B540DBE8F2E4}
	EndGlobalSection
EndGlobal
