
Microsoft Visual Studio Solution File, Format Version 12.00
# Visual Studio Version 17
VisualStudioVersion = 17.3.32825.248
MinimumVisualStudioVersion = 10.0.40219.1
Project("{FAE04EC0-301F-11D3-BF4B-00C04F79EFBC}") = "osszegzes", "osszegzes.csproj", "{3F4038CE-6ED9-4BD9-B08D-328D53FDB19B}"
EndProject
Global
	GlobalSection(SolutionConfigurationPlatforms) = preSolution
		Debug|Any CPU = Debug|Any CPU
		Release|Any CPU = Release|Any CPU
	EndGlobalSection
	GlobalSection(ProjectConfigurationPlatforms) = postSolution
		{3F4038CE-6ED9-4BD9-B08D-328D53FDB19B}.Debug|Any CPU.ActiveCfg = Debug|Any CPU
		{3F4038CE-6ED9-4BD9-B08D-328D53FDB19B}.Debug|Any CPU.Build.0 = Debug|Any CPU
		{3F4038CE-6ED9-4BD9-B08D-328D53FDB19B}.Release|Any CPU.ActiveCfg = Release|Any CPU
		{3F4038CE-6ED9-4BD9-B08D-328D53FDB19B}.Release|Any CPU.Build.0 = Release|Any CPU
	EndGlobalSection
	GlobalSection(SolutionProperties) = preSolution
		HideSolutionNode = FALSE
	EndGlobalSection
	GlobalSection(ExtensibilityGlobals) = postSolution
		SolutionGuid = {0E0C56CD-CA17-48A7-A4D4-C59C44B0ACDE}
	EndGlobalSection
EndGlobal
