
Microsoft Visual Studio Solution File, Format Version 12.00
# Visual Studio Version 16
VisualStudioVersion = 16.0.32126.315
MinimumVisualStudioVersion = 10.0.40219.1
Project("{FAE04EC0-301F-11D3-BF4B-00C04F79EFBC}") = "lancolt_lista", "lancolt_lista\lancolt_lista.csproj", "{EA83637F-2E42-4885-B214-32888D5644C2}"
EndProject
Global
	GlobalSection(SolutionConfigurationPlatforms) = preSolution
		Debug|Any CPU = Debug|Any CPU
		Release|Any CPU = Release|Any CPU
	EndGlobalSection
	GlobalSection(ProjectConfigurationPlatforms) = postSolution
		{EA83637F-2E42-4885-B214-32888D5644C2}.Debug|Any CPU.ActiveCfg = Debug|Any CPU
		{EA83637F-2E42-4885-B214-32888D5644C2}.Debug|Any CPU.Build.0 = Debug|Any CPU
		{EA83637F-2E42-4885-B214-32888D5644C2}.Release|Any CPU.ActiveCfg = Release|Any CPU
		{EA83637F-2E42-4885-B214-32888D5644C2}.Release|Any CPU.Build.0 = Release|Any CPU
	EndGlobalSection
	GlobalSection(SolutionProperties) = preSolution
		HideSolutionNode = FALSE
	EndGlobalSection
	GlobalSection(ExtensibilityGlobals) = postSolution
		SolutionGuid = {11AE06D5-E845-483B-9AD2-0DA02E7654E5}
	EndGlobalSection
EndGlobal
