
Microsoft Visual Studio Solution File, Format Version 12.00
# Visual Studio Version 17
VisualStudioVersion = 17.3.32825.248
MinimumVisualStudioVersion = 10.0.40219.1
Project("{FAE04EC0-301F-11D3-BF4B-00C04F79EFBC}") = "pass2", "pass2\pass2.csproj", "{337BAD46-412D-4E28-8CF5-CC0C95F095C9}"
EndProject
Global
	GlobalSection(SolutionConfigurationPlatforms) = preSolution
		Debug|Any CPU = Debug|Any CPU
		Release|Any CPU = Release|Any CPU
	EndGlobalSection
	GlobalSection(ProjectConfigurationPlatforms) = postSolution
		{337BAD46-412D-4E28-8CF5-CC0C95F095C9}.Debug|Any CPU.ActiveCfg = Debug|Any CPU
		{337BAD46-412D-4E28-8CF5-CC0C95F095C9}.Debug|Any CPU.Build.0 = Debug|Any CPU
		{337BAD46-412D-4E28-8CF5-CC0C95F095C9}.Release|Any CPU.ActiveCfg = Release|Any CPU
		{337BAD46-412D-4E28-8CF5-CC0C95F095C9}.Release|Any CPU.Build.0 = Release|Any CPU
	EndGlobalSection
	GlobalSection(SolutionProperties) = preSolution
		HideSolutionNode = FALSE
	EndGlobalSection
	GlobalSection(ExtensibilityGlobals) = postSolution
		SolutionGuid = {EA090EB2-CD92-4C45-87C3-66030DCB0E1D}
	EndGlobalSection
EndGlobal
