
Microsoft Visual Studio Solution File, Format Version 12.00
# Visual Studio Version 17
VisualStudioVersion = 17.3.32825.248
MinimumVisualStudioVersion = 10.0.40219.1
Project("{FAE04EC0-301F-11D3-BF4B-00C04F79EFBC}") = "lista_remove", "lista_remove\lista_remove.csproj", "{4777466A-A96F-4B8E-B6C1-476C0383B711}"
EndProject
Global
	GlobalSection(SolutionConfigurationPlatforms) = preSolution
		Debug|Any CPU = Debug|Any CPU
		Release|Any CPU = Release|Any CPU
	EndGlobalSection
	GlobalSection(ProjectConfigurationPlatforms) = postSolution
		{4777466A-A96F-4B8E-B6C1-476C0383B711}.Debug|Any CPU.ActiveCfg = Debug|Any CPU
		{4777466A-A96F-4B8E-B6C1-476C0383B711}.Debug|Any CPU.Build.0 = Debug|Any CPU
		{4777466A-A96F-4B8E-B6C1-476C0383B711}.Release|Any CPU.ActiveCfg = Release|Any CPU
		{4777466A-A96F-4B8E-B6C1-476C0383B711}.Release|Any CPU.Build.0 = Release|Any CPU
	EndGlobalSection
	GlobalSection(SolutionProperties) = preSolution
		HideSolutionNode = FALSE
	EndGlobalSection
	GlobalSection(ExtensibilityGlobals) = postSolution
		SolutionGuid = {4C93F66A-BE81-4C34-B391-14BADC17DCF0}
	EndGlobalSection
EndGlobal
