
Microsoft Visual Studio Solution File, Format Version 12.00
# Visual Studio Version 17
VisualStudioVersion = 17.3.32825.248
MinimumVisualStudioVersion = 10.0.40219.1
Project("{FAE04EC0-301F-11D3-BF4B-00C04F79EFBC}") = "rekurviz_nemes", "rekurviz_nemes\rekurviz_nemes.csproj", "{96183D38-78D6-44CF-862A-1667BE95F20A}"
EndProject
Global
	GlobalSection(SolutionConfigurationPlatforms) = preSolution
		Debug|Any CPU = Debug|Any CPU
		Release|Any CPU = Release|Any CPU
	EndGlobalSection
	GlobalSection(ProjectConfigurationPlatforms) = postSolution
		{96183D38-78D6-44CF-862A-1667BE95F20A}.Debug|Any CPU.ActiveCfg = Debug|Any CPU
		{96183D38-78D6-44CF-862A-1667BE95F20A}.Debug|Any CPU.Build.0 = Debug|Any CPU
		{96183D38-78D6-44CF-862A-1667BE95F20A}.Release|Any CPU.ActiveCfg = Release|Any CPU
		{96183D38-78D6-44CF-862A-1667BE95F20A}.Release|Any CPU.Build.0 = Release|Any CPU
	EndGlobalSection
	GlobalSection(SolutionProperties) = preSolution
		HideSolutionNode = FALSE
	EndGlobalSection
	GlobalSection(ExtensibilityGlobals) = postSolution
		SolutionGuid = {849983AC-716D-4EA4-BC8C-3E306B88F232}
	EndGlobalSection
EndGlobal
