
Microsoft Visual Studio Solution File, Format Version 12.00
# Visual Studio Version 17
VisualStudioVersion = 17.3.32825.248
MinimumVisualStudioVersion = 10.0.40219.1
Project("{FAE04EC0-301F-11D3-BF4B-00C04F79EFBC}") = "bub_rend_2023.I.12", "bub_rend_2023.I.12.\bub_rend_2023.I.12.csproj", "{C19A7F12-EB95-4625-868E-1FCCAE9CCE6A}"
EndProject
Global
	GlobalSection(SolutionConfigurationPlatforms) = preSolution
		Debug|Any CPU = Debug|Any CPU
		Release|Any CPU = Release|Any CPU
	EndGlobalSection
	GlobalSection(ProjectConfigurationPlatforms) = postSolution
		{C19A7F12-EB95-4625-868E-1FCCAE9CCE6A}.Debug|Any CPU.ActiveCfg = Debug|Any CPU
		{C19A7F12-EB95-4625-868E-1FCCAE9CCE6A}.Debug|Any CPU.Build.0 = Debug|Any CPU
		{C19A7F12-EB95-4625-868E-1FCCAE9CCE6A}.Release|Any CPU.ActiveCfg = Release|Any CPU
		{C19A7F12-EB95-4625-868E-1FCCAE9CCE6A}.Release|Any CPU.Build.0 = Release|Any CPU
	EndGlobalSection
	GlobalSection(SolutionProperties) = preSolution
		HideSolutionNode = FALSE
	EndGlobalSection
	GlobalSection(ExtensibilityGlobals) = postSolution
		SolutionGuid = {D480BA8D-2405-4F76-85E7-99992D35A77B}
	EndGlobalSection
EndGlobal
