
Microsoft Visual Studio Solution File, Format Version 12.00
# Visual Studio Version 17
VisualStudioVersion = 17.3.32825.248
MinimumVisualStudioVersion = 10.0.40219.1
Project("{FAE04EC0-301F-11D3-BF4B-00C04F79EFBC}") = "enum", "enum\enum.csproj", "{C4112263-53F8-4D07-822A-C8882F4FB404}"
EndProject
Global
	GlobalSection(SolutionConfigurationPlatforms) = preSolution
		Debug|Any CPU = Debug|Any CPU
		Release|Any CPU = Release|Any CPU
	EndGlobalSection
	GlobalSection(ProjectConfigurationPlatforms) = postSolution
		{C4112263-53F8-4D07-822A-C8882F4FB404}.Debug|Any CPU.ActiveCfg = Debug|Any CPU
		{C4112263-53F8-4D07-822A-C8882F4FB404}.Debug|Any CPU.Build.0 = Debug|Any CPU
		{C4112263-53F8-4D07-822A-C8882F4FB404}.Release|Any CPU.ActiveCfg = Release|Any CPU
		{C4112263-53F8-4D07-822A-C8882F4FB404}.Release|Any CPU.Build.0 = Release|Any CPU
	EndGlobalSection
	GlobalSection(SolutionProperties) = preSolution
		HideSolutionNode = FALSE
	EndGlobalSection
	GlobalSection(ExtensibilityGlobals) = postSolution
		SolutionGuid = {4BCD13FB-FF2B-49AB-863A-CD621FE0CC7D}
	EndGlobalSection
EndGlobal
