
Microsoft Visual Studio Solution File, Format Version 12.00
# Visual Studio Version 17
VisualStudioVersion = 17.3.32825.248
MinimumVisualStudioVersion = 10.0.40219.1
Project("{FAE04EC0-301F-11D3-BF4B-00C04F79EFBC}") = "buborekos", "buborekos\buborekos.csproj", "{61F0840F-758D-4063-88E7-83FFE6DBE923}"
EndProject
Global
	GlobalSection(SolutionConfigurationPlatforms) = preSolution
		Debug|Any CPU = Debug|Any CPU
		Release|Any CPU = Release|Any CPU
	EndGlobalSection
	GlobalSection(ProjectConfigurationPlatforms) = postSolution
		{61F0840F-758D-4063-88E7-83FFE6DBE923}.Debug|Any CPU.ActiveCfg = Debug|Any CPU
		{61F0840F-758D-4063-88E7-83FFE6DBE923}.Debug|Any CPU.Build.0 = Debug|Any CPU
		{61F0840F-758D-4063-88E7-83FFE6DBE923}.Release|Any CPU.ActiveCfg = Release|Any CPU
		{61F0840F-758D-4063-88E7-83FFE6DBE923}.Release|Any CPU.Build.0 = Release|Any CPU
	EndGlobalSection
	GlobalSection(SolutionProperties) = preSolution
		HideSolutionNode = FALSE
	EndGlobalSection
	GlobalSection(ExtensibilityGlobals) = postSolution
		SolutionGuid = {3317448B-D5E3-4F1C-9947-1F808F29588C}
	EndGlobalSection
EndGlobal
