
Microsoft Visual Studio Solution File, Format Version 12.00
# Visual Studio Version 17
VisualStudioVersion = 17.3.32825.248
MinimumVisualStudioVersion = 10.0.40219.1
Project("{FAE04EC0-301F-11D3-BF4B-00C04F79EFBC}") = "refmas", "refmas\refmas.csproj", "{E6E44EF4-E5E2-4E60-8EA6-1E3176F1C57C}"
EndProject
Global
	GlobalSection(SolutionConfigurationPlatforms) = preSolution
		Debug|Any CPU = Debug|Any CPU
		Release|Any CPU = Release|Any CPU
	EndGlobalSection
	GlobalSection(ProjectConfigurationPlatforms) = postSolution
		{E6E44EF4-E5E2-4E60-8EA6-1E3176F1C57C}.Debug|Any CPU.ActiveCfg = Debug|Any CPU
		{E6E44EF4-E5E2-4E60-8EA6-1E3176F1C57C}.Debug|Any CPU.Build.0 = Debug|Any CPU
		{E6E44EF4-E5E2-4E60-8EA6-1E3176F1C57C}.Release|Any CPU.ActiveCfg = Release|Any CPU
		{E6E44EF4-E5E2-4E60-8EA6-1E3176F1C57C}.Release|Any CPU.Build.0 = Release|Any CPU
	EndGlobalSection
	GlobalSection(SolutionProperties) = preSolution
		HideSolutionNode = FALSE
	EndGlobalSection
	GlobalSection(ExtensibilityGlobals) = postSolution
		SolutionGuid = {F9F5C59A-E24F-4646-8F53-8A89A02F103A}
	EndGlobalSection
EndGlobal
