
Microsoft Visual Studio Solution File, Format Version 12.00
# Visual Studio Version 17
VisualStudioVersion = 17.3.32825.248
MinimumVisualStudioVersion = 10.0.40219.1
Project("{FAE04EC0-301F-11D3-BF4B-00C04F79EFBC}") = "halmazok_intersectwith", "halmazok_intersectwith\halmazok_intersectwith.csproj", "{C153B3D2-7BB8-4A00-B9E4-B951DD8184D3}"
EndProject
Global
	GlobalSection(SolutionConfigurationPlatforms) = preSolution
		Debug|Any CPU = Debug|Any CPU
		Release|Any CPU = Release|Any CPU
	EndGlobalSection
	GlobalSection(ProjectConfigurationPlatforms) = postSolution
		{C153B3D2-7BB8-4A00-B9E4-B951DD8184D3}.Debug|Any CPU.ActiveCfg = Debug|Any CPU
		{C153B3D2-7BB8-4A00-B9E4-B951DD8184D3}.Debug|Any CPU.Build.0 = Debug|Any CPU
		{C153B3D2-7BB8-4A00-B9E4-B951DD8184D3}.Release|Any CPU.ActiveCfg = Release|Any CPU
		{C153B3D2-7BB8-4A00-B9E4-B951DD8184D3}.Release|Any CPU.Build.0 = Release|Any CPU
	EndGlobalSection
	GlobalSection(SolutionProperties) = preSolution
		HideSolutionNode = FALSE
	EndGlobalSection
	GlobalSection(ExtensibilityGlobals) = postSolution
		SolutionGuid = {8EE67929-5EC7-4105-B3F8-61A466F89C2A}
	EndGlobalSection
EndGlobal
