
Microsoft Visual Studio Solution File, Format Version 12.00
# Visual Studio Version 17
VisualStudioVersion = 17.3.32825.248
MinimumVisualStudioVersion = 10.0.40219.1
Project("{FAE04EC0-301F-11D3-BF4B-00C04F79EFBC}") = "futoverseny", "futoverseny\futoverseny.csproj", "{87958AA0-D066-40F5-9BEB-41B67BE07F9F}"
EndProject
Global
	GlobalSection(SolutionConfigurationPlatforms) = preSolution
		Debug|Any CPU = Debug|Any CPU
		Release|Any CPU = Release|Any CPU
	EndGlobalSection
	GlobalSection(ProjectConfigurationPlatforms) = postSolution
		{87958AA0-D066-40F5-9BEB-41B67BE07F9F}.Debug|Any CPU.ActiveCfg = Debug|Any CPU
		{87958AA0-D066-40F5-9BEB-41B67BE07F9F}.Debug|Any CPU.Build.0 = Debug|Any CPU
		{87958AA0-D066-40F5-9BEB-41B67BE07F9F}.Release|Any CPU.ActiveCfg = Release|Any CPU
		{87958AA0-D066-40F5-9BEB-41B67BE07F9F}.Release|Any CPU.Build.0 = Release|Any CPU
	EndGlobalSection
	GlobalSection(SolutionProperties) = preSolution
		HideSolutionNode = FALSE
	EndGlobalSection
	GlobalSection(ExtensibilityGlobals) = postSolution
		SolutionGuid = {E754861C-E628-4E42-8637-A070CBC55822}
	EndGlobalSection
EndGlobal
