
Microsoft Visual Studio Solution File, Format Version 12.00
# Visual Studio Version 17
VisualStudioVersion = 17.3.32825.248
MinimumVisualStudioVersion = 10.0.40219.1
Project("{FAE04EC0-301F-11D3-BF4B-00C04F79EFBC}") = "kivalasztas_pelda", "kivalasztas_pelda\kivalasztas_pelda.csproj", "{F7EBC5DB-6F46-4DF2-ACC2-45FFDFF0DE77}"
EndProject
Global
	GlobalSection(SolutionConfigurationPlatforms) = preSolution
		Debug|Any CPU = Debug|Any CPU
		Release|Any CPU = Release|Any CPU
	EndGlobalSection
	GlobalSection(ProjectConfigurationPlatforms) = postSolution
		{F7EBC5DB-6F46-4DF2-ACC2-45FFDFF0DE77}.Debug|Any CPU.ActiveCfg = Debug|Any CPU
		{F7EBC5DB-6F46-4DF2-ACC2-45FFDFF0DE77}.Debug|Any CPU.Build.0 = Debug|Any CPU
		{F7EBC5DB-6F46-4DF2-ACC2-45FFDFF0DE77}.Release|Any CPU.ActiveCfg = Release|Any CPU
		{F7EBC5DB-6F46-4DF2-ACC2-45FFDFF0DE77}.Release|Any CPU.Build.0 = Release|Any CPU
	EndGlobalSection
	GlobalSection(SolutionProperties) = preSolution
		HideSolutionNode = FALSE
	EndGlobalSection
	GlobalSection(ExtensibilityGlobals) = postSolution
		SolutionGuid = {03B1441E-2A5E-45D8-80EE-6D7C284A8531}
	EndGlobalSection
EndGlobal
