
Microsoft Visual Studio Solution File, Format Version 12.00
# Visual Studio Version 17
VisualStudioVersion = 17.3.32825.248
MinimumVisualStudioVersion = 10.0.40219.1
Project("{FAE04EC0-301F-11D3-BF4B-00C04F79EFBC}") = "rekurzio_nemes", "rekurzio_nemes\rekurzio_nemes.csproj", "{BD69799B-DB74-425F-9C90-F1CD3FA6214D}"
EndProject
Global
	GlobalSection(SolutionConfigurationPlatforms) = preSolution
		Debug|Any CPU = Debug|Any CPU
		Release|Any CPU = Release|Any CPU
	EndGlobalSection
	GlobalSection(ProjectConfigurationPlatforms) = postSolution
		{BD69799B-DB74-425F-9C90-F1CD3FA6214D}.Debug|Any CPU.ActiveCfg = Debug|Any CPU
		{BD69799B-DB74-425F-9C90-F1CD3FA6214D}.Debug|Any CPU.Build.0 = Debug|Any CPU
		{BD69799B-DB74-425F-9C90-F1CD3FA6214D}.Release|Any CPU.ActiveCfg = Release|Any CPU
		{BD69799B-DB74-425F-9C90-F1CD3FA6214D}.Release|Any CPU.Build.0 = Release|Any CPU
	EndGlobalSection
	GlobalSection(SolutionProperties) = preSolution
		HideSolutionNode = FALSE
	EndGlobalSection
	GlobalSection(ExtensibilityGlobals) = postSolution
		SolutionGuid = {C783CC81-A9D1-454F-A534-58207F57EFBC}
	EndGlobalSection
EndGlobal
