
Microsoft Visual Studio Solution File, Format Version 12.00
# Visual Studio Version 17
VisualStudioVersion = 17.3.32825.248
MinimumVisualStudioVersion = 10.0.40219.1
Project("{FAE04EC0-301F-11D3-BF4B-00C04F79EFBC}") = "halmaz_excpetwidth", "halmaz_excpetwidth\halmaz_excpetwidth.csproj", "{69D31C15-E74D-461F-A901-DB0D2E27B875}"
EndProject
Global
	GlobalSection(SolutionConfigurationPlatforms) = preSolution
		Debug|Any CPU = Debug|Any CPU
		Release|Any CPU = Release|Any CPU
	EndGlobalSection
	GlobalSection(ProjectConfigurationPlatforms) = postSolution
		{69D31C15-E74D-461F-A901-DB0D2E27B875}.Debug|Any CPU.ActiveCfg = Debug|Any CPU
		{69D31C15-E74D-461F-A901-DB0D2E27B875}.Debug|Any CPU.Build.0 = Debug|Any CPU
		{69D31C15-E74D-461F-A901-DB0D2E27B875}.Release|Any CPU.ActiveCfg = Release|Any CPU
		{69D31C15-E74D-461F-A901-DB0D2E27B875}.Release|Any CPU.Build.0 = Release|Any CPU
	EndGlobalSection
	GlobalSection(SolutionProperties) = preSolution
		HideSolutionNode = FALSE
	EndGlobalSection
	GlobalSection(ExtensibilityGlobals) = postSolution
		SolutionGuid = {7242BC74-F110-44F1-AD98-5C8CCB42E069}
	EndGlobalSection
EndGlobal
