
Microsoft Visual Studio Solution File, Format Version 12.00
# Visual Studio Version 17
VisualStudioVersion = 17.3.32825.248
MinimumVisualStudioVersion = 10.0.40219.1
Project("{FAE04EC0-301F-11D3-BF4B-00C04F79EFBC}") = "switch", "switch\switch.csproj", "{40E79063-D8E8-4EDC-B91C-B9E3E74F06FF}"
EndProject
Global
	GlobalSection(SolutionConfigurationPlatforms) = preSolution
		Debug|Any CPU = Debug|Any CPU
		Release|Any CPU = Release|Any CPU
	EndGlobalSection
	GlobalSection(ProjectConfigurationPlatforms) = postSolution
		{40E79063-D8E8-4EDC-B91C-B9E3E74F06FF}.Debug|Any CPU.ActiveCfg = Debug|Any CPU
		{40E79063-D8E8-4EDC-B91C-B9E3E74F06FF}.Debug|Any CPU.Build.0 = Debug|Any CPU
		{40E79063-D8E8-4EDC-B91C-B9E3E74F06FF}.Release|Any CPU.ActiveCfg = Release|Any CPU
		{40E79063-D8E8-4EDC-B91C-B9E3E74F06FF}.Release|Any CPU.Build.0 = Release|Any CPU
	EndGlobalSection
	GlobalSection(SolutionProperties) = preSolution
		HideSolutionNode = FALSE
	EndGlobalSection
	GlobalSection(ExtensibilityGlobals) = postSolution
		SolutionGuid = {0BECF015-9DAD-4644-86BF-649879AD62AF}
	EndGlobalSection
EndGlobal
