
Microsoft Visual Studio Solution File, Format Version 12.00
# Visual Studio Version 17
VisualStudioVersion = 17.3.32825.248
MinimumVisualStudioVersion = 10.0.40219.1
Project("{FAE04EC0-301F-11D3-BF4B-00C04F79EFBC}") = "struktúra", "struktúra\struktúra.csproj", "{68A45081-BA6E-42FD-9B9A-54AB488FBA6D}"
EndProject
Global
	GlobalSection(SolutionConfigurationPlatforms) = preSolution
		Debug|Any CPU = Debug|Any CPU
		Release|Any CPU = Release|Any CPU
	EndGlobalSection
	GlobalSection(ProjectConfigurationPlatforms) = postSolution
		{68A45081-BA6E-42FD-9B9A-54AB488FBA6D}.Debug|Any CPU.ActiveCfg = Debug|Any CPU
		{68A45081-BA6E-42FD-9B9A-54AB488FBA6D}.Debug|Any CPU.Build.0 = Debug|Any CPU
		{68A45081-BA6E-42FD-9B9A-54AB488FBA6D}.Release|Any CPU.ActiveCfg = Release|Any CPU
		{68A45081-BA6E-42FD-9B9A-54AB488FBA6D}.Release|Any CPU.Build.0 = Release|Any CPU
	EndGlobalSection
	GlobalSection(SolutionProperties) = preSolution
		HideSolutionNode = FALSE
	EndGlobalSection
	GlobalSection(ExtensibilityGlobals) = postSolution
		SolutionGuid = {6DCA4321-E23B-4BBB-8B49-EA7B9DCF19FC}
	EndGlobalSection
EndGlobal
