
Microsoft Visual Studio Solution File, Format Version 12.00
# Visual Studio Version 17
VisualStudioVersion = 17.3.32901.215
MinimumVisualStudioVersion = 10.0.40219.1
Project("{FAE04EC0-301F-11D3-BF4B-00C04F79EFBC}") = "Mathhhh meow", "Mathhhh meow.csproj", "{131EE33E-5800-4889-A54B-83B99FB98168}"
EndProject
Global
	GlobalSection(SolutionConfigurationPlatforms) = preSolution
		Debug|Any CPU = Debug|Any CPU
		Release|Any CPU = Release|Any CPU
	EndGlobalSection
	GlobalSection(ProjectConfigurationPlatforms) = postSolution
		{131EE33E-5800-4889-A54B-83B99FB98168}.Debug|Any CPU.ActiveCfg = Debug|Any CPU
		{131EE33E-5800-4889-A54B-83B99FB98168}.Debug|Any CPU.Build.0 = Debug|Any CPU
		{131EE33E-5800-4889-A54B-83B99FB98168}.Release|Any CPU.ActiveCfg = Release|Any CPU
		{131EE33E-5800-4889-A54B-83B99FB98168}.Release|Any CPU.Build.0 = Release|Any CPU
	EndGlobalSection
	GlobalSection(SolutionProperties) = preSolution
		HideSolutionNode = FALSE
	EndGlobalSection
	GlobalSection(ExtensibilityGlobals) = postSolution
		SolutionGuid = {95F6945C-9826-4B53-9284-3BCBA60CD3A0}
	EndGlobalSection
EndGlobal
