
Microsoft Visual Studio Solution File, Format Version 12.00
# Visual Studio Version 17
VisualStudioVersion = 17.3.32825.248
MinimumVisualStudioVersion = 10.0.40219.1
Project("{FAE04EC0-301F-11D3-BF4B-00C04F79EFBC}") = "list_sort", "list_sort\list_sort.csproj", "{C46DDD69-C75B-42A1-AF8B-7BD4D013C711}"
EndProject
Global
	GlobalSection(SolutionConfigurationPlatforms) = preSolution
		Debug|Any CPU = Debug|Any CPU
		Release|Any CPU = Release|Any CPU
	EndGlobalSection
	GlobalSection(ProjectConfigurationPlatforms) = postSolution
		{C46DDD69-C75B-42A1-AF8B-7BD4D013C711}.Debug|Any CPU.ActiveCfg = Debug|Any CPU
		{C46DDD69-C75B-42A1-AF8B-7BD4D013C711}.Debug|Any CPU.Build.0 = Debug|Any CPU
		{C46DDD69-C75B-42A1-AF8B-7BD4D013C711}.Release|Any CPU.ActiveCfg = Release|Any CPU
		{C46DDD69-C75B-42A1-AF8B-7BD4D013C711}.Release|Any CPU.Build.0 = Release|Any CPU
	EndGlobalSection
	GlobalSection(SolutionProperties) = preSolution
		HideSolutionNode = FALSE
	EndGlobalSection
	GlobalSection(ExtensibilityGlobals) = postSolution
		SolutionGuid = {F8032072-C4B1-4830-BE86-E37E19E6AF98}
	EndGlobalSection
EndGlobal
