
Microsoft Visual Studio Solution File, Format Version 12.00
# Visual Studio Version 17
VisualStudioVersion = 17.3.32825.248
MinimumVisualStudioVersion = 10.0.40219.1
Project("{FAE04EC0-301F-11D3-BF4B-00C04F79EFBC}") = "sudokuCLI", "sudokuCLI\sudokuCLI.csproj", "{73F5CA16-3AF5-48D2-9DB6-EB4BEB26E134}"
EndProject
Global
	GlobalSection(SolutionConfigurationPlatforms) = preSolution
		Debug|Any CPU = Debug|Any CPU
		Release|Any CPU = Release|Any CPU
	EndGlobalSection
	GlobalSection(ProjectConfigurationPlatforms) = postSolution
		{73F5CA16-3AF5-48D2-9DB6-EB4BEB26E134}.Debug|Any CPU.ActiveCfg = Debug|Any CPU
		{73F5CA16-3AF5-48D2-9DB6-EB4BEB26E134}.Debug|Any CPU.Build.0 = Debug|Any CPU
		{73F5CA16-3AF5-48D2-9DB6-EB4BEB26E134}.Release|Any CPU.ActiveCfg = Release|Any CPU
		{73F5CA16-3AF5-48D2-9DB6-EB4BEB26E134}.Release|Any CPU.Build.0 = Release|Any CPU
	EndGlobalSection
	GlobalSection(SolutionProperties) = preSolution
		HideSolutionNode = FALSE
	EndGlobalSection
	GlobalSection(ExtensibilityGlobals) = postSolution
		SolutionGuid = {E8BBB2DE-908B-4A92-AB8D-1BAB62A03923}
	EndGlobalSection
EndGlobal
