
Microsoft Visual Studio Solution File, Format Version 12.00
# Visual Studio Version 17
VisualStudioVersion = 17.3.32825.248
MinimumVisualStudioVersion = 10.0.40219.1
Project("{FAE04EC0-301F-11D3-BF4B-00C04F79EFBC}") = "removeéas", "removeéas\removeéas.csproj", "{B89326FC-78C1-415F-92C5-56FDF1DAEF75}"
EndProject
Global
	GlobalSection(SolutionConfigurationPlatforms) = preSolution
		Debug|Any CPU = Debug|Any CPU
		Release|Any CPU = Release|Any CPU
	EndGlobalSection
	GlobalSection(ProjectConfigurationPlatforms) = postSolution
		{B89326FC-78C1-415F-92C5-56FDF1DAEF75}.Debug|Any CPU.ActiveCfg = Debug|Any CPU
		{B89326FC-78C1-415F-92C5-56FDF1DAEF75}.Debug|Any CPU.Build.0 = Debug|Any CPU
		{B89326FC-78C1-415F-92C5-56FDF1DAEF75}.Release|Any CPU.ActiveCfg = Release|Any CPU
		{B89326FC-78C1-415F-92C5-56FDF1DAEF75}.Release|Any CPU.Build.0 = Release|Any CPU
	EndGlobalSection
	GlobalSection(SolutionProperties) = preSolution
		HideSolutionNode = FALSE
	EndGlobalSection
	GlobalSection(ExtensibilityGlobals) = postSolution
		SolutionGuid = {5ADDCD22-4FCD-40B4-AB3E-55B4EE1EFE08}
	EndGlobalSection
EndGlobal
