
Microsoft Visual Studio Solution File, Format Version 12.00
# Visual Studio Version 17
VisualStudioVersion = 17.3.32825.248
MinimumVisualStudioVersion = 10.0.40219.1
Project("{FAE04EC0-301F-11D3-BF4B-00C04F79EFBC}") = "ref_paramater_atadas", "ref_paramater_atadas\ref_paramater_atadas.csproj", "{81C8D656-8E27-4192-A809-65D49F18600D}"
EndProject
Global
	GlobalSection(SolutionConfigurationPlatforms) = preSolution
		Debug|Any CPU = Debug|Any CPU
		Release|Any CPU = Release|Any CPU
	EndGlobalSection
	GlobalSection(ProjectConfigurationPlatforms) = postSolution
		{81C8D656-8E27-4192-A809-65D49F18600D}.Debug|Any CPU.ActiveCfg = Debug|Any CPU
		{81C8D656-8E27-4192-A809-65D49F18600D}.Debug|Any CPU.Build.0 = Debug|Any CPU
		{81C8D656-8E27-4192-A809-65D49F18600D}.Release|Any CPU.ActiveCfg = Release|Any CPU
		{81C8D656-8E27-4192-A809-65D49F18600D}.Release|Any CPU.Build.0 = Release|Any CPU
	EndGlobalSection
	GlobalSection(SolutionProperties) = preSolution
		HideSolutionNode = FALSE
	EndGlobalSection
	GlobalSection(ExtensibilityGlobals) = postSolution
		SolutionGuid = {E30C51EE-19DA-4D12-915A-1E9A598EA874}
	EndGlobalSection
EndGlobal
