
Microsoft Visual Studio Solution File, Format Version 12.00
# Visual Studio Version 16
VisualStudioVersion = 16.0.32126.315
MinimumVisualStudioVersion = 10.0.40219.1
Project("{FAE04EC0-301F-11D3-BF4B-00C04F79EFBC}") = "localdb_connection_sql", "localdb_connection_sql\localdb_connection_sql.csproj", "{69F9CE5D-5DD7-45D6-9C55-97D5F51A89EF}"
EndProject
Global
	GlobalSection(SolutionConfigurationPlatforms) = preSolution
		Debug|Any CPU = Debug|Any CPU
		Release|Any CPU = Release|Any CPU
	EndGlobalSection
	GlobalSection(ProjectConfigurationPlatforms) = postSolution
		{69F9CE5D-5DD7-45D6-9C55-97D5F51A89EF}.Debug|Any CPU.ActiveCfg = Debug|Any CPU
		{69F9CE5D-5DD7-45D6-9C55-97D5F51A89EF}.Debug|Any CPU.Build.0 = Debug|Any CPU
		{69F9CE5D-5DD7-45D6-9C55-97D5F51A89EF}.Release|Any CPU.ActiveCfg = Release|Any CPU
		{69F9CE5D-5DD7-45D6-9C55-97D5F51A89EF}.Release|Any CPU.Build.0 = Release|Any CPU
	EndGlobalSection
	GlobalSection(SolutionProperties) = preSolution
		HideSolutionNode = FALSE
	EndGlobalSection
	GlobalSection(ExtensibilityGlobals) = postSolution
		SolutionGuid = {681D468F-AC2D-4DDB-8302-066FB9D63AC2}
	EndGlobalSection
EndGlobal
