
Microsoft Visual Studio Solution File, Format Version 12.00
# Visual Studio Version 17
VisualStudioVersion = 17.3.32825.248
MinimumVisualStudioVersion = 10.0.40219.1
Project("{FAE04EC0-301F-11D3-BF4B-00C04F79EFBC}") = "kivetel3", "kivetel3\kivetel3.csproj", "{7B6C71F0-2286-461E-AC8E-79C1911CEA9D}"
EndProject
Global
	GlobalSection(SolutionConfigurationPlatforms) = preSolution
		Debug|Any CPU = Debug|Any CPU
		Release|Any CPU = Release|Any CPU
	EndGlobalSection
	GlobalSection(ProjectConfigurationPlatforms) = postSolution
		{7B6C71F0-2286-461E-AC8E-79C1911CEA9D}.Debug|Any CPU.ActiveCfg = Debug|Any CPU
		{7B6C71F0-2286-461E-AC8E-79C1911CEA9D}.Debug|Any CPU.Build.0 = Debug|Any CPU
		{7B6C71F0-2286-461E-AC8E-79C1911CEA9D}.Release|Any CPU.ActiveCfg = Release|Any CPU
		{7B6C71F0-2286-461E-AC8E-79C1911CEA9D}.Release|Any CPU.Build.0 = Release|Any CPU
	EndGlobalSection
	GlobalSection(SolutionProperties) = preSolution
		HideSolutionNode = FALSE
	EndGlobalSection
	GlobalSection(ExtensibilityGlobals) = postSolution
		SolutionGuid = {FC74A53B-7729-49C8-BB8A-ED4549807F18}
	EndGlobalSection
EndGlobal
