
Microsoft Visual Studio Solution File, Format Version 12.00
# Visual Studio Version 17
VisualStudioVersion = 17.3.32825.248
MinimumVisualStudioVersion = 10.0.40219.1
Project("{FAE04EC0-301F-11D3-BF4B-00C04F79EFBC}") = "SudokuCLI", "SudokuCLI\SudokuCLI.csproj", "{AA180AC1-9B0C-41AE-8A28-387DB282EE55}"
EndProject
Global
	GlobalSection(SolutionConfigurationPlatforms) = preSolution
		Debug|Any CPU = Debug|Any CPU
		Release|Any CPU = Release|Any CPU
	EndGlobalSection
	GlobalSection(ProjectConfigurationPlatforms) = postSolution
		{AA180AC1-9B0C-41AE-8A28-387DB282EE55}.Debug|Any CPU.ActiveCfg = Debug|Any CPU
		{AA180AC1-9B0C-41AE-8A28-387DB282EE55}.Debug|Any CPU.Build.0 = Debug|Any CPU
		{AA180AC1-9B0C-41AE-8A28-387DB282EE55}.Release|Any CPU.ActiveCfg = Release|Any CPU
		{AA180AC1-9B0C-41AE-8A28-387DB282EE55}.Release|Any CPU.Build.0 = Release|Any CPU
	EndGlobalSection
	GlobalSection(SolutionProperties) = preSolution
		HideSolutionNode = FALSE
	EndGlobalSection
	GlobalSection(ExtensibilityGlobals) = postSolution
		SolutionGuid = {6CDE70DE-51DE-4850-974B-5F8DC8D5E180}
	EndGlobalSection
EndGlobal
